
Microsoft Visual Studio Solution File, Format Version 12.00
# Visual Studio Version 16
VisualStudioVersion = 16.0.29102.190
MinimumVisualStudioVersion = 10.0.40219.1
Project("{FAE04EC0-301F-11D3-BF4B-00C04F79EFBC}") = "UniversalUpc", "UniversalUpc\UniversalUpc.csproj", "{C4B60C66-BAC6-4CDD-A40C-6917B56A7889}"
EndProject
Project("{FAE04EC0-301F-11D3-BF4B-00C04F79EFBC}") = "ZXing.Net.Mobile.WindowsUniversal", "..\git\ZXing.Net.Mobile\Source\ZXing.Net.Mobile.WindowsUniversal\ZXing.Net.Mobile.WindowsUniversal.csproj", "{1B000BCA-4895-4ACF-A0C6-3ADF3A9BEDF2}"
EndProject
Project("{FAE04EC0-301F-11D3-BF4B-00C04F79EFBC}") = "ZXing.Net.Mobile.Core", "..\git\ZXing.Net.Mobile\Source\ZXing.Net.Mobile.Core\ZXing.Net.Mobile.Core.csproj", "{7528DD0A-1781-47F4-ADBF-EEDDB011F6BB}"
EndProject
Project("{FAE04EC0-301F-11D3-BF4B-00C04F79EFBC}") = "zxing.portable", "..\git\ZXing.Net.Mobile\Source\ZXing.Net\zxing.portable.csproj", "{24B441F2-CBE9-4405-9FD0-72EBCBEA0EC3}"
EndProject
Project("{FAE04EC0-301F-11D3-BF4B-00C04F79EFBC}") = "UpcSvc", "UpcSvc\UpcSvc.csproj", "{FEF590B4-EA5C-4B70-8C0C-0649625A6F70}"
EndProject
Project("{2150E333-8FDC-42A3-9474-1A3956D46DE8}") = "Liblets", "Liblets", "{E895430F-0EEF-4CBA-A423-71BAE04AC33C}"
EndProject
Project("{FAE04EC0-301F-11D3-BF4B-00C04F79EFBC}") = "Logging", "..\liblet\cs\TCore.Logging\Logging.csproj", "{EE681C45-8416-4DE7-9E62-AE1371A7DE9A}"
EndProject
Project("{2150E333-8FDC-42A3-9474-1A3956D46DE8}") = "Client", "Client", "{6430A3F6-293B-47DD-8348-CD45AB493E6D}"
EndProject
Project("{2150E333-8FDC-42A3-9474-1A3956D46DE8}") = "Server", "Server", "{4517830F-4898-40D5-8447-720D70EE8568}"
EndProject
Project("{FAE04EC0-301F-11D3-BF4B-00C04F79EFBC}") = "TCore.Logging(Universal)", "..\liblet\cs\TCore.Logging\TCore.Logging(Universal)\TCore.Logging(Universal).csproj", "{8CC42025-D8E2-4254-ACAF-4CAA05C1EF7F}"
EndProject
Project("{2150E333-8FDC-42A3-9474-1A3956D46DE8}") = "Libraries", "Libraries", "{BEB10E52-5010-496D-8082-8B96F4F03ECA}"
EndProject
Project("{FAE04EC0-301F-11D3-BF4B-00C04F79EFBC}") = "TCore.Scrappy", "..\liblet\cs\TCore.Scrappy\TCore.Scrappy.csproj", "{43787649-7722-45CB-886D-C5C5F78D473A}"
EndProject
Project("{FAE04EC0-301F-11D3-BF4B-00C04F79EFBC}") = "DroidUpc", "DroidUpc\DroidUpc.csproj", "{F42C5D83-D50D-499C-BF05-B73666D60D85}"
EndProject
Project("{FAE04EC0-301F-11D3-BF4B-00C04F79EFBC}") = "ZXing.Net.Mobile.Android", "..\git\ZXing.Net.Mobile\Source\ZXing.Net.Mobile.Android\ZXing.Net.Mobile.Android.csproj", "{AC17589E-C817-4FA8-B3EC-CCEB25E55E59}"
EndProject
Project("{FAE04EC0-301F-11D3-BF4B-00C04F79EFBC}") = "Bulker", "Bulker\Bulker.csproj", "{6FD0ED2F-1156-424E-B35C-1AB71345B726}"
EndProject
Project("{FAE04EC0-301F-11D3-BF4B-00C04F79EFBC}") = "UpcApi", "UpcApi\UpcApi.csproj", "{91D7AD8B-4646-435F-BA19-B1E089D74D41}"
EndProject
Project("{9A19103F-16F7-4668-BE54-9A1E7A4F7556}") = "UpcShared", "UpcShared\UpcShared.csproj", "{85C5DE2B-7D29-4744-9406-98858DBC5B33}"
EndProject
Project("{2150E333-8FDC-42A3-9474-1A3956D46DE8}") = "Shared", "Shared", "{B8E8A0B3-8914-4784-A820-A9D362E13A6E}"
EndProject
Global
	GlobalSection(SolutionConfigurationPlatforms) = preSolution
		AzureRelease|Any CPU = AzureRelease|Any CPU
		AzureRelease|ARM = AzureRelease|ARM
		AzureRelease|x64 = AzureRelease|x64
		AzureRelease|x86 = AzureRelease|x86
		AzureStagingDebug|Any CPU = AzureStagingDebug|Any CPU
		AzureStagingDebug|ARM = AzureStagingDebug|ARM
		AzureStagingDebug|x64 = AzureStagingDebug|x64
		AzureStagingDebug|x86 = AzureStagingDebug|x86
		Debug|Any CPU = Debug|Any CPU
		Debug|ARM = Debug|ARM
		Debug|x64 = Debug|x64
		Debug|x86 = Debug|x86
		DebugStageHostStageSvcProdData|Any CPU = DebugStageHostStageSvcProdData|Any CPU
		DebugStageHostStageSvcProdData|ARM = DebugStageHostStageSvcProdData|ARM
		DebugStageHostStageSvcProdData|x64 = DebugStageHostStageSvcProdData|x64
		DebugStageHostStageSvcProdData|x86 = DebugStageHostStageSvcProdData|x86
		LocalDebug|Any CPU = LocalDebug|Any CPU
		LocalDebug|ARM = LocalDebug|ARM
		LocalDebug|x64 = LocalDebug|x64
		LocalDebug|x86 = LocalDebug|x86
		LocalStaging|Any CPU = LocalStaging|Any CPU
		LocalStaging|ARM = LocalStaging|ARM
		LocalStaging|x64 = LocalStaging|x64
		LocalStaging|x86 = LocalStaging|x86
		Release|Any CPU = Release|Any CPU
		Release|ARM = Release|ARM
		Release|x64 = Release|x64
		Release|x86 = Release|x86
	EndGlobalSection
	GlobalSection(ProjectConfigurationPlatforms) = postSolution
		{C4B60C66-BAC6-4CDD-A40C-6917B56A7889}.AzureRelease|Any CPU.ActiveCfg = Release|x64
		{C4B60C66-BAC6-4CDD-A40C-6917B56A7889}.AzureRelease|Any CPU.Build.0 = Release|x64
		{C4B60C66-BAC6-4CDD-A40C-6917B56A7889}.AzureRelease|Any CPU.Deploy.0 = Release|x64
		{C4B60C66-BAC6-4CDD-A40C-6917B56A7889}.AzureRelease|ARM.ActiveCfg = Release|ARM
		{C4B60C66-BAC6-4CDD-A40C-6917B56A7889}.AzureRelease|ARM.Build.0 = Release|ARM
		{C4B60C66-BAC6-4CDD-A40C-6917B56A7889}.AzureRelease|ARM.Deploy.0 = Release|ARM
		{C4B60C66-BAC6-4CDD-A40C-6917B56A7889}.AzureRelease|x64.ActiveCfg = Release|x64
		{C4B60C66-BAC6-4CDD-A40C-6917B56A7889}.AzureRelease|x64.Build.0 = Release|x64
		{C4B60C66-BAC6-4CDD-A40C-6917B56A7889}.AzureRelease|x64.Deploy.0 = Release|x64
		{C4B60C66-BAC6-4CDD-A40C-6917B56A7889}.AzureRelease|x86.ActiveCfg = Release|x86
		{C4B60C66-BAC6-4CDD-A40C-6917B56A7889}.AzureRelease|x86.Build.0 = Release|x86
		{C4B60C66-BAC6-4CDD-A40C-6917B56A7889}.AzureRelease|x86.Deploy.0 = Release|x86
		{C4B60C66-BAC6-4CDD-A40C-6917B56A7889}.AzureStagingDebug|Any CPU.ActiveCfg = Release|x64
		{C4B60C66-BAC6-4CDD-A40C-6917B56A7889}.AzureStagingDebug|Any CPU.Build.0 = Release|x64
		{C4B60C66-BAC6-4CDD-A40C-6917B56A7889}.AzureStagingDebug|Any CPU.Deploy.0 = Release|x64
		{C4B60C66-BAC6-4CDD-A40C-6917B56A7889}.AzureStagingDebug|ARM.ActiveCfg = Debug|ARM
		{C4B60C66-BAC6-4CDD-A40C-6917B56A7889}.AzureStagingDebug|ARM.Build.0 = Debug|ARM
		{C4B60C66-BAC6-4CDD-A40C-6917B56A7889}.AzureStagingDebug|ARM.Deploy.0 = Debug|ARM
		{C4B60C66-BAC6-4CDD-A40C-6917B56A7889}.AzureStagingDebug|x64.ActiveCfg = Debug|x64
		{C4B60C66-BAC6-4CDD-A40C-6917B56A7889}.AzureStagingDebug|x64.Build.0 = Debug|x64
		{C4B60C66-BAC6-4CDD-A40C-6917B56A7889}.AzureStagingDebug|x64.Deploy.0 = Debug|x64
		{C4B60C66-BAC6-4CDD-A40C-6917B56A7889}.AzureStagingDebug|x86.ActiveCfg = Debug|x86
		{C4B60C66-BAC6-4CDD-A40C-6917B56A7889}.AzureStagingDebug|x86.Build.0 = Debug|x86
		{C4B60C66-BAC6-4CDD-A40C-6917B56A7889}.AzureStagingDebug|x86.Deploy.0 = Debug|x86
		{C4B60C66-BAC6-4CDD-A40C-6917B56A7889}.Debug|Any CPU.ActiveCfg = Debug|x86
		{C4B60C66-BAC6-4CDD-A40C-6917B56A7889}.Debug|Any CPU.Build.0 = Debug|x86
		{C4B60C66-BAC6-4CDD-A40C-6917B56A7889}.Debug|Any CPU.Deploy.0 = Debug|x86
		{C4B60C66-BAC6-4CDD-A40C-6917B56A7889}.Debug|ARM.ActiveCfg = Debug|ARM
		{C4B60C66-BAC6-4CDD-A40C-6917B56A7889}.Debug|ARM.Build.0 = Debug|ARM
		{C4B60C66-BAC6-4CDD-A40C-6917B56A7889}.Debug|ARM.Deploy.0 = Debug|ARM
		{C4B60C66-BAC6-4CDD-A40C-6917B56A7889}.Debug|x64.ActiveCfg = Debug|x64
		{C4B60C66-BAC6-4CDD-A40C-6917B56A7889}.Debug|x64.Build.0 = Debug|x64
		{C4B60C66-BAC6-4CDD-A40C-6917B56A7889}.Debug|x64.Deploy.0 = Debug|x64
		{C4B60C66-BAC6-4CDD-A40C-6917B56A7889}.Debug|x86.ActiveCfg = Debug|x86
		{C4B60C66-BAC6-4CDD-A40C-6917B56A7889}.Debug|x86.Build.0 = Debug|x86
		{C4B60C66-BAC6-4CDD-A40C-6917B56A7889}.Debug|x86.Deploy.0 = Debug|x86
		{C4B60C66-BAC6-4CDD-A40C-6917B56A7889}.DebugStageHostStageSvcProdData|Any CPU.ActiveCfg = Debug|x86
		{C4B60C66-BAC6-4CDD-A40C-6917B56A7889}.DebugStageHostStageSvcProdData|Any CPU.Build.0 = Debug|x86
		{C4B60C66-BAC6-4CDD-A40C-6917B56A7889}.DebugStageHostStageSvcProdData|Any CPU.Deploy.0 = Debug|x86
		{C4B60C66-BAC6-4CDD-A40C-6917B56A7889}.DebugStageHostStageSvcProdData|ARM.ActiveCfg = Debug|ARM
		{C4B60C66-BAC6-4CDD-A40C-6917B56A7889}.DebugStageHostStageSvcProdData|ARM.Build.0 = Debug|ARM
		{C4B60C66-BAC6-4CDD-A40C-6917B56A7889}.DebugStageHostStageSvcProdData|ARM.Deploy.0 = Debug|ARM
		{C4B60C66-BAC6-4CDD-A40C-6917B56A7889}.DebugStageHostStageSvcProdData|x64.ActiveCfg = Debug|x64
		{C4B60C66-BAC6-4CDD-A40C-6917B56A7889}.DebugStageHostStageSvcProdData|x64.Build.0 = Debug|x64
		{C4B60C66-BAC6-4CDD-A40C-6917B56A7889}.DebugStageHostStageSvcProdData|x64.Deploy.0 = Debug|x64
		{C4B60C66-BAC6-4CDD-A40C-6917B56A7889}.DebugStageHostStageSvcProdData|x86.ActiveCfg = Debug|x86
		{C4B60C66-BAC6-4CDD-A40C-6917B56A7889}.DebugStageHostStageSvcProdData|x86.Build.0 = Debug|x86
		{C4B60C66-BAC6-4CDD-A40C-6917B56A7889}.DebugStageHostStageSvcProdData|x86.Deploy.0 = Debug|x86
		{C4B60C66-BAC6-4CDD-A40C-6917B56A7889}.LocalDebug|Any CPU.ActiveCfg = Release|x64
		{C4B60C66-BAC6-4CDD-A40C-6917B56A7889}.LocalDebug|Any CPU.Build.0 = Release|x64
		{C4B60C66-BAC6-4CDD-A40C-6917B56A7889}.LocalDebug|Any CPU.Deploy.0 = Release|x64
		{C4B60C66-BAC6-4CDD-A40C-6917B56A7889}.LocalDebug|ARM.ActiveCfg = Debug|ARM
		{C4B60C66-BAC6-4CDD-A40C-6917B56A7889}.LocalDebug|ARM.Build.0 = Debug|ARM
		{C4B60C66-BAC6-4CDD-A40C-6917B56A7889}.LocalDebug|ARM.Deploy.0 = Debug|ARM
		{C4B60C66-BAC6-4CDD-A40C-6917B56A7889}.LocalDebug|x64.ActiveCfg = Debug|x64
		{C4B60C66-BAC6-4CDD-A40C-6917B56A7889}.LocalDebug|x64.Build.0 = Debug|x64
		{C4B60C66-BAC6-4CDD-A40C-6917B56A7889}.LocalDebug|x64.Deploy.0 = Debug|x64
		{C4B60C66-BAC6-4CDD-A40C-6917B56A7889}.LocalDebug|x86.ActiveCfg = Debug|x86
		{C4B60C66-BAC6-4CDD-A40C-6917B56A7889}.LocalDebug|x86.Build.0 = Debug|x86
		{C4B60C66-BAC6-4CDD-A40C-6917B56A7889}.LocalDebug|x86.Deploy.0 = Debug|x86
		{C4B60C66-BAC6-4CDD-A40C-6917B56A7889}.LocalStaging|Any CPU.ActiveCfg = Release|x64
		{C4B60C66-BAC6-4CDD-A40C-6917B56A7889}.LocalStaging|Any CPU.Build.0 = Release|x64
		{C4B60C66-BAC6-4CDD-A40C-6917B56A7889}.LocalStaging|Any CPU.Deploy.0 = Release|x64
		{C4B60C66-BAC6-4CDD-A40C-6917B56A7889}.LocalStaging|ARM.ActiveCfg = Release|ARM
		{C4B60C66-BAC6-4CDD-A40C-6917B56A7889}.LocalStaging|ARM.Build.0 = Release|ARM
		{C4B60C66-BAC6-4CDD-A40C-6917B56A7889}.LocalStaging|ARM.Deploy.0 = Release|ARM
		{C4B60C66-BAC6-4CDD-A40C-6917B56A7889}.LocalStaging|x64.ActiveCfg = Release|x64
		{C4B60C66-BAC6-4CDD-A40C-6917B56A7889}.LocalStaging|x64.Build.0 = Release|x64
		{C4B60C66-BAC6-4CDD-A40C-6917B56A7889}.LocalStaging|x64.Deploy.0 = Release|x64
		{C4B60C66-BAC6-4CDD-A40C-6917B56A7889}.LocalStaging|x86.ActiveCfg = Release|x86
		{C4B60C66-BAC6-4CDD-A40C-6917B56A7889}.LocalStaging|x86.Build.0 = Release|x86
		{C4B60C66-BAC6-4CDD-A40C-6917B56A7889}.LocalStaging|x86.Deploy.0 = Release|x86
		{C4B60C66-BAC6-4CDD-A40C-6917B56A7889}.Release|Any CPU.ActiveCfg = Release|x86
		{C4B60C66-BAC6-4CDD-A40C-6917B56A7889}.Release|ARM.ActiveCfg = Release|ARM
		{C4B60C66-BAC6-4CDD-A40C-6917B56A7889}.Release|ARM.Build.0 = Release|ARM
		{C4B60C66-BAC6-4CDD-A40C-6917B56A7889}.Release|ARM.Deploy.0 = Release|ARM
		{C4B60C66-BAC6-4CDD-A40C-6917B56A7889}.Release|x64.ActiveCfg = Release|x64
		{C4B60C66-BAC6-4CDD-A40C-6917B56A7889}.Release|x64.Build.0 = Release|x64
		{C4B60C66-BAC6-4CDD-A40C-6917B56A7889}.Release|x64.Deploy.0 = Release|x64
		{C4B60C66-BAC6-4CDD-A40C-6917B56A7889}.Release|x86.ActiveCfg = Release|x86
		{C4B60C66-BAC6-4CDD-A40C-6917B56A7889}.Release|x86.Build.0 = Release|x86
		{C4B60C66-BAC6-4CDD-A40C-6917B56A7889}.Release|x86.Deploy.0 = Release|x86
		{1B000BCA-4895-4ACF-A0C6-3ADF3A9BEDF2}.AzureRelease|Any CPU.ActiveCfg = Release|Any CPU
		{1B000BCA-4895-4ACF-A0C6-3ADF3A9BEDF2}.AzureRelease|Any CPU.Build.0 = Release|Any CPU
		{1B000BCA-4895-4ACF-A0C6-3ADF3A9BEDF2}.AzureRelease|ARM.ActiveCfg = Release|ARM
		{1B000BCA-4895-4ACF-A0C6-3ADF3A9BEDF2}.AzureRelease|ARM.Build.0 = Release|ARM
		{1B000BCA-4895-4ACF-A0C6-3ADF3A9BEDF2}.AzureRelease|x64.ActiveCfg = Release|x64
		{1B000BCA-4895-4ACF-A0C6-3ADF3A9BEDF2}.AzureRelease|x64.Build.0 = Release|x64
		{1B000BCA-4895-4ACF-A0C6-3ADF3A9BEDF2}.AzureRelease|x86.ActiveCfg = Release|x86
		{1B000BCA-4895-4ACF-A0C6-3ADF3A9BEDF2}.AzureRelease|x86.Build.0 = Release|x86
		{1B000BCA-4895-4ACF-A0C6-3ADF3A9BEDF2}.AzureStagingDebug|Any CPU.ActiveCfg = Debug|Any CPU
		{1B000BCA-4895-4ACF-A0C6-3ADF3A9BEDF2}.AzureStagingDebug|Any CPU.Build.0 = Debug|Any CPU
		{1B000BCA-4895-4ACF-A0C6-3ADF3A9BEDF2}.AzureStagingDebug|ARM.ActiveCfg = Debug|ARM
		{1B000BCA-4895-4ACF-A0C6-3ADF3A9BEDF2}.AzureStagingDebug|ARM.Build.0 = Debug|ARM
		{1B000BCA-4895-4ACF-A0C6-3ADF3A9BEDF2}.AzureStagingDebug|x64.ActiveCfg = Debug|x64
		{1B000BCA-4895-4ACF-A0C6-3ADF3A9BEDF2}.AzureStagingDebug|x64.Build.0 = Debug|x64
		{1B000BCA-4895-4ACF-A0C6-3ADF3A9BEDF2}.AzureStagingDebug|x86.ActiveCfg = Debug|x86
		{1B000BCA-4895-4ACF-A0C6-3ADF3A9BEDF2}.AzureStagingDebug|x86.Build.0 = Debug|x86
		{1B000BCA-4895-4ACF-A0C6-3ADF3A9BEDF2}.Debug|Any CPU.ActiveCfg = Debug|Any CPU
		{1B000BCA-4895-4ACF-A0C6-3ADF3A9BEDF2}.Debug|Any CPU.Build.0 = Debug|Any CPU
		{1B000BCA-4895-4ACF-A0C6-3ADF3A9BEDF2}.Debug|ARM.ActiveCfg = Debug|ARM
		{1B000BCA-4895-4ACF-A0C6-3ADF3A9BEDF2}.Debug|ARM.Build.0 = Debug|ARM
		{1B000BCA-4895-4ACF-A0C6-3ADF3A9BEDF2}.Debug|x64.ActiveCfg = Debug|x64
		{1B000BCA-4895-4ACF-A0C6-3ADF3A9BEDF2}.Debug|x64.Build.0 = Debug|x64
		{1B000BCA-4895-4ACF-A0C6-3ADF3A9BEDF2}.Debug|x86.ActiveCfg = Debug|x86
		{1B000BCA-4895-4ACF-A0C6-3ADF3A9BEDF2}.Debug|x86.Build.0 = Debug|x86
		{1B000BCA-4895-4ACF-A0C6-3ADF3A9BEDF2}.DebugStageHostStageSvcProdData|Any CPU.ActiveCfg = Debug|Any CPU
		{1B000BCA-4895-4ACF-A0C6-3ADF3A9BEDF2}.DebugStageHostStageSvcProdData|Any CPU.Build.0 = Debug|Any CPU
		{1B000BCA-4895-4ACF-A0C6-3ADF3A9BEDF2}.DebugStageHostStageSvcProdData|ARM.ActiveCfg = Debug|ARM
		{1B000BCA-4895-4ACF-A0C6-3ADF3A9BEDF2}.DebugStageHostStageSvcProdData|ARM.Build.0 = Debug|ARM
		{1B000BCA-4895-4ACF-A0C6-3ADF3A9BEDF2}.DebugStageHostStageSvcProdData|x64.ActiveCfg = Debug|x64
		{1B000BCA-4895-4ACF-A0C6-3ADF3A9BEDF2}.DebugStageHostStageSvcProdData|x64.Build.0 = Debug|x64
		{1B000BCA-4895-4ACF-A0C6-3ADF3A9BEDF2}.DebugStageHostStageSvcProdData|x86.ActiveCfg = Debug|x86
		{1B000BCA-4895-4ACF-A0C6-3ADF3A9BEDF2}.DebugStageHostStageSvcProdData|x86.Build.0 = Debug|x86
		{1B000BCA-4895-4ACF-A0C6-3ADF3A9BEDF2}.LocalDebug|Any CPU.ActiveCfg = Debug|Any CPU
		{1B000BCA-4895-4ACF-A0C6-3ADF3A9BEDF2}.LocalDebug|Any CPU.Build.0 = Debug|Any CPU
		{1B000BCA-4895-4ACF-A0C6-3ADF3A9BEDF2}.LocalDebug|ARM.ActiveCfg = Debug|ARM
		{1B000BCA-4895-4ACF-A0C6-3ADF3A9BEDF2}.LocalDebug|ARM.Build.0 = Debug|ARM
		{1B000BCA-4895-4ACF-A0C6-3ADF3A9BEDF2}.LocalDebug|x64.ActiveCfg = Debug|x64
		{1B000BCA-4895-4ACF-A0C6-3ADF3A9BEDF2}.LocalDebug|x64.Build.0 = Debug|x64
		{1B000BCA-4895-4ACF-A0C6-3ADF3A9BEDF2}.LocalDebug|x86.ActiveCfg = Debug|x86
		{1B000BCA-4895-4ACF-A0C6-3ADF3A9BEDF2}.LocalDebug|x86.Build.0 = Debug|x86
		{1B000BCA-4895-4ACF-A0C6-3ADF3A9BEDF2}.LocalStaging|Any CPU.ActiveCfg = Release|Any CPU
		{1B000BCA-4895-4ACF-A0C6-3ADF3A9BEDF2}.LocalStaging|Any CPU.Build.0 = Release|Any CPU
		{1B000BCA-4895-4ACF-A0C6-3ADF3A9BEDF2}.LocalStaging|ARM.ActiveCfg = Release|ARM
		{1B000BCA-4895-4ACF-A0C6-3ADF3A9BEDF2}.LocalStaging|ARM.Build.0 = Release|ARM
		{1B000BCA-4895-4ACF-A0C6-3ADF3A9BEDF2}.LocalStaging|x64.ActiveCfg = Release|x64
		{1B000BCA-4895-4ACF-A0C6-3ADF3A9BEDF2}.LocalStaging|x64.Build.0 = Release|x64
		{1B000BCA-4895-4ACF-A0C6-3ADF3A9BEDF2}.LocalStaging|x86.ActiveCfg = Release|x86
		{1B000BCA-4895-4ACF-A0C6-3ADF3A9BEDF2}.LocalStaging|x86.Build.0 = Release|x86
		{1B000BCA-4895-4ACF-A0C6-3ADF3A9BEDF2}.Release|Any CPU.ActiveCfg = Release|Any CPU
		{1B000BCA-4895-4ACF-A0C6-3ADF3A9BEDF2}.Release|Any CPU.Build.0 = Release|Any CPU
		{1B000BCA-4895-4ACF-A0C6-3ADF3A9BEDF2}.Release|ARM.ActiveCfg = Release|ARM
		{1B000BCA-4895-4ACF-A0C6-3ADF3A9BEDF2}.Release|ARM.Build.0 = Release|ARM
		{1B000BCA-4895-4ACF-A0C6-3ADF3A9BEDF2}.Release|x64.ActiveCfg = Release|x64
		{1B000BCA-4895-4ACF-A0C6-3ADF3A9BEDF2}.Release|x64.Build.0 = Release|x64
		{1B000BCA-4895-4ACF-A0C6-3ADF3A9BEDF2}.Release|x86.ActiveCfg = Release|x86
		{1B000BCA-4895-4ACF-A0C6-3ADF3A9BEDF2}.Release|x86.Build.0 = Release|x86
		{7528DD0A-1781-47F4-ADBF-EEDDB011F6BB}.AzureRelease|Any CPU.ActiveCfg = Release|Any CPU
		{7528DD0A-1781-47F4-ADBF-EEDDB011F6BB}.AzureRelease|Any CPU.Build.0 = Release|Any CPU
		{7528DD0A-1781-47F4-ADBF-EEDDB011F6BB}.AzureRelease|ARM.ActiveCfg = Release|Any CPU
		{7528DD0A-1781-47F4-ADBF-EEDDB011F6BB}.AzureRelease|ARM.Build.0 = Release|Any CPU
		{7528DD0A-1781-47F4-ADBF-EEDDB011F6BB}.AzureRelease|x64.ActiveCfg = Release|Any CPU
		{7528DD0A-1781-47F4-ADBF-EEDDB011F6BB}.AzureRelease|x64.Build.0 = Release|Any CPU
		{7528DD0A-1781-47F4-ADBF-EEDDB011F6BB}.AzureRelease|x86.ActiveCfg = Release|Any CPU
		{7528DD0A-1781-47F4-ADBF-EEDDB011F6BB}.AzureRelease|x86.Build.0 = Release|Any CPU
		{7528DD0A-1781-47F4-ADBF-EEDDB011F6BB}.AzureStagingDebug|Any CPU.ActiveCfg = Debug|Any CPU
		{7528DD0A-1781-47F4-ADBF-EEDDB011F6BB}.AzureStagingDebug|Any CPU.Build.0 = Debug|Any CPU
		{7528DD0A-1781-47F4-ADBF-EEDDB011F6BB}.AzureStagingDebug|ARM.ActiveCfg = Debug|Any CPU
		{7528DD0A-1781-47F4-ADBF-EEDDB011F6BB}.AzureStagingDebug|ARM.Build.0 = Debug|Any CPU
		{7528DD0A-1781-47F4-ADBF-EEDDB011F6BB}.AzureStagingDebug|x64.ActiveCfg = Debug|Any CPU
		{7528DD0A-1781-47F4-ADBF-EEDDB011F6BB}.AzureStagingDebug|x64.Build.0 = Debug|Any CPU
		{7528DD0A-1781-47F4-ADBF-EEDDB011F6BB}.AzureStagingDebug|x86.ActiveCfg = Debug|Any CPU
		{7528DD0A-1781-47F4-ADBF-EEDDB011F6BB}.AzureStagingDebug|x86.Build.0 = Debug|Any CPU
		{7528DD0A-1781-47F4-ADBF-EEDDB011F6BB}.Debug|Any CPU.ActiveCfg = Debug|Any CPU
		{7528DD0A-1781-47F4-ADBF-EEDDB011F6BB}.Debug|Any CPU.Build.0 = Debug|Any CPU
		{7528DD0A-1781-47F4-ADBF-EEDDB011F6BB}.Debug|ARM.ActiveCfg = Debug|Any CPU
		{7528DD0A-1781-47F4-ADBF-EEDDB011F6BB}.Debug|ARM.Build.0 = Debug|Any CPU
		{7528DD0A-1781-47F4-ADBF-EEDDB011F6BB}.Debug|x64.ActiveCfg = Debug|Any CPU
		{7528DD0A-1781-47F4-ADBF-EEDDB011F6BB}.Debug|x64.Build.0 = Debug|Any CPU
		{7528DD0A-1781-47F4-ADBF-EEDDB011F6BB}.Debug|x86.ActiveCfg = Debug|Any CPU
		{7528DD0A-1781-47F4-ADBF-EEDDB011F6BB}.Debug|x86.Build.0 = Debug|Any CPU
		{7528DD0A-1781-47F4-ADBF-EEDDB011F6BB}.DebugStageHostStageSvcProdData|Any CPU.ActiveCfg = Debug|Any CPU
		{7528DD0A-1781-47F4-ADBF-EEDDB011F6BB}.DebugStageHostStageSvcProdData|Any CPU.Build.0 = Debug|Any CPU
		{7528DD0A-1781-47F4-ADBF-EEDDB011F6BB}.DebugStageHostStageSvcProdData|ARM.ActiveCfg = Debug|Any CPU
		{7528DD0A-1781-47F4-ADBF-EEDDB011F6BB}.DebugStageHostStageSvcProdData|ARM.Build.0 = Debug|Any CPU
		{7528DD0A-1781-47F4-ADBF-EEDDB011F6BB}.DebugStageHostStageSvcProdData|x64.ActiveCfg = Debug|Any CPU
		{7528DD0A-1781-47F4-ADBF-EEDDB011F6BB}.DebugStageHostStageSvcProdData|x64.Build.0 = Debug|Any CPU
		{7528DD0A-1781-47F4-ADBF-EEDDB011F6BB}.DebugStageHostStageSvcProdData|x86.ActiveCfg = Debug|Any CPU
		{7528DD0A-1781-47F4-ADBF-EEDDB011F6BB}.DebugStageHostStageSvcProdData|x86.Build.0 = Debug|Any CPU
		{7528DD0A-1781-47F4-ADBF-EEDDB011F6BB}.LocalDebug|Any CPU.ActiveCfg = Debug|Any CPU
		{7528DD0A-1781-47F4-ADBF-EEDDB011F6BB}.LocalDebug|Any CPU.Build.0 = Debug|Any CPU
		{7528DD0A-1781-47F4-ADBF-EEDDB011F6BB}.LocalDebug|ARM.ActiveCfg = Debug|Any CPU
		{7528DD0A-1781-47F4-ADBF-EEDDB011F6BB}.LocalDebug|ARM.Build.0 = Debug|Any CPU
		{7528DD0A-1781-47F4-ADBF-EEDDB011F6BB}.LocalDebug|x64.ActiveCfg = Debug|Any CPU
		{7528DD0A-1781-47F4-ADBF-EEDDB011F6BB}.LocalDebug|x64.Build.0 = Debug|Any CPU
		{7528DD0A-1781-47F4-ADBF-EEDDB011F6BB}.LocalDebug|x86.ActiveCfg = Debug|Any CPU
		{7528DD0A-1781-47F4-ADBF-EEDDB011F6BB}.LocalDebug|x86.Build.0 = Debug|Any CPU
		{7528DD0A-1781-47F4-ADBF-EEDDB011F6BB}.LocalStaging|Any CPU.ActiveCfg = Release|Any CPU
		{7528DD0A-1781-47F4-ADBF-EEDDB011F6BB}.LocalStaging|Any CPU.Build.0 = Release|Any CPU
		{7528DD0A-1781-47F4-ADBF-EEDDB011F6BB}.LocalStaging|ARM.ActiveCfg = Release|Any CPU
		{7528DD0A-1781-47F4-ADBF-EEDDB011F6BB}.LocalStaging|ARM.Build.0 = Release|Any CPU
		{7528DD0A-1781-47F4-ADBF-EEDDB011F6BB}.LocalStaging|x64.ActiveCfg = Release|Any CPU
		{7528DD0A-1781-47F4-ADBF-EEDDB011F6BB}.LocalStaging|x64.Build.0 = Release|Any CPU
		{7528DD0A-1781-47F4-ADBF-EEDDB011F6BB}.LocalStaging|x86.ActiveCfg = Release|Any CPU
		{7528DD0A-1781-47F4-ADBF-EEDDB011F6BB}.LocalStaging|x86.Build.0 = Release|Any CPU
		{7528DD0A-1781-47F4-ADBF-EEDDB011F6BB}.Release|Any CPU.ActiveCfg = Release|Any CPU
		{7528DD0A-1781-47F4-ADBF-EEDDB011F6BB}.Release|Any CPU.Build.0 = Release|Any CPU
		{7528DD0A-1781-47F4-ADBF-EEDDB011F6BB}.Release|ARM.ActiveCfg = Release|Any CPU
		{7528DD0A-1781-47F4-ADBF-EEDDB011F6BB}.Release|ARM.Build.0 = Release|Any CPU
		{7528DD0A-1781-47F4-ADBF-EEDDB011F6BB}.Release|x64.ActiveCfg = Release|Any CPU
		{7528DD0A-1781-47F4-ADBF-EEDDB011F6BB}.Release|x64.Build.0 = Release|Any CPU
		{7528DD0A-1781-47F4-ADBF-EEDDB011F6BB}.Release|x86.ActiveCfg = Release|Any CPU
		{7528DD0A-1781-47F4-ADBF-EEDDB011F6BB}.Release|x86.Build.0 = Release|Any CPU
		{24B441F2-CBE9-4405-9FD0-72EBCBEA0EC3}.AzureRelease|Any CPU.ActiveCfg = Release|Any CPU
		{24B441F2-CBE9-4405-9FD0-72EBCBEA0EC3}.AzureRelease|Any CPU.Build.0 = Release|Any CPU
		{24B441F2-CBE9-4405-9FD0-72EBCBEA0EC3}.AzureRelease|ARM.ActiveCfg = Release|Any CPU
		{24B441F2-CBE9-4405-9FD0-72EBCBEA0EC3}.AzureRelease|ARM.Build.0 = Release|Any CPU
		{24B441F2-CBE9-4405-9FD0-72EBCBEA0EC3}.AzureRelease|x64.ActiveCfg = Release|Any CPU
		{24B441F2-CBE9-4405-9FD0-72EBCBEA0EC3}.AzureRelease|x64.Build.0 = Release|Any CPU
		{24B441F2-CBE9-4405-9FD0-72EBCBEA0EC3}.AzureRelease|x86.ActiveCfg = Release|Any CPU
		{24B441F2-CBE9-4405-9FD0-72EBCBEA0EC3}.AzureRelease|x86.Build.0 = Release|Any CPU
		{24B441F2-CBE9-4405-9FD0-72EBCBEA0EC3}.AzureStagingDebug|Any CPU.ActiveCfg = Debug|Any CPU
		{24B441F2-CBE9-4405-9FD0-72EBCBEA0EC3}.AzureStagingDebug|Any CPU.Build.0 = Debug|Any CPU
		{24B441F2-CBE9-4405-9FD0-72EBCBEA0EC3}.AzureStagingDebug|ARM.ActiveCfg = Debug|Any CPU
		{24B441F2-CBE9-4405-9FD0-72EBCBEA0EC3}.AzureStagingDebug|ARM.Build.0 = Debug|Any CPU
		{24B441F2-CBE9-4405-9FD0-72EBCBEA0EC3}.AzureStagingDebug|x64.ActiveCfg = Debug|Any CPU
		{24B441F2-CBE9-4405-9FD0-72EBCBEA0EC3}.AzureStagingDebug|x64.Build.0 = Debug|Any CPU
		{24B441F2-CBE9-4405-9FD0-72EBCBEA0EC3}.AzureStagingDebug|x86.ActiveCfg = Debug|Any CPU
		{24B441F2-CBE9-4405-9FD0-72EBCBEA0EC3}.AzureStagingDebug|x86.Build.0 = Debug|Any CPU
		{24B441F2-CBE9-4405-9FD0-72EBCBEA0EC3}.Debug|Any CPU.ActiveCfg = Debug|Any CPU
		{24B441F2-CBE9-4405-9FD0-72EBCBEA0EC3}.Debug|Any CPU.Build.0 = Debug|Any CPU
		{24B441F2-CBE9-4405-9FD0-72EBCBEA0EC3}.Debug|ARM.ActiveCfg = Debug|Any CPU
		{24B441F2-CBE9-4405-9FD0-72EBCBEA0EC3}.Debug|ARM.Build.0 = Debug|Any CPU
		{24B441F2-CBE9-4405-9FD0-72EBCBEA0EC3}.Debug|x64.ActiveCfg = Debug|Any CPU
		{24B441F2-CBE9-4405-9FD0-72EBCBEA0EC3}.Debug|x64.Build.0 = Debug|Any CPU
		{24B441F2-CBE9-4405-9FD0-72EBCBEA0EC3}.Debug|x86.ActiveCfg = Debug|Any CPU
		{24B441F2-CBE9-4405-9FD0-72EBCBEA0EC3}.Debug|x86.Build.0 = Debug|Any CPU
		{24B441F2-CBE9-4405-9FD0-72EBCBEA0EC3}.DebugStageHostStageSvcProdData|Any CPU.ActiveCfg = Debug|Any CPU
		{24B441F2-CBE9-4405-9FD0-72EBCBEA0EC3}.DebugStageHostStageSvcProdData|Any CPU.Build.0 = Debug|Any CPU
		{24B441F2-CBE9-4405-9FD0-72EBCBEA0EC3}.DebugStageHostStageSvcProdData|ARM.ActiveCfg = Debug|Any CPU
		{24B441F2-CBE9-4405-9FD0-72EBCBEA0EC3}.DebugStageHostStageSvcProdData|ARM.Build.0 = Debug|Any CPU
		{24B441F2-CBE9-4405-9FD0-72EBCBEA0EC3}.DebugStageHostStageSvcProdData|x64.ActiveCfg = Debug|Any CPU
		{24B441F2-CBE9-4405-9FD0-72EBCBEA0EC3}.DebugStageHostStageSvcProdData|x64.Build.0 = Debug|Any CPU
		{24B441F2-CBE9-4405-9FD0-72EBCBEA0EC3}.DebugStageHostStageSvcProdData|x86.ActiveCfg = Debug|Any CPU
		{24B441F2-CBE9-4405-9FD0-72EBCBEA0EC3}.DebugStageHostStageSvcProdData|x86.Build.0 = Debug|Any CPU
		{24B441F2-CBE9-4405-9FD0-72EBCBEA0EC3}.LocalDebug|Any CPU.ActiveCfg = Debug|Any CPU
		{24B441F2-CBE9-4405-9FD0-72EBCBEA0EC3}.LocalDebug|Any CPU.Build.0 = Debug|Any CPU
		{24B441F2-CBE9-4405-9FD0-72EBCBEA0EC3}.LocalDebug|ARM.ActiveCfg = Debug|Any CPU
		{24B441F2-CBE9-4405-9FD0-72EBCBEA0EC3}.LocalDebug|ARM.Build.0 = Debug|Any CPU
		{24B441F2-CBE9-4405-9FD0-72EBCBEA0EC3}.LocalDebug|x64.ActiveCfg = Debug|Any CPU
		{24B441F2-CBE9-4405-9FD0-72EBCBEA0EC3}.LocalDebug|x64.Build.0 = Debug|Any CPU
		{24B441F2-CBE9-4405-9FD0-72EBCBEA0EC3}.LocalDebug|x86.ActiveCfg = Debug|Any CPU
		{24B441F2-CBE9-4405-9FD0-72EBCBEA0EC3}.LocalDebug|x86.Build.0 = Debug|Any CPU
		{24B441F2-CBE9-4405-9FD0-72EBCBEA0EC3}.LocalStaging|Any CPU.ActiveCfg = Release|Any CPU
		{24B441F2-CBE9-4405-9FD0-72EBCBEA0EC3}.LocalStaging|Any CPU.Build.0 = Release|Any CPU
		{24B441F2-CBE9-4405-9FD0-72EBCBEA0EC3}.LocalStaging|ARM.ActiveCfg = Release|Any CPU
		{24B441F2-CBE9-4405-9FD0-72EBCBEA0EC3}.LocalStaging|ARM.Build.0 = Release|Any CPU
		{24B441F2-CBE9-4405-9FD0-72EBCBEA0EC3}.LocalStaging|x64.ActiveCfg = Release|Any CPU
		{24B441F2-CBE9-4405-9FD0-72EBCBEA0EC3}.LocalStaging|x64.Build.0 = Release|Any CPU
		{24B441F2-CBE9-4405-9FD0-72EBCBEA0EC3}.LocalStaging|x86.ActiveCfg = Release|Any CPU
		{24B441F2-CBE9-4405-9FD0-72EBCBEA0EC3}.LocalStaging|x86.Build.0 = Release|Any CPU
		{24B441F2-CBE9-4405-9FD0-72EBCBEA0EC3}.Release|Any CPU.ActiveCfg = Release|Any CPU
		{24B441F2-CBE9-4405-9FD0-72EBCBEA0EC3}.Release|Any CPU.Build.0 = Release|Any CPU
		{24B441F2-CBE9-4405-9FD0-72EBCBEA0EC3}.Release|ARM.ActiveCfg = Release|Any CPU
		{24B441F2-CBE9-4405-9FD0-72EBCBEA0EC3}.Release|ARM.Build.0 = Release|Any CPU
		{24B441F2-CBE9-4405-9FD0-72EBCBEA0EC3}.Release|x64.ActiveCfg = Release|Any CPU
		{24B441F2-CBE9-4405-9FD0-72EBCBEA0EC3}.Release|x64.Build.0 = Release|Any CPU
		{24B441F2-CBE9-4405-9FD0-72EBCBEA0EC3}.Release|x86.ActiveCfg = Release|Any CPU
		{24B441F2-CBE9-4405-9FD0-72EBCBEA0EC3}.Release|x86.Build.0 = Release|Any CPU
		{FEF590B4-EA5C-4B70-8C0C-0649625A6F70}.AzureRelease|Any CPU.ActiveCfg = Release|Any CPU
		{FEF590B4-EA5C-4B70-8C0C-0649625A6F70}.AzureRelease|Any CPU.Build.0 = Release|Any CPU
		{FEF590B4-EA5C-4B70-8C0C-0649625A6F70}.AzureRelease|ARM.ActiveCfg = Release|Any CPU
		{FEF590B4-EA5C-4B70-8C0C-0649625A6F70}.AzureRelease|ARM.Build.0 = Release|Any CPU
		{FEF590B4-EA5C-4B70-8C0C-0649625A6F70}.AzureRelease|x64.ActiveCfg = Release|Any CPU
		{FEF590B4-EA5C-4B70-8C0C-0649625A6F70}.AzureRelease|x64.Build.0 = Release|Any CPU
		{FEF590B4-EA5C-4B70-8C0C-0649625A6F70}.AzureRelease|x86.ActiveCfg = Release|Any CPU
		{FEF590B4-EA5C-4B70-8C0C-0649625A6F70}.AzureRelease|x86.Build.0 = Release|Any CPU
		{FEF590B4-EA5C-4B70-8C0C-0649625A6F70}.AzureStagingDebug|Any CPU.ActiveCfg = Debug|Any CPU
		{FEF590B4-EA5C-4B70-8C0C-0649625A6F70}.AzureStagingDebug|Any CPU.Build.0 = Debug|Any CPU
		{FEF590B4-EA5C-4B70-8C0C-0649625A6F70}.AzureStagingDebug|ARM.ActiveCfg = Debug|Any CPU
		{FEF590B4-EA5C-4B70-8C0C-0649625A6F70}.AzureStagingDebug|ARM.Build.0 = Debug|Any CPU
		{FEF590B4-EA5C-4B70-8C0C-0649625A6F70}.AzureStagingDebug|x64.ActiveCfg = Debug|Any CPU
		{FEF590B4-EA5C-4B70-8C0C-0649625A6F70}.AzureStagingDebug|x64.Build.0 = Debug|Any CPU
		{FEF590B4-EA5C-4B70-8C0C-0649625A6F70}.AzureStagingDebug|x86.ActiveCfg = Debug|Any CPU
		{FEF590B4-EA5C-4B70-8C0C-0649625A6F70}.AzureStagingDebug|x86.Build.0 = Debug|Any CPU
		{FEF590B4-EA5C-4B70-8C0C-0649625A6F70}.Debug|Any CPU.ActiveCfg = Debug|Any CPU
		{FEF590B4-EA5C-4B70-8C0C-0649625A6F70}.Debug|Any CPU.Build.0 = Debug|Any CPU
		{FEF590B4-EA5C-4B70-8C0C-0649625A6F70}.Debug|ARM.ActiveCfg = Debug|Any CPU
		{FEF590B4-EA5C-4B70-8C0C-0649625A6F70}.Debug|ARM.Build.0 = Debug|Any CPU
		{FEF590B4-EA5C-4B70-8C0C-0649625A6F70}.Debug|x64.ActiveCfg = Debug|Any CPU
		{FEF590B4-EA5C-4B70-8C0C-0649625A6F70}.Debug|x64.Build.0 = Debug|Any CPU
		{FEF590B4-EA5C-4B70-8C0C-0649625A6F70}.Debug|x86.ActiveCfg = Debug|Any CPU
		{FEF590B4-EA5C-4B70-8C0C-0649625A6F70}.Debug|x86.Build.0 = Debug|Any CPU
		{FEF590B4-EA5C-4B70-8C0C-0649625A6F70}.DebugStageHostStageSvcProdData|Any CPU.ActiveCfg = Debug|Any CPU
		{FEF590B4-EA5C-4B70-8C0C-0649625A6F70}.DebugStageHostStageSvcProdData|Any CPU.Build.0 = Debug|Any CPU
		{FEF590B4-EA5C-4B70-8C0C-0649625A6F70}.DebugStageHostStageSvcProdData|ARM.ActiveCfg = Debug|Any CPU
		{FEF590B4-EA5C-4B70-8C0C-0649625A6F70}.DebugStageHostStageSvcProdData|ARM.Build.0 = Debug|Any CPU
		{FEF590B4-EA5C-4B70-8C0C-0649625A6F70}.DebugStageHostStageSvcProdData|x64.ActiveCfg = Debug|Any CPU
		{FEF590B4-EA5C-4B70-8C0C-0649625A6F70}.DebugStageHostStageSvcProdData|x64.Build.0 = Debug|Any CPU
		{FEF590B4-EA5C-4B70-8C0C-0649625A6F70}.DebugStageHostStageSvcProdData|x86.ActiveCfg = Debug|Any CPU
		{FEF590B4-EA5C-4B70-8C0C-0649625A6F70}.DebugStageHostStageSvcProdData|x86.Build.0 = Debug|Any CPU
		{FEF590B4-EA5C-4B70-8C0C-0649625A6F70}.LocalDebug|Any CPU.ActiveCfg = Debug|Any CPU
		{FEF590B4-EA5C-4B70-8C0C-0649625A6F70}.LocalDebug|Any CPU.Build.0 = Debug|Any CPU
		{FEF590B4-EA5C-4B70-8C0C-0649625A6F70}.LocalDebug|ARM.ActiveCfg = Debug|Any CPU
		{FEF590B4-EA5C-4B70-8C0C-0649625A6F70}.LocalDebug|ARM.Build.0 = Debug|Any CPU
		{FEF590B4-EA5C-4B70-8C0C-0649625A6F70}.LocalDebug|x64.ActiveCfg = Debug|Any CPU
		{FEF590B4-EA5C-4B70-8C0C-0649625A6F70}.LocalDebug|x64.Build.0 = Debug|Any CPU
		{FEF590B4-EA5C-4B70-8C0C-0649625A6F70}.LocalDebug|x86.ActiveCfg = Debug|Any CPU
		{FEF590B4-EA5C-4B70-8C0C-0649625A6F70}.LocalDebug|x86.Build.0 = Debug|Any CPU
		{FEF590B4-EA5C-4B70-8C0C-0649625A6F70}.LocalStaging|Any CPU.ActiveCfg = Release|Any CPU
		{FEF590B4-EA5C-4B70-8C0C-0649625A6F70}.LocalStaging|Any CPU.Build.0 = Release|Any CPU
		{FEF590B4-EA5C-4B70-8C0C-0649625A6F70}.LocalStaging|ARM.ActiveCfg = Release|Any CPU
		{FEF590B4-EA5C-4B70-8C0C-0649625A6F70}.LocalStaging|ARM.Build.0 = Release|Any CPU
		{FEF590B4-EA5C-4B70-8C0C-0649625A6F70}.LocalStaging|x64.ActiveCfg = Release|Any CPU
		{FEF590B4-EA5C-4B70-8C0C-0649625A6F70}.LocalStaging|x64.Build.0 = Release|Any CPU
		{FEF590B4-EA5C-4B70-8C0C-0649625A6F70}.LocalStaging|x86.ActiveCfg = Release|Any CPU
		{FEF590B4-EA5C-4B70-8C0C-0649625A6F70}.LocalStaging|x86.Build.0 = Release|Any CPU
		{FEF590B4-EA5C-4B70-8C0C-0649625A6F70}.Release|Any CPU.ActiveCfg = Release|Any CPU
		{FEF590B4-EA5C-4B70-8C0C-0649625A6F70}.Release|Any CPU.Build.0 = Release|Any CPU
		{FEF590B4-EA5C-4B70-8C0C-0649625A6F70}.Release|ARM.ActiveCfg = Release|Any CPU
		{FEF590B4-EA5C-4B70-8C0C-0649625A6F70}.Release|ARM.Build.0 = Release|Any CPU
		{FEF590B4-EA5C-4B70-8C0C-0649625A6F70}.Release|x64.ActiveCfg = Release|Any CPU
		{FEF590B4-EA5C-4B70-8C0C-0649625A6F70}.Release|x64.Build.0 = Release|Any CPU
		{FEF590B4-EA5C-4B70-8C0C-0649625A6F70}.Release|x86.ActiveCfg = Release|Any CPU
		{FEF590B4-EA5C-4B70-8C0C-0649625A6F70}.Release|x86.Build.0 = Release|Any CPU
		{EE681C45-8416-4DE7-9E62-AE1371A7DE9A}.AzureRelease|Any CPU.ActiveCfg = AzureRelease|Any CPU
		{EE681C45-8416-4DE7-9E62-AE1371A7DE9A}.AzureRelease|Any CPU.Build.0 = AzureRelease|Any CPU
		{EE681C45-8416-4DE7-9E62-AE1371A7DE9A}.AzureRelease|ARM.ActiveCfg = AzureRelease|Any CPU
		{EE681C45-8416-4DE7-9E62-AE1371A7DE9A}.AzureRelease|ARM.Build.0 = AzureRelease|Any CPU
		{EE681C45-8416-4DE7-9E62-AE1371A7DE9A}.AzureRelease|x64.ActiveCfg = AzureRelease|Any CPU
		{EE681C45-8416-4DE7-9E62-AE1371A7DE9A}.AzureRelease|x64.Build.0 = AzureRelease|Any CPU
		{EE681C45-8416-4DE7-9E62-AE1371A7DE9A}.AzureRelease|x86.ActiveCfg = AzureRelease|Any CPU
		{EE681C45-8416-4DE7-9E62-AE1371A7DE9A}.AzureRelease|x86.Build.0 = AzureRelease|Any CPU
		{EE681C45-8416-4DE7-9E62-AE1371A7DE9A}.AzureStagingDebug|Any CPU.ActiveCfg = AzureRelease|Any CPU
		{EE681C45-8416-4DE7-9E62-AE1371A7DE9A}.AzureStagingDebug|Any CPU.Build.0 = AzureRelease|Any CPU
		{EE681C45-8416-4DE7-9E62-AE1371A7DE9A}.AzureStagingDebug|ARM.ActiveCfg = AzureRelease|Any CPU
		{EE681C45-8416-4DE7-9E62-AE1371A7DE9A}.AzureStagingDebug|ARM.Build.0 = AzureRelease|Any CPU
		{EE681C45-8416-4DE7-9E62-AE1371A7DE9A}.AzureStagingDebug|x64.ActiveCfg = AzureRelease|Any CPU
		{EE681C45-8416-4DE7-9E62-AE1371A7DE9A}.AzureStagingDebug|x64.Build.0 = AzureRelease|Any CPU
		{EE681C45-8416-4DE7-9E62-AE1371A7DE9A}.AzureStagingDebug|x86.ActiveCfg = AzureRelease|Any CPU
		{EE681C45-8416-4DE7-9E62-AE1371A7DE9A}.AzureStagingDebug|x86.Build.0 = AzureRelease|Any CPU
		{EE681C45-8416-4DE7-9E62-AE1371A7DE9A}.Debug|Any CPU.ActiveCfg = Debug|Any CPU
		{EE681C45-8416-4DE7-9E62-AE1371A7DE9A}.Debug|Any CPU.Build.0 = Debug|Any CPU
		{EE681C45-8416-4DE7-9E62-AE1371A7DE9A}.Debug|ARM.ActiveCfg = Debug|Any CPU
		{EE681C45-8416-4DE7-9E62-AE1371A7DE9A}.Debug|ARM.Build.0 = Debug|Any CPU
		{EE681C45-8416-4DE7-9E62-AE1371A7DE9A}.Debug|x64.ActiveCfg = Debug|Any CPU
		{EE681C45-8416-4DE7-9E62-AE1371A7DE9A}.Debug|x64.Build.0 = Debug|Any CPU
		{EE681C45-8416-4DE7-9E62-AE1371A7DE9A}.Debug|x86.ActiveCfg = Debug|Any CPU
		{EE681C45-8416-4DE7-9E62-AE1371A7DE9A}.Debug|x86.Build.0 = Debug|Any CPU
		{EE681C45-8416-4DE7-9E62-AE1371A7DE9A}.DebugStageHostStageSvcProdData|Any CPU.ActiveCfg = Debug|Any CPU
		{EE681C45-8416-4DE7-9E62-AE1371A7DE9A}.DebugStageHostStageSvcProdData|Any CPU.Build.0 = Debug|Any CPU
		{EE681C45-8416-4DE7-9E62-AE1371A7DE9A}.DebugStageHostStageSvcProdData|ARM.ActiveCfg = Debug|Any CPU
		{EE681C45-8416-4DE7-9E62-AE1371A7DE9A}.DebugStageHostStageSvcProdData|ARM.Build.0 = Debug|Any CPU
		{EE681C45-8416-4DE7-9E62-AE1371A7DE9A}.DebugStageHostStageSvcProdData|x64.ActiveCfg = Debug|Any CPU
		{EE681C45-8416-4DE7-9E62-AE1371A7DE9A}.DebugStageHostStageSvcProdData|x64.Build.0 = Debug|Any CPU
		{EE681C45-8416-4DE7-9E62-AE1371A7DE9A}.DebugStageHostStageSvcProdData|x86.ActiveCfg = Debug|Any CPU
		{EE681C45-8416-4DE7-9E62-AE1371A7DE9A}.DebugStageHostStageSvcProdData|x86.Build.0 = Debug|Any CPU
		{EE681C45-8416-4DE7-9E62-AE1371A7DE9A}.LocalDebug|Any CPU.ActiveCfg = LocalDebug|Any CPU
		{EE681C45-8416-4DE7-9E62-AE1371A7DE9A}.LocalDebug|Any CPU.Build.0 = LocalDebug|Any CPU
		{EE681C45-8416-4DE7-9E62-AE1371A7DE9A}.LocalDebug|ARM.ActiveCfg = LocalDebug|Any CPU
		{EE681C45-8416-4DE7-9E62-AE1371A7DE9A}.LocalDebug|ARM.Build.0 = LocalDebug|Any CPU
		{EE681C45-8416-4DE7-9E62-AE1371A7DE9A}.LocalDebug|x64.ActiveCfg = LocalDebug|Any CPU
		{EE681C45-8416-4DE7-9E62-AE1371A7DE9A}.LocalDebug|x64.Build.0 = LocalDebug|Any CPU
		{EE681C45-8416-4DE7-9E62-AE1371A7DE9A}.LocalDebug|x86.ActiveCfg = LocalDebug|Any CPU
		{EE681C45-8416-4DE7-9E62-AE1371A7DE9A}.LocalDebug|x86.Build.0 = LocalDebug|Any CPU
		{EE681C45-8416-4DE7-9E62-AE1371A7DE9A}.LocalStaging|Any CPU.ActiveCfg = LocalDebug|Any CPU
		{EE681C45-8416-4DE7-9E62-AE1371A7DE9A}.LocalStaging|Any CPU.Build.0 = LocalDebug|Any CPU
		{EE681C45-8416-4DE7-9E62-AE1371A7DE9A}.LocalStaging|ARM.ActiveCfg = LocalDebug|Any CPU
		{EE681C45-8416-4DE7-9E62-AE1371A7DE9A}.LocalStaging|ARM.Build.0 = LocalDebug|Any CPU
		{EE681C45-8416-4DE7-9E62-AE1371A7DE9A}.LocalStaging|x64.ActiveCfg = LocalDebug|Any CPU
		{EE681C45-8416-4DE7-9E62-AE1371A7DE9A}.LocalStaging|x64.Build.0 = LocalDebug|Any CPU
		{EE681C45-8416-4DE7-9E62-AE1371A7DE9A}.LocalStaging|x86.ActiveCfg = LocalDebug|Any CPU
		{EE681C45-8416-4DE7-9E62-AE1371A7DE9A}.LocalStaging|x86.Build.0 = LocalDebug|Any CPU
		{EE681C45-8416-4DE7-9E62-AE1371A7DE9A}.Release|Any CPU.ActiveCfg = Release|Any CPU
		{EE681C45-8416-4DE7-9E62-AE1371A7DE9A}.Release|Any CPU.Build.0 = Release|Any CPU
		{EE681C45-8416-4DE7-9E62-AE1371A7DE9A}.Release|ARM.ActiveCfg = Release|Any CPU
		{EE681C45-8416-4DE7-9E62-AE1371A7DE9A}.Release|ARM.Build.0 = Release|Any CPU
		{EE681C45-8416-4DE7-9E62-AE1371A7DE9A}.Release|x64.ActiveCfg = Release|Any CPU
		{EE681C45-8416-4DE7-9E62-AE1371A7DE9A}.Release|x64.Build.0 = Release|Any CPU
		{EE681C45-8416-4DE7-9E62-AE1371A7DE9A}.Release|x86.ActiveCfg = Release|Any CPU
		{EE681C45-8416-4DE7-9E62-AE1371A7DE9A}.Release|x86.Build.0 = Release|Any CPU
		{8CC42025-D8E2-4254-ACAF-4CAA05C1EF7F}.AzureRelease|Any CPU.ActiveCfg = Release|Any CPU
		{8CC42025-D8E2-4254-ACAF-4CAA05C1EF7F}.AzureRelease|Any CPU.Build.0 = Release|Any CPU
		{8CC42025-D8E2-4254-ACAF-4CAA05C1EF7F}.AzureRelease|ARM.ActiveCfg = Release|ARM
		{8CC42025-D8E2-4254-ACAF-4CAA05C1EF7F}.AzureRelease|ARM.Build.0 = Release|ARM
		{8CC42025-D8E2-4254-ACAF-4CAA05C1EF7F}.AzureRelease|x64.ActiveCfg = Release|x64
		{8CC42025-D8E2-4254-ACAF-4CAA05C1EF7F}.AzureRelease|x64.Build.0 = Release|x64
		{8CC42025-D8E2-4254-ACAF-4CAA05C1EF7F}.AzureRelease|x86.ActiveCfg = Release|x86
		{8CC42025-D8E2-4254-ACAF-4CAA05C1EF7F}.AzureRelease|x86.Build.0 = Release|x86
		{8CC42025-D8E2-4254-ACAF-4CAA05C1EF7F}.AzureStagingDebug|Any CPU.ActiveCfg = Debug|Any CPU
		{8CC42025-D8E2-4254-ACAF-4CAA05C1EF7F}.AzureStagingDebug|Any CPU.Build.0 = Debug|Any CPU
		{8CC42025-D8E2-4254-ACAF-4CAA05C1EF7F}.AzureStagingDebug|ARM.ActiveCfg = Debug|ARM
		{8CC42025-D8E2-4254-ACAF-4CAA05C1EF7F}.AzureStagingDebug|ARM.Build.0 = Debug|ARM
		{8CC42025-D8E2-4254-ACAF-4CAA05C1EF7F}.AzureStagingDebug|x64.ActiveCfg = Debug|x64
		{8CC42025-D8E2-4254-ACAF-4CAA05C1EF7F}.AzureStagingDebug|x64.Build.0 = Debug|x64
		{8CC42025-D8E2-4254-ACAF-4CAA05C1EF7F}.AzureStagingDebug|x86.ActiveCfg = Debug|x86
		{8CC42025-D8E2-4254-ACAF-4CAA05C1EF7F}.AzureStagingDebug|x86.Build.0 = Debug|x86
		{8CC42025-D8E2-4254-ACAF-4CAA05C1EF7F}.Debug|Any CPU.ActiveCfg = Debug|Any CPU
		{8CC42025-D8E2-4254-ACAF-4CAA05C1EF7F}.Debug|Any CPU.Build.0 = Debug|Any CPU
		{8CC42025-D8E2-4254-ACAF-4CAA05C1EF7F}.Debug|ARM.ActiveCfg = Debug|ARM
		{8CC42025-D8E2-4254-ACAF-4CAA05C1EF7F}.Debug|ARM.Build.0 = Debug|ARM
		{8CC42025-D8E2-4254-ACAF-4CAA05C1EF7F}.Debug|x64.ActiveCfg = Debug|x64
		{8CC42025-D8E2-4254-ACAF-4CAA05C1EF7F}.Debug|x64.Build.0 = Debug|x64
		{8CC42025-D8E2-4254-ACAF-4CAA05C1EF7F}.Debug|x86.ActiveCfg = Debug|x86
		{8CC42025-D8E2-4254-ACAF-4CAA05C1EF7F}.Debug|x86.Build.0 = Debug|x86
		{8CC42025-D8E2-4254-ACAF-4CAA05C1EF7F}.DebugStageHostStageSvcProdData|Any CPU.ActiveCfg = Debug|Any CPU
		{8CC42025-D8E2-4254-ACAF-4CAA05C1EF7F}.DebugStageHostStageSvcProdData|Any CPU.Build.0 = Debug|Any CPU
		{8CC42025-D8E2-4254-ACAF-4CAA05C1EF7F}.DebugStageHostStageSvcProdData|ARM.ActiveCfg = Debug|ARM
		{8CC42025-D8E2-4254-ACAF-4CAA05C1EF7F}.DebugStageHostStageSvcProdData|ARM.Build.0 = Debug|ARM
		{8CC42025-D8E2-4254-ACAF-4CAA05C1EF7F}.DebugStageHostStageSvcProdData|x64.ActiveCfg = Debug|x64
		{8CC42025-D8E2-4254-ACAF-4CAA05C1EF7F}.DebugStageHostStageSvcProdData|x64.Build.0 = Debug|x64
		{8CC42025-D8E2-4254-ACAF-4CAA05C1EF7F}.DebugStageHostStageSvcProdData|x86.ActiveCfg = Debug|x86
		{8CC42025-D8E2-4254-ACAF-4CAA05C1EF7F}.DebugStageHostStageSvcProdData|x86.Build.0 = Debug|x86
		{8CC42025-D8E2-4254-ACAF-4CAA05C1EF7F}.LocalDebug|Any CPU.ActiveCfg = Debug|Any CPU
		{8CC42025-D8E2-4254-ACAF-4CAA05C1EF7F}.LocalDebug|Any CPU.Build.0 = Debug|Any CPU
		{8CC42025-D8E2-4254-ACAF-4CAA05C1EF7F}.LocalDebug|ARM.ActiveCfg = Debug|ARM
		{8CC42025-D8E2-4254-ACAF-4CAA05C1EF7F}.LocalDebug|ARM.Build.0 = Debug|ARM
		{8CC42025-D8E2-4254-ACAF-4CAA05C1EF7F}.LocalDebug|x64.ActiveCfg = Debug|x64
		{8CC42025-D8E2-4254-ACAF-4CAA05C1EF7F}.LocalDebug|x64.Build.0 = Debug|x64
		{8CC42025-D8E2-4254-ACAF-4CAA05C1EF7F}.LocalDebug|x86.ActiveCfg = Debug|x86
		{8CC42025-D8E2-4254-ACAF-4CAA05C1EF7F}.LocalDebug|x86.Build.0 = Debug|x86
		{8CC42025-D8E2-4254-ACAF-4CAA05C1EF7F}.LocalStaging|Any CPU.ActiveCfg = Release|Any CPU
		{8CC42025-D8E2-4254-ACAF-4CAA05C1EF7F}.LocalStaging|Any CPU.Build.0 = Release|Any CPU
		{8CC42025-D8E2-4254-ACAF-4CAA05C1EF7F}.LocalStaging|ARM.ActiveCfg = Release|ARM
		{8CC42025-D8E2-4254-ACAF-4CAA05C1EF7F}.LocalStaging|ARM.Build.0 = Release|ARM
		{8CC42025-D8E2-4254-ACAF-4CAA05C1EF7F}.LocalStaging|x64.ActiveCfg = Release|x64
		{8CC42025-D8E2-4254-ACAF-4CAA05C1EF7F}.LocalStaging|x64.Build.0 = Release|x64
		{8CC42025-D8E2-4254-ACAF-4CAA05C1EF7F}.LocalStaging|x86.ActiveCfg = Release|x86
		{8CC42025-D8E2-4254-ACAF-4CAA05C1EF7F}.LocalStaging|x86.Build.0 = Release|x86
		{8CC42025-D8E2-4254-ACAF-4CAA05C1EF7F}.Release|Any CPU.ActiveCfg = Release|Any CPU
		{8CC42025-D8E2-4254-ACAF-4CAA05C1EF7F}.Release|Any CPU.Build.0 = Release|Any CPU
		{8CC42025-D8E2-4254-ACAF-4CAA05C1EF7F}.Release|ARM.ActiveCfg = Release|ARM
		{8CC42025-D8E2-4254-ACAF-4CAA05C1EF7F}.Release|ARM.Build.0 = Release|ARM
		{8CC42025-D8E2-4254-ACAF-4CAA05C1EF7F}.Release|x64.ActiveCfg = Release|x64
		{8CC42025-D8E2-4254-ACAF-4CAA05C1EF7F}.Release|x64.Build.0 = Release|x64
		{8CC42025-D8E2-4254-ACAF-4CAA05C1EF7F}.Release|x86.ActiveCfg = Release|x86
		{8CC42025-D8E2-4254-ACAF-4CAA05C1EF7F}.Release|x86.Build.0 = Release|x86
		{43787649-7722-45CB-886D-C5C5F78D473A}.AzureRelease|Any CPU.ActiveCfg = Release|Any CPU
		{43787649-7722-45CB-886D-C5C5F78D473A}.AzureRelease|Any CPU.Build.0 = Release|Any CPU
		{43787649-7722-45CB-886D-C5C5F78D473A}.AzureRelease|ARM.ActiveCfg = Release|Any CPU
		{43787649-7722-45CB-886D-C5C5F78D473A}.AzureRelease|ARM.Build.0 = Release|Any CPU
		{43787649-7722-45CB-886D-C5C5F78D473A}.AzureRelease|x64.ActiveCfg = Release|Any CPU
		{43787649-7722-45CB-886D-C5C5F78D473A}.AzureRelease|x64.Build.0 = Release|Any CPU
		{43787649-7722-45CB-886D-C5C5F78D473A}.AzureRelease|x86.ActiveCfg = Release|Any CPU
		{43787649-7722-45CB-886D-C5C5F78D473A}.AzureRelease|x86.Build.0 = Release|Any CPU
		{43787649-7722-45CB-886D-C5C5F78D473A}.AzureStagingDebug|Any CPU.ActiveCfg = Debug|Any CPU
		{43787649-7722-45CB-886D-C5C5F78D473A}.AzureStagingDebug|Any CPU.Build.0 = Debug|Any CPU
		{43787649-7722-45CB-886D-C5C5F78D473A}.AzureStagingDebug|ARM.ActiveCfg = Debug|Any CPU
		{43787649-7722-45CB-886D-C5C5F78D473A}.AzureStagingDebug|ARM.Build.0 = Debug|Any CPU
		{43787649-7722-45CB-886D-C5C5F78D473A}.AzureStagingDebug|x64.ActiveCfg = Debug|Any CPU
		{43787649-7722-45CB-886D-C5C5F78D473A}.AzureStagingDebug|x64.Build.0 = Debug|Any CPU
		{43787649-7722-45CB-886D-C5C5F78D473A}.AzureStagingDebug|x86.ActiveCfg = Debug|Any CPU
		{43787649-7722-45CB-886D-C5C5F78D473A}.AzureStagingDebug|x86.Build.0 = Debug|Any CPU
		{43787649-7722-45CB-886D-C5C5F78D473A}.Debug|Any CPU.ActiveCfg = Debug|Any CPU
		{43787649-7722-45CB-886D-C5C5F78D473A}.Debug|Any CPU.Build.0 = Debug|Any CPU
		{43787649-7722-45CB-886D-C5C5F78D473A}.Debug|ARM.ActiveCfg = Debug|Any CPU
		{43787649-7722-45CB-886D-C5C5F78D473A}.Debug|ARM.Build.0 = Debug|Any CPU
		{43787649-7722-45CB-886D-C5C5F78D473A}.Debug|x64.ActiveCfg = Debug|Any CPU
		{43787649-7722-45CB-886D-C5C5F78D473A}.Debug|x64.Build.0 = Debug|Any CPU
		{43787649-7722-45CB-886D-C5C5F78D473A}.Debug|x86.ActiveCfg = Debug|Any CPU
		{43787649-7722-45CB-886D-C5C5F78D473A}.Debug|x86.Build.0 = Debug|Any CPU
		{43787649-7722-45CB-886D-C5C5F78D473A}.DebugStageHostStageSvcProdData|Any CPU.ActiveCfg = Debug|Any CPU
		{43787649-7722-45CB-886D-C5C5F78D473A}.DebugStageHostStageSvcProdData|Any CPU.Build.0 = Debug|Any CPU
		{43787649-7722-45CB-886D-C5C5F78D473A}.DebugStageHostStageSvcProdData|ARM.ActiveCfg = Debug|Any CPU
		{43787649-7722-45CB-886D-C5C5F78D473A}.DebugStageHostStageSvcProdData|ARM.Build.0 = Debug|Any CPU
		{43787649-7722-45CB-886D-C5C5F78D473A}.DebugStageHostStageSvcProdData|x64.ActiveCfg = Debug|Any CPU
		{43787649-7722-45CB-886D-C5C5F78D473A}.DebugStageHostStageSvcProdData|x64.Build.0 = Debug|Any CPU
		{43787649-7722-45CB-886D-C5C5F78D473A}.DebugStageHostStageSvcProdData|x86.ActiveCfg = Debug|Any CPU
		{43787649-7722-45CB-886D-C5C5F78D473A}.DebugStageHostStageSvcProdData|x86.Build.0 = Debug|Any CPU
		{43787649-7722-45CB-886D-C5C5F78D473A}.LocalDebug|Any CPU.ActiveCfg = Debug|Any CPU
		{43787649-7722-45CB-886D-C5C5F78D473A}.LocalDebug|Any CPU.Build.0 = Debug|Any CPU
		{43787649-7722-45CB-886D-C5C5F78D473A}.LocalDebug|ARM.ActiveCfg = Debug|Any CPU
		{43787649-7722-45CB-886D-C5C5F78D473A}.LocalDebug|ARM.Build.0 = Debug|Any CPU
		{43787649-7722-45CB-886D-C5C5F78D473A}.LocalDebug|x64.ActiveCfg = Debug|Any CPU
		{43787649-7722-45CB-886D-C5C5F78D473A}.LocalDebug|x64.Build.0 = Debug|Any CPU
		{43787649-7722-45CB-886D-C5C5F78D473A}.LocalDebug|x86.ActiveCfg = Debug|Any CPU
		{43787649-7722-45CB-886D-C5C5F78D473A}.LocalDebug|x86.Build.0 = Debug|Any CPU
		{43787649-7722-45CB-886D-C5C5F78D473A}.LocalStaging|Any CPU.ActiveCfg = Release|Any CPU
		{43787649-7722-45CB-886D-C5C5F78D473A}.LocalStaging|Any CPU.Build.0 = Release|Any CPU
		{43787649-7722-45CB-886D-C5C5F78D473A}.LocalStaging|ARM.ActiveCfg = Release|Any CPU
		{43787649-7722-45CB-886D-C5C5F78D473A}.LocalStaging|ARM.Build.0 = Release|Any CPU
		{43787649-7722-45CB-886D-C5C5F78D473A}.LocalStaging|x64.ActiveCfg = Release|Any CPU
		{43787649-7722-45CB-886D-C5C5F78D473A}.LocalStaging|x64.Build.0 = Release|Any CPU
		{43787649-7722-45CB-886D-C5C5F78D473A}.LocalStaging|x86.ActiveCfg = Release|Any CPU
		{43787649-7722-45CB-886D-C5C5F78D473A}.LocalStaging|x86.Build.0 = Release|Any CPU
		{43787649-7722-45CB-886D-C5C5F78D473A}.Release|Any CPU.ActiveCfg = Release|Any CPU
		{43787649-7722-45CB-886D-C5C5F78D473A}.Release|Any CPU.Build.0 = Release|Any CPU
		{43787649-7722-45CB-886D-C5C5F78D473A}.Release|ARM.ActiveCfg = Release|Any CPU
		{43787649-7722-45CB-886D-C5C5F78D473A}.Release|ARM.Build.0 = Release|Any CPU
		{43787649-7722-45CB-886D-C5C5F78D473A}.Release|x64.ActiveCfg = Release|Any CPU
		{43787649-7722-45CB-886D-C5C5F78D473A}.Release|x64.Build.0 = Release|Any CPU
		{43787649-7722-45CB-886D-C5C5F78D473A}.Release|x86.ActiveCfg = Release|Any CPU
		{43787649-7722-45CB-886D-C5C5F78D473A}.Release|x86.Build.0 = Release|Any CPU
		{F42C5D83-D50D-499C-BF05-B73666D60D85}.AzureRelease|Any CPU.ActiveCfg = Release|Any CPU
		{F42C5D83-D50D-499C-BF05-B73666D60D85}.AzureRelease|Any CPU.Build.0 = Release|Any CPU
		{F42C5D83-D50D-499C-BF05-B73666D60D85}.AzureRelease|Any CPU.Deploy.0 = Release|Any CPU
		{F42C5D83-D50D-499C-BF05-B73666D60D85}.AzureRelease|ARM.ActiveCfg = Release|Any CPU
		{F42C5D83-D50D-499C-BF05-B73666D60D85}.AzureRelease|ARM.Build.0 = Release|Any CPU
		{F42C5D83-D50D-499C-BF05-B73666D60D85}.AzureRelease|ARM.Deploy.0 = Release|Any CPU
		{F42C5D83-D50D-499C-BF05-B73666D60D85}.AzureRelease|x64.ActiveCfg = Release|Any CPU
		{F42C5D83-D50D-499C-BF05-B73666D60D85}.AzureRelease|x64.Build.0 = Release|Any CPU
		{F42C5D83-D50D-499C-BF05-B73666D60D85}.AzureRelease|x64.Deploy.0 = Release|Any CPU
		{F42C5D83-D50D-499C-BF05-B73666D60D85}.AzureRelease|x86.ActiveCfg = Release|Any CPU
		{F42C5D83-D50D-499C-BF05-B73666D60D85}.AzureRelease|x86.Build.0 = Release|Any CPU
		{F42C5D83-D50D-499C-BF05-B73666D60D85}.AzureRelease|x86.Deploy.0 = Release|Any CPU
		{F42C5D83-D50D-499C-BF05-B73666D60D85}.AzureStagingDebug|Any CPU.ActiveCfg = Debug|Any CPU
		{F42C5D83-D50D-499C-BF05-B73666D60D85}.AzureStagingDebug|Any CPU.Build.0 = Debug|Any CPU
		{F42C5D83-D50D-499C-BF05-B73666D60D85}.AzureStagingDebug|Any CPU.Deploy.0 = Debug|Any CPU
		{F42C5D83-D50D-499C-BF05-B73666D60D85}.AzureStagingDebug|ARM.ActiveCfg = Debug|Any CPU
		{F42C5D83-D50D-499C-BF05-B73666D60D85}.AzureStagingDebug|ARM.Build.0 = Debug|Any CPU
		{F42C5D83-D50D-499C-BF05-B73666D60D85}.AzureStagingDebug|ARM.Deploy.0 = Debug|Any CPU
		{F42C5D83-D50D-499C-BF05-B73666D60D85}.AzureStagingDebug|x64.ActiveCfg = Debug|Any CPU
		{F42C5D83-D50D-499C-BF05-B73666D60D85}.AzureStagingDebug|x64.Build.0 = Debug|Any CPU
		{F42C5D83-D50D-499C-BF05-B73666D60D85}.AzureStagingDebug|x64.Deploy.0 = Debug|Any CPU
		{F42C5D83-D50D-499C-BF05-B73666D60D85}.AzureStagingDebug|x86.ActiveCfg = Debug|Any CPU
		{F42C5D83-D50D-499C-BF05-B73666D60D85}.AzureStagingDebug|x86.Build.0 = Debug|Any CPU
		{F42C5D83-D50D-499C-BF05-B73666D60D85}.AzureStagingDebug|x86.Deploy.0 = Debug|Any CPU
		{F42C5D83-D50D-499C-BF05-B73666D60D85}.Debug|Any CPU.ActiveCfg = Debug|Any CPU
		{F42C5D83-D50D-499C-BF05-B73666D60D85}.Debug|Any CPU.Build.0 = Debug|Any CPU
		{F42C5D83-D50D-499C-BF05-B73666D60D85}.Debug|Any CPU.Deploy.0 = Debug|Any CPU
		{F42C5D83-D50D-499C-BF05-B73666D60D85}.Debug|ARM.ActiveCfg = Debug|Any CPU
		{F42C5D83-D50D-499C-BF05-B73666D60D85}.Debug|ARM.Build.0 = Debug|Any CPU
		{F42C5D83-D50D-499C-BF05-B73666D60D85}.Debug|ARM.Deploy.0 = Debug|Any CPU
		{F42C5D83-D50D-499C-BF05-B73666D60D85}.Debug|x64.ActiveCfg = Debug|Any CPU
		{F42C5D83-D50D-499C-BF05-B73666D60D85}.Debug|x64.Build.0 = Debug|Any CPU
		{F42C5D83-D50D-499C-BF05-B73666D60D85}.Debug|x64.Deploy.0 = Debug|Any CPU
		{F42C5D83-D50D-499C-BF05-B73666D60D85}.Debug|x86.ActiveCfg = Debug|Any CPU
		{F42C5D83-D50D-499C-BF05-B73666D60D85}.Debug|x86.Build.0 = Debug|Any CPU
		{F42C5D83-D50D-499C-BF05-B73666D60D85}.Debug|x86.Deploy.0 = Debug|Any CPU
		{F42C5D83-D50D-499C-BF05-B73666D60D85}.DebugStageHostStageSvcProdData|Any CPU.ActiveCfg = Debug|Any CPU
		{F42C5D83-D50D-499C-BF05-B73666D60D85}.DebugStageHostStageSvcProdData|Any CPU.Build.0 = Debug|Any CPU
		{F42C5D83-D50D-499C-BF05-B73666D60D85}.DebugStageHostStageSvcProdData|Any CPU.Deploy.0 = Debug|Any CPU
		{F42C5D83-D50D-499C-BF05-B73666D60D85}.DebugStageHostStageSvcProdData|ARM.ActiveCfg = Debug|Any CPU
		{F42C5D83-D50D-499C-BF05-B73666D60D85}.DebugStageHostStageSvcProdData|ARM.Build.0 = Debug|Any CPU
		{F42C5D83-D50D-499C-BF05-B73666D60D85}.DebugStageHostStageSvcProdData|ARM.Deploy.0 = Debug|Any CPU
		{F42C5D83-D50D-499C-BF05-B73666D60D85}.DebugStageHostStageSvcProdData|x64.ActiveCfg = Debug|Any CPU
		{F42C5D83-D50D-499C-BF05-B73666D60D85}.DebugStageHostStageSvcProdData|x64.Build.0 = Debug|Any CPU
		{F42C5D83-D50D-499C-BF05-B73666D60D85}.DebugStageHostStageSvcProdData|x64.Deploy.0 = Debug|Any CPU
		{F42C5D83-D50D-499C-BF05-B73666D60D85}.DebugStageHostStageSvcProdData|x86.ActiveCfg = Debug|Any CPU
		{F42C5D83-D50D-499C-BF05-B73666D60D85}.DebugStageHostStageSvcProdData|x86.Build.0 = Debug|Any CPU
		{F42C5D83-D50D-499C-BF05-B73666D60D85}.DebugStageHostStageSvcProdData|x86.Deploy.0 = Debug|Any CPU
		{F42C5D83-D50D-499C-BF05-B73666D60D85}.LocalDebug|Any CPU.ActiveCfg = Debug|Any CPU
		{F42C5D83-D50D-499C-BF05-B73666D60D85}.LocalDebug|Any CPU.Build.0 = Debug|Any CPU
		{F42C5D83-D50D-499C-BF05-B73666D60D85}.LocalDebug|Any CPU.Deploy.0 = Debug|Any CPU
		{F42C5D83-D50D-499C-BF05-B73666D60D85}.LocalDebug|ARM.ActiveCfg = Debug|Any CPU
		{F42C5D83-D50D-499C-BF05-B73666D60D85}.LocalDebug|ARM.Build.0 = Debug|Any CPU
		{F42C5D83-D50D-499C-BF05-B73666D60D85}.LocalDebug|ARM.Deploy.0 = Debug|Any CPU
		{F42C5D83-D50D-499C-BF05-B73666D60D85}.LocalDebug|x64.ActiveCfg = Debug|Any CPU
		{F42C5D83-D50D-499C-BF05-B73666D60D85}.LocalDebug|x64.Build.0 = Debug|Any CPU
		{F42C5D83-D50D-499C-BF05-B73666D60D85}.LocalDebug|x64.Deploy.0 = Debug|Any CPU
		{F42C5D83-D50D-499C-BF05-B73666D60D85}.LocalDebug|x86.ActiveCfg = Debug|Any CPU
		{F42C5D83-D50D-499C-BF05-B73666D60D85}.LocalDebug|x86.Build.0 = Debug|Any CPU
		{F42C5D83-D50D-499C-BF05-B73666D60D85}.LocalDebug|x86.Deploy.0 = Debug|Any CPU
		{F42C5D83-D50D-499C-BF05-B73666D60D85}.LocalStaging|Any CPU.ActiveCfg = Release|Any CPU
		{F42C5D83-D50D-499C-BF05-B73666D60D85}.LocalStaging|Any CPU.Build.0 = Release|Any CPU
		{F42C5D83-D50D-499C-BF05-B73666D60D85}.LocalStaging|Any CPU.Deploy.0 = Release|Any CPU
		{F42C5D83-D50D-499C-BF05-B73666D60D85}.LocalStaging|ARM.ActiveCfg = Release|Any CPU
		{F42C5D83-D50D-499C-BF05-B73666D60D85}.LocalStaging|ARM.Build.0 = Release|Any CPU
		{F42C5D83-D50D-499C-BF05-B73666D60D85}.LocalStaging|ARM.Deploy.0 = Release|Any CPU
		{F42C5D83-D50D-499C-BF05-B73666D60D85}.LocalStaging|x64.ActiveCfg = Release|Any CPU
		{F42C5D83-D50D-499C-BF05-B73666D60D85}.LocalStaging|x64.Build.0 = Release|Any CPU
		{F42C5D83-D50D-499C-BF05-B73666D60D85}.LocalStaging|x64.Deploy.0 = Release|Any CPU
		{F42C5D83-D50D-499C-BF05-B73666D60D85}.LocalStaging|x86.ActiveCfg = Release|Any CPU
		{F42C5D83-D50D-499C-BF05-B73666D60D85}.LocalStaging|x86.Build.0 = Release|Any CPU
		{F42C5D83-D50D-499C-BF05-B73666D60D85}.LocalStaging|x86.Deploy.0 = Release|Any CPU
		{F42C5D83-D50D-499C-BF05-B73666D60D85}.Release|Any CPU.ActiveCfg = Release|Any CPU
		{F42C5D83-D50D-499C-BF05-B73666D60D85}.Release|Any CPU.Build.0 = Release|Any CPU
		{F42C5D83-D50D-499C-BF05-B73666D60D85}.Release|Any CPU.Deploy.0 = Release|Any CPU
		{F42C5D83-D50D-499C-BF05-B73666D60D85}.Release|ARM.ActiveCfg = Release|Any CPU
		{F42C5D83-D50D-499C-BF05-B73666D60D85}.Release|ARM.Build.0 = Release|Any CPU
		{F42C5D83-D50D-499C-BF05-B73666D60D85}.Release|ARM.Deploy.0 = Release|Any CPU
		{F42C5D83-D50D-499C-BF05-B73666D60D85}.Release|x64.ActiveCfg = Release|Any CPU
		{F42C5D83-D50D-499C-BF05-B73666D60D85}.Release|x64.Build.0 = Release|Any CPU
		{F42C5D83-D50D-499C-BF05-B73666D60D85}.Release|x64.Deploy.0 = Release|Any CPU
		{F42C5D83-D50D-499C-BF05-B73666D60D85}.Release|x86.ActiveCfg = Release|Any CPU
		{F42C5D83-D50D-499C-BF05-B73666D60D85}.Release|x86.Build.0 = Release|Any CPU
		{F42C5D83-D50D-499C-BF05-B73666D60D85}.Release|x86.Deploy.0 = Release|Any CPU
		{AC17589E-C817-4FA8-B3EC-CCEB25E55E59}.AzureRelease|Any CPU.ActiveCfg = Release|Any CPU
		{AC17589E-C817-4FA8-B3EC-CCEB25E55E59}.AzureRelease|Any CPU.Build.0 = Release|Any CPU
		{AC17589E-C817-4FA8-B3EC-CCEB25E55E59}.AzureRelease|ARM.ActiveCfg = Release|Any CPU
		{AC17589E-C817-4FA8-B3EC-CCEB25E55E59}.AzureRelease|ARM.Build.0 = Release|Any CPU
		{AC17589E-C817-4FA8-B3EC-CCEB25E55E59}.AzureRelease|x64.ActiveCfg = Release|Any CPU
		{AC17589E-C817-4FA8-B3EC-CCEB25E55E59}.AzureRelease|x64.Build.0 = Release|Any CPU
		{AC17589E-C817-4FA8-B3EC-CCEB25E55E59}.AzureRelease|x86.ActiveCfg = Release|Any CPU
		{AC17589E-C817-4FA8-B3EC-CCEB25E55E59}.AzureRelease|x86.Build.0 = Release|Any CPU
		{AC17589E-C817-4FA8-B3EC-CCEB25E55E59}.AzureStagingDebug|Any CPU.ActiveCfg = Debug|Any CPU
		{AC17589E-C817-4FA8-B3EC-CCEB25E55E59}.AzureStagingDebug|Any CPU.Build.0 = Debug|Any CPU
		{AC17589E-C817-4FA8-B3EC-CCEB25E55E59}.AzureStagingDebug|ARM.ActiveCfg = Debug|Any CPU
		{AC17589E-C817-4FA8-B3EC-CCEB25E55E59}.AzureStagingDebug|ARM.Build.0 = Debug|Any CPU
		{AC17589E-C817-4FA8-B3EC-CCEB25E55E59}.AzureStagingDebug|x64.ActiveCfg = Debug|Any CPU
		{AC17589E-C817-4FA8-B3EC-CCEB25E55E59}.AzureStagingDebug|x64.Build.0 = Debug|Any CPU
		{AC17589E-C817-4FA8-B3EC-CCEB25E55E59}.AzureStagingDebug|x86.ActiveCfg = Debug|Any CPU
		{AC17589E-C817-4FA8-B3EC-CCEB25E55E59}.AzureStagingDebug|x86.Build.0 = Debug|Any CPU
		{AC17589E-C817-4FA8-B3EC-CCEB25E55E59}.Debug|Any CPU.ActiveCfg = Debug|Any CPU
		{AC17589E-C817-4FA8-B3EC-CCEB25E55E59}.Debug|Any CPU.Build.0 = Debug|Any CPU
		{AC17589E-C817-4FA8-B3EC-CCEB25E55E59}.Debug|ARM.ActiveCfg = Debug|Any CPU
		{AC17589E-C817-4FA8-B3EC-CCEB25E55E59}.Debug|ARM.Build.0 = Debug|Any CPU
		{AC17589E-C817-4FA8-B3EC-CCEB25E55E59}.Debug|x64.ActiveCfg = Debug|Any CPU
		{AC17589E-C817-4FA8-B3EC-CCEB25E55E59}.Debug|x64.Build.0 = Debug|Any CPU
		{AC17589E-C817-4FA8-B3EC-CCEB25E55E59}.Debug|x86.ActiveCfg = Debug|Any CPU
		{AC17589E-C817-4FA8-B3EC-CCEB25E55E59}.Debug|x86.Build.0 = Debug|Any CPU
		{AC17589E-C817-4FA8-B3EC-CCEB25E55E59}.DebugStageHostStageSvcProdData|Any CPU.ActiveCfg = Debug|Any CPU
		{AC17589E-C817-4FA8-B3EC-CCEB25E55E59}.DebugStageHostStageSvcProdData|Any CPU.Build.0 = Debug|Any CPU
		{AC17589E-C817-4FA8-B3EC-CCEB25E55E59}.DebugStageHostStageSvcProdData|ARM.ActiveCfg = Debug|Any CPU
		{AC17589E-C817-4FA8-B3EC-CCEB25E55E59}.DebugStageHostStageSvcProdData|ARM.Build.0 = Debug|Any CPU
		{AC17589E-C817-4FA8-B3EC-CCEB25E55E59}.DebugStageHostStageSvcProdData|x64.ActiveCfg = Debug|Any CPU
		{AC17589E-C817-4FA8-B3EC-CCEB25E55E59}.DebugStageHostStageSvcProdData|x64.Build.0 = Debug|Any CPU
		{AC17589E-C817-4FA8-B3EC-CCEB25E55E59}.DebugStageHostStageSvcProdData|x86.ActiveCfg = Debug|Any CPU
		{AC17589E-C817-4FA8-B3EC-CCEB25E55E59}.DebugStageHostStageSvcProdData|x86.Build.0 = Debug|Any CPU
		{AC17589E-C817-4FA8-B3EC-CCEB25E55E59}.LocalDebug|Any CPU.ActiveCfg = Debug|Any CPU
		{AC17589E-C817-4FA8-B3EC-CCEB25E55E59}.LocalDebug|Any CPU.Build.0 = Debug|Any CPU
		{AC17589E-C817-4FA8-B3EC-CCEB25E55E59}.LocalDebug|ARM.ActiveCfg = Debug|Any CPU
		{AC17589E-C817-4FA8-B3EC-CCEB25E55E59}.LocalDebug|ARM.Build.0 = Debug|Any CPU
		{AC17589E-C817-4FA8-B3EC-CCEB25E55E59}.LocalDebug|x64.ActiveCfg = Debug|Any CPU
		{AC17589E-C817-4FA8-B3EC-CCEB25E55E59}.LocalDebug|x64.Build.0 = Debug|Any CPU
		{AC17589E-C817-4FA8-B3EC-CCEB25E55E59}.LocalDebug|x86.ActiveCfg = Debug|Any CPU
		{AC17589E-C817-4FA8-B3EC-CCEB25E55E59}.LocalDebug|x86.Build.0 = Debug|Any CPU
		{AC17589E-C817-4FA8-B3EC-CCEB25E55E59}.LocalStaging|Any CPU.ActiveCfg = Release|Any CPU
		{AC17589E-C817-4FA8-B3EC-CCEB25E55E59}.LocalStaging|Any CPU.Build.0 = Release|Any CPU
		{AC17589E-C817-4FA8-B3EC-CCEB25E55E59}.LocalStaging|ARM.ActiveCfg = Release|Any CPU
		{AC17589E-C817-4FA8-B3EC-CCEB25E55E59}.LocalStaging|ARM.Build.0 = Release|Any CPU
		{AC17589E-C817-4FA8-B3EC-CCEB25E55E59}.LocalStaging|x64.ActiveCfg = Release|Any CPU
		{AC17589E-C817-4FA8-B3EC-CCEB25E55E59}.LocalStaging|x64.Build.0 = Release|Any CPU
		{AC17589E-C817-4FA8-B3EC-CCEB25E55E59}.LocalStaging|x86.ActiveCfg = Release|Any CPU
		{AC17589E-C817-4FA8-B3EC-CCEB25E55E59}.LocalStaging|x86.Build.0 = Release|Any CPU
		{AC17589E-C817-4FA8-B3EC-CCEB25E55E59}.Release|Any CPU.ActiveCfg = Release|Any CPU
		{AC17589E-C817-4FA8-B3EC-CCEB25E55E59}.Release|Any CPU.Build.0 = Release|Any CPU
		{AC17589E-C817-4FA8-B3EC-CCEB25E55E59}.Release|ARM.ActiveCfg = Release|Any CPU
		{AC17589E-C817-4FA8-B3EC-CCEB25E55E59}.Release|ARM.Build.0 = Release|Any CPU
		{AC17589E-C817-4FA8-B3EC-CCEB25E55E59}.Release|x64.ActiveCfg = Release|Any CPU
		{AC17589E-C817-4FA8-B3EC-CCEB25E55E59}.Release|x64.Build.0 = Release|Any CPU
		{AC17589E-C817-4FA8-B3EC-CCEB25E55E59}.Release|x86.ActiveCfg = Release|Any CPU
		{AC17589E-C817-4FA8-B3EC-CCEB25E55E59}.Release|x86.Build.0 = Release|Any CPU
		{6FD0ED2F-1156-424E-B35C-1AB71345B726}.AzureRelease|Any CPU.ActiveCfg = Release|Any CPU
		{6FD0ED2F-1156-424E-B35C-1AB71345B726}.AzureRelease|Any CPU.Build.0 = Release|Any CPU
		{6FD0ED2F-1156-424E-B35C-1AB71345B726}.AzureRelease|ARM.ActiveCfg = Release|Any CPU
		{6FD0ED2F-1156-424E-B35C-1AB71345B726}.AzureRelease|ARM.Build.0 = Release|Any CPU
		{6FD0ED2F-1156-424E-B35C-1AB71345B726}.AzureRelease|x64.ActiveCfg = Release|Any CPU
		{6FD0ED2F-1156-424E-B35C-1AB71345B726}.AzureRelease|x64.Build.0 = Release|Any CPU
		{6FD0ED2F-1156-424E-B35C-1AB71345B726}.AzureRelease|x86.ActiveCfg = Release|Any CPU
		{6FD0ED2F-1156-424E-B35C-1AB71345B726}.AzureRelease|x86.Build.0 = Release|Any CPU
		{6FD0ED2F-1156-424E-B35C-1AB71345B726}.AzureStagingDebug|Any CPU.ActiveCfg = Debug|Any CPU
		{6FD0ED2F-1156-424E-B35C-1AB71345B726}.AzureStagingDebug|Any CPU.Build.0 = Debug|Any CPU
		{6FD0ED2F-1156-424E-B35C-1AB71345B726}.AzureStagingDebug|ARM.ActiveCfg = Debug|Any CPU
		{6FD0ED2F-1156-424E-B35C-1AB71345B726}.AzureStagingDebug|ARM.Build.0 = Debug|Any CPU
		{6FD0ED2F-1156-424E-B35C-1AB71345B726}.AzureStagingDebug|x64.ActiveCfg = Debug|Any CPU
		{6FD0ED2F-1156-424E-B35C-1AB71345B726}.AzureStagingDebug|x64.Build.0 = Debug|Any CPU
		{6FD0ED2F-1156-424E-B35C-1AB71345B726}.AzureStagingDebug|x86.ActiveCfg = Debug|Any CPU
		{6FD0ED2F-1156-424E-B35C-1AB71345B726}.AzureStagingDebug|x86.Build.0 = Debug|Any CPU
		{6FD0ED2F-1156-424E-B35C-1AB71345B726}.Debug|Any CPU.ActiveCfg = Debug|Any CPU
		{6FD0ED2F-1156-424E-B35C-1AB71345B726}.Debug|Any CPU.Build.0 = Debug|Any CPU
		{6FD0ED2F-1156-424E-B35C-1AB71345B726}.Debug|ARM.ActiveCfg = Debug|Any CPU
		{6FD0ED2F-1156-424E-B35C-1AB71345B726}.Debug|ARM.Build.0 = Debug|Any CPU
		{6FD0ED2F-1156-424E-B35C-1AB71345B726}.Debug|x64.ActiveCfg = Debug|Any CPU
		{6FD0ED2F-1156-424E-B35C-1AB71345B726}.Debug|x64.Build.0 = Debug|Any CPU
		{6FD0ED2F-1156-424E-B35C-1AB71345B726}.Debug|x86.ActiveCfg = Debug|Any CPU
		{6FD0ED2F-1156-424E-B35C-1AB71345B726}.Debug|x86.Build.0 = Debug|Any CPU
		{6FD0ED2F-1156-424E-B35C-1AB71345B726}.DebugStageHostStageSvcProdData|Any CPU.ActiveCfg = Debug|Any CPU
		{6FD0ED2F-1156-424E-B35C-1AB71345B726}.DebugStageHostStageSvcProdData|Any CPU.Build.0 = Debug|Any CPU
		{6FD0ED2F-1156-424E-B35C-1AB71345B726}.DebugStageHostStageSvcProdData|ARM.ActiveCfg = Debug|Any CPU
		{6FD0ED2F-1156-424E-B35C-1AB71345B726}.DebugStageHostStageSvcProdData|ARM.Build.0 = Debug|Any CPU
		{6FD0ED2F-1156-424E-B35C-1AB71345B726}.DebugStageHostStageSvcProdData|x64.ActiveCfg = Debug|Any CPU
		{6FD0ED2F-1156-424E-B35C-1AB71345B726}.DebugStageHostStageSvcProdData|x64.Build.0 = Debug|Any CPU
		{6FD0ED2F-1156-424E-B35C-1AB71345B726}.DebugStageHostStageSvcProdData|x86.ActiveCfg = Debug|Any CPU
		{6FD0ED2F-1156-424E-B35C-1AB71345B726}.DebugStageHostStageSvcProdData|x86.Build.0 = Debug|Any CPU
		{6FD0ED2F-1156-424E-B35C-1AB71345B726}.LocalDebug|Any CPU.ActiveCfg = Debug|Any CPU
		{6FD0ED2F-1156-424E-B35C-1AB71345B726}.LocalDebug|Any CPU.Build.0 = Debug|Any CPU
		{6FD0ED2F-1156-424E-B35C-1AB71345B726}.LocalDebug|ARM.ActiveCfg = Debug|Any CPU
		{6FD0ED2F-1156-424E-B35C-1AB71345B726}.LocalDebug|ARM.Build.0 = Debug|Any CPU
		{6FD0ED2F-1156-424E-B35C-1AB71345B726}.LocalDebug|x64.ActiveCfg = Debug|Any CPU
		{6FD0ED2F-1156-424E-B35C-1AB71345B726}.LocalDebug|x64.Build.0 = Debug|Any CPU
		{6FD0ED2F-1156-424E-B35C-1AB71345B726}.LocalDebug|x86.ActiveCfg = Debug|Any CPU
		{6FD0ED2F-1156-424E-B35C-1AB71345B726}.LocalDebug|x86.Build.0 = Debug|Any CPU
		{6FD0ED2F-1156-424E-B35C-1AB71345B726}.LocalStaging|Any CPU.ActiveCfg = Release|Any CPU
		{6FD0ED2F-1156-424E-B35C-1AB71345B726}.LocalStaging|Any CPU.Build.0 = Release|Any CPU
		{6FD0ED2F-1156-424E-B35C-1AB71345B726}.LocalStaging|ARM.ActiveCfg = Release|Any CPU
		{6FD0ED2F-1156-424E-B35C-1AB71345B726}.LocalStaging|ARM.Build.0 = Release|Any CPU
		{6FD0ED2F-1156-424E-B35C-1AB71345B726}.LocalStaging|x64.ActiveCfg = Release|Any CPU
		{6FD0ED2F-1156-424E-B35C-1AB71345B726}.LocalStaging|x64.Build.0 = Release|Any CPU
		{6FD0ED2F-1156-424E-B35C-1AB71345B726}.LocalStaging|x86.ActiveCfg = Release|Any CPU
		{6FD0ED2F-1156-424E-B35C-1AB71345B726}.LocalStaging|x86.Build.0 = Release|Any CPU
		{6FD0ED2F-1156-424E-B35C-1AB71345B726}.Release|Any CPU.ActiveCfg = Release|Any CPU
		{6FD0ED2F-1156-424E-B35C-1AB71345B726}.Release|Any CPU.Build.0 = Release|Any CPU
		{6FD0ED2F-1156-424E-B35C-1AB71345B726}.Release|ARM.ActiveCfg = Release|Any CPU
		{6FD0ED2F-1156-424E-B35C-1AB71345B726}.Release|ARM.Build.0 = Release|Any CPU
		{6FD0ED2F-1156-424E-B35C-1AB71345B726}.Release|x64.ActiveCfg = Release|Any CPU
		{6FD0ED2F-1156-424E-B35C-1AB71345B726}.Release|x64.Build.0 = Release|Any CPU
		{6FD0ED2F-1156-424E-B35C-1AB71345B726}.Release|x86.ActiveCfg = Release|Any CPU
		{6FD0ED2F-1156-424E-B35C-1AB71345B726}.Release|x86.Build.0 = Release|Any CPU
		{91D7AD8B-4646-435F-BA19-B1E089D74D41}.AzureRelease|Any CPU.ActiveCfg = Release|Any CPU
		{91D7AD8B-4646-435F-BA19-B1E089D74D41}.AzureRelease|Any CPU.Build.0 = Release|Any CPU
		{91D7AD8B-4646-435F-BA19-B1E089D74D41}.AzureRelease|ARM.ActiveCfg = Release|Any CPU
		{91D7AD8B-4646-435F-BA19-B1E089D74D41}.AzureRelease|ARM.Build.0 = Release|Any CPU
		{91D7AD8B-4646-435F-BA19-B1E089D74D41}.AzureRelease|x64.ActiveCfg = Release|Any CPU
		{91D7AD8B-4646-435F-BA19-B1E089D74D41}.AzureRelease|x64.Build.0 = Release|Any CPU
		{91D7AD8B-4646-435F-BA19-B1E089D74D41}.AzureRelease|x86.ActiveCfg = Release|Any CPU
		{91D7AD8B-4646-435F-BA19-B1E089D74D41}.AzureRelease|x86.Build.0 = Release|Any CPU
		{91D7AD8B-4646-435F-BA19-B1E089D74D41}.AzureStagingDebug|Any CPU.ActiveCfg = Debug|Any CPU
		{91D7AD8B-4646-435F-BA19-B1E089D74D41}.AzureStagingDebug|Any CPU.Build.0 = Debug|Any CPU
		{91D7AD8B-4646-435F-BA19-B1E089D74D41}.AzureStagingDebug|ARM.ActiveCfg = Debug|Any CPU
		{91D7AD8B-4646-435F-BA19-B1E089D74D41}.AzureStagingDebug|ARM.Build.0 = Debug|Any CPU
		{91D7AD8B-4646-435F-BA19-B1E089D74D41}.AzureStagingDebug|x64.ActiveCfg = Debug|Any CPU
		{91D7AD8B-4646-435F-BA19-B1E089D74D41}.AzureStagingDebug|x64.Build.0 = Debug|Any CPU
		{91D7AD8B-4646-435F-BA19-B1E089D74D41}.AzureStagingDebug|x86.ActiveCfg = Debug|Any CPU
		{91D7AD8B-4646-435F-BA19-B1E089D74D41}.AzureStagingDebug|x86.Build.0 = Debug|Any CPU
		{91D7AD8B-4646-435F-BA19-B1E089D74D41}.Debug|Any CPU.ActiveCfg = Debug|Any CPU
		{91D7AD8B-4646-435F-BA19-B1E089D74D41}.Debug|Any CPU.Build.0 = Debug|Any CPU
		{91D7AD8B-4646-435F-BA19-B1E089D74D41}.Debug|ARM.ActiveCfg = Debug|Any CPU
		{91D7AD8B-4646-435F-BA19-B1E089D74D41}.Debug|ARM.Build.0 = Debug|Any CPU
		{91D7AD8B-4646-435F-BA19-B1E089D74D41}.Debug|x64.ActiveCfg = Debug|Any CPU
		{91D7AD8B-4646-435F-BA19-B1E089D74D41}.Debug|x64.Build.0 = Debug|Any CPU
		{91D7AD8B-4646-435F-BA19-B1E089D74D41}.Debug|x86.ActiveCfg = Debug|Any CPU
		{91D7AD8B-4646-435F-BA19-B1E089D74D41}.Debug|x86.Build.0 = Debug|Any CPU
		{91D7AD8B-4646-435F-BA19-B1E089D74D41}.DebugStageHostStageSvcProdData|Any CPU.ActiveCfg = DebugStageHostStageSvcProdData|Any CPU
		{91D7AD8B-4646-435F-BA19-B1E089D74D41}.DebugStageHostStageSvcProdData|Any CPU.Build.0 = DebugStageHostStageSvcProdData|Any CPU
		{91D7AD8B-4646-435F-BA19-B1E089D74D41}.DebugStageHostStageSvcProdData|ARM.ActiveCfg = Debug|Any CPU
		{91D7AD8B-4646-435F-BA19-B1E089D74D41}.DebugStageHostStageSvcProdData|ARM.Build.0 = Debug|Any CPU
		{91D7AD8B-4646-435F-BA19-B1E089D74D41}.DebugStageHostStageSvcProdData|x64.ActiveCfg = Debug|Any CPU
		{91D7AD8B-4646-435F-BA19-B1E089D74D41}.DebugStageHostStageSvcProdData|x64.Build.0 = Debug|Any CPU
		{91D7AD8B-4646-435F-BA19-B1E089D74D41}.DebugStageHostStageSvcProdData|x86.ActiveCfg = Debug|Any CPU
		{91D7AD8B-4646-435F-BA19-B1E089D74D41}.DebugStageHostStageSvcProdData|x86.Build.0 = Debug|Any CPU
		{91D7AD8B-4646-435F-BA19-B1E089D74D41}.LocalDebug|Any CPU.ActiveCfg = Debug|Any CPU
		{91D7AD8B-4646-435F-BA19-B1E089D74D41}.LocalDebug|Any CPU.Build.0 = Debug|Any CPU
		{91D7AD8B-4646-435F-BA19-B1E089D74D41}.LocalDebug|ARM.ActiveCfg = Debug|Any CPU
		{91D7AD8B-4646-435F-BA19-B1E089D74D41}.LocalDebug|ARM.Build.0 = Debug|Any CPU
		{91D7AD8B-4646-435F-BA19-B1E089D74D41}.LocalDebug|x64.ActiveCfg = Debug|Any CPU
		{91D7AD8B-4646-435F-BA19-B1E089D74D41}.LocalDebug|x64.Build.0 = Debug|Any CPU
		{91D7AD8B-4646-435F-BA19-B1E089D74D41}.LocalDebug|x86.ActiveCfg = Debug|Any CPU
		{91D7AD8B-4646-435F-BA19-B1E089D74D41}.LocalDebug|x86.Build.0 = Debug|Any CPU
		{91D7AD8B-4646-435F-BA19-B1E089D74D41}.LocalStaging|Any CPU.ActiveCfg = Release|Any CPU
		{91D7AD8B-4646-435F-BA19-B1E089D74D41}.LocalStaging|Any CPU.Build.0 = Release|Any CPU
		{91D7AD8B-4646-435F-BA19-B1E089D74D41}.LocalStaging|ARM.ActiveCfg = Release|Any CPU
		{91D7AD8B-4646-435F-BA19-B1E089D74D41}.LocalStaging|ARM.Build.0 = Release|Any CPU
		{91D7AD8B-4646-435F-BA19-B1E089D74D41}.LocalStaging|x64.ActiveCfg = Release|Any CPU
		{91D7AD8B-4646-435F-BA19-B1E089D74D41}.LocalStaging|x64.Build.0 = Release|Any CPU
		{91D7AD8B-4646-435F-BA19-B1E089D74D41}.LocalStaging|x86.ActiveCfg = Release|Any CPU
		{91D7AD8B-4646-435F-BA19-B1E089D74D41}.LocalStaging|x86.Build.0 = Release|Any CPU
		{91D7AD8B-4646-435F-BA19-B1E089D74D41}.Release|Any CPU.ActiveCfg = Release|Any CPU
		{91D7AD8B-4646-435F-BA19-B1E089D74D41}.Release|Any CPU.Build.0 = Release|Any CPU
		{91D7AD8B-4646-435F-BA19-B1E089D74D41}.Release|ARM.ActiveCfg = Release|Any CPU
		{91D7AD8B-4646-435F-BA19-B1E089D74D41}.Release|ARM.Build.0 = Release|Any CPU
		{91D7AD8B-4646-435F-BA19-B1E089D74D41}.Release|x64.ActiveCfg = Release|Any CPU
		{91D7AD8B-4646-435F-BA19-B1E089D74D41}.Release|x64.Build.0 = Release|Any CPU
		{91D7AD8B-4646-435F-BA19-B1E089D74D41}.Release|x86.ActiveCfg = Release|Any CPU
		{91D7AD8B-4646-435F-BA19-B1E089D74D41}.Release|x86.Build.0 = Release|Any CPU
		{85C5DE2B-7D29-4744-9406-98858DBC5B33}.AzureRelease|Any CPU.ActiveCfg = Release|Any CPU
		{85C5DE2B-7D29-4744-9406-98858DBC5B33}.AzureRelease|Any CPU.Build.0 = Release|Any CPU
		{85C5DE2B-7D29-4744-9406-98858DBC5B33}.AzureRelease|ARM.ActiveCfg = Release|Any CPU
		{85C5DE2B-7D29-4744-9406-98858DBC5B33}.AzureRelease|ARM.Build.0 = Release|Any CPU
		{85C5DE2B-7D29-4744-9406-98858DBC5B33}.AzureRelease|x64.ActiveCfg = Release|Any CPU
		{85C5DE2B-7D29-4744-9406-98858DBC5B33}.AzureRelease|x64.Build.0 = Release|Any CPU
		{85C5DE2B-7D29-4744-9406-98858DBC5B33}.AzureRelease|x86.ActiveCfg = Release|Any CPU
		{85C5DE2B-7D29-4744-9406-98858DBC5B33}.AzureRelease|x86.Build.0 = Release|Any CPU
		{85C5DE2B-7D29-4744-9406-98858DBC5B33}.AzureStagingDebug|Any CPU.ActiveCfg = Debug|Any CPU
		{85C5DE2B-7D29-4744-9406-98858DBC5B33}.AzureStagingDebug|Any CPU.Build.0 = Debug|Any CPU
		{85C5DE2B-7D29-4744-9406-98858DBC5B33}.AzureStagingDebug|ARM.ActiveCfg = Debug|Any CPU
		{85C5DE2B-7D29-4744-9406-98858DBC5B33}.AzureStagingDebug|ARM.Build.0 = Debug|Any CPU
		{85C5DE2B-7D29-4744-9406-98858DBC5B33}.AzureStagingDebug|x64.ActiveCfg = Debug|Any CPU
		{85C5DE2B-7D29-4744-9406-98858DBC5B33}.AzureStagingDebug|x64.Build.0 = Debug|Any CPU
		{85C5DE2B-7D29-4744-9406-98858DBC5B33}.AzureStagingDebug|x86.ActiveCfg = Debug|Any CPU
		{85C5DE2B-7D29-4744-9406-98858DBC5B33}.AzureStagingDebug|x86.Build.0 = Debug|Any CPU
		{85C5DE2B-7D29-4744-9406-98858DBC5B33}.Debug|Any CPU.ActiveCfg = Debug|Any CPU
		{85C5DE2B-7D29-4744-9406-98858DBC5B33}.Debug|Any CPU.Build.0 = Debug|Any CPU
		{85C5DE2B-7D29-4744-9406-98858DBC5B33}.Debug|ARM.ActiveCfg = Debug|Any CPU
		{85C5DE2B-7D29-4744-9406-98858DBC5B33}.Debug|ARM.Build.0 = Debug|Any CPU
		{85C5DE2B-7D29-4744-9406-98858DBC5B33}.Debug|x64.ActiveCfg = Debug|Any CPU
		{85C5DE2B-7D29-4744-9406-98858DBC5B33}.Debug|x64.Build.0 = Debug|Any CPU
		{85C5DE2B-7D29-4744-9406-98858DBC5B33}.Debug|x86.ActiveCfg = Debug|Any CPU
		{85C5DE2B-7D29-4744-9406-98858DBC5B33}.Debug|x86.Build.0 = Debug|Any CPU
		{85C5DE2B-7D29-4744-9406-98858DBC5B33}.DebugStageHostStageSvcProdData|Any CPU.ActiveCfg = Debug|Any CPU
		{85C5DE2B-7D29-4744-9406-98858DBC5B33}.DebugStageHostStageSvcProdData|Any CPU.Build.0 = Debug|Any CPU
		{85C5DE2B-7D29-4744-9406-98858DBC5B33}.DebugStageHostStageSvcProdData|ARM.ActiveCfg = Debug|Any CPU
		{85C5DE2B-7D29-4744-9406-98858DBC5B33}.DebugStageHostStageSvcProdData|ARM.Build.0 = Debug|Any CPU
		{85C5DE2B-7D29-4744-9406-98858DBC5B33}.DebugStageHostStageSvcProdData|x64.ActiveCfg = Debug|Any CPU
		{85C5DE2B-7D29-4744-9406-98858DBC5B33}.DebugStageHostStageSvcProdData|x64.Build.0 = Debug|Any CPU
		{85C5DE2B-7D29-4744-9406-98858DBC5B33}.DebugStageHostStageSvcProdData|x86.ActiveCfg = Debug|Any CPU
		{85C5DE2B-7D29-4744-9406-98858DBC5B33}.DebugStageHostStageSvcProdData|x86.Build.0 = Debug|Any CPU
		{85C5DE2B-7D29-4744-9406-98858DBC5B33}.LocalDebug|Any CPU.ActiveCfg = Debug|Any CPU
		{85C5DE2B-7D29-4744-9406-98858DBC5B33}.LocalDebug|Any CPU.Build.0 = Debug|Any CPU
		{85C5DE2B-7D29-4744-9406-98858DBC5B33}.LocalDebug|ARM.ActiveCfg = Debug|Any CPU
		{85C5DE2B-7D29-4744-9406-98858DBC5B33}.LocalDebug|ARM.Build.0 = Debug|Any CPU
		{85C5DE2B-7D29-4744-9406-98858DBC5B33}.LocalDebug|x64.ActiveCfg = Debug|Any CPU
		{85C5DE2B-7D29-4744-9406-98858DBC5B33}.LocalDebug|x64.Build.0 = Debug|Any CPU
		{85C5DE2B-7D29-4744-9406-98858DBC5B33}.LocalDebug|x86.ActiveCfg = Debug|Any CPU
		{85C5DE2B-7D29-4744-9406-98858DBC5B33}.LocalDebug|x86.Build.0 = Debug|Any CPU
		{85C5DE2B-7D29-4744-9406-98858DBC5B33}.LocalStaging|Any CPU.ActiveCfg = Debug|Any CPU
		{85C5DE2B-7D29-4744-9406-98858DBC5B33}.LocalStaging|Any CPU.Build.0 = Debug|Any CPU
		{85C5DE2B-7D29-4744-9406-98858DBC5B33}.LocalStaging|ARM.ActiveCfg = Debug|Any CPU
		{85C5DE2B-7D29-4744-9406-98858DBC5B33}.LocalStaging|ARM.Build.0 = Debug|Any CPU
		{85C5DE2B-7D29-4744-9406-98858DBC5B33}.LocalStaging|x64.ActiveCfg = Debug|Any CPU
		{85C5DE2B-7D29-4744-9406-98858DBC5B33}.LocalStaging|x64.Build.0 = Debug|Any CPU
		{85C5DE2B-7D29-4744-9406-98858DBC5B33}.LocalStaging|x86.ActiveCfg = Debug|Any CPU
		{85C5DE2B-7D29-4744-9406-98858DBC5B33}.LocalStaging|x86.Build.0 = Debug|Any CPU
		{85C5DE2B-7D29-4744-9406-98858DBC5B33}.Release|Any CPU.ActiveCfg = Release|Any CPU
		{85C5DE2B-7D29-4744-9406-98858DBC5B33}.Release|Any CPU.Build.0 = Release|Any CPU
		{85C5DE2B-7D29-4744-9406-98858DBC5B33}.Release|ARM.ActiveCfg = Release|Any CPU
		{85C5DE2B-7D29-4744-9406-98858DBC5B33}.Release|ARM.Build.0 = Release|Any CPU
		{85C5DE2B-7D29-4744-9406-98858DBC5B33}.Release|x64.ActiveCfg = Release|Any CPU
		{85C5DE2B-7D29-4744-9406-98858DBC5B33}.Release|x64.Build.0 = Release|Any CPU
		{85C5DE2B-7D29-4744-9406-98858DBC5B33}.Release|x86.ActiveCfg = Release|Any CPU
		{85C5DE2B-7D29-4744-9406-98858DBC5B33}.Release|x86.Build.0 = Release|Any CPU
	EndGlobalSection
	GlobalSection(SolutionProperties) = preSolution
		HideSolutionNode = FALSE
	EndGlobalSection
	GlobalSection(NestedProjects) = preSolution
		{C4B60C66-BAC6-4CDD-A40C-6917B56A7889} = {6430A3F6-293B-47DD-8348-CD45AB493E6D}
		{1B000BCA-4895-4ACF-A0C6-3ADF3A9BEDF2} = {BEB10E52-5010-496D-8082-8B96F4F03ECA}
		{7528DD0A-1781-47F4-ADBF-EEDDB011F6BB} = {BEB10E52-5010-496D-8082-8B96F4F03ECA}
		{24B441F2-CBE9-4405-9FD0-72EBCBEA0EC3} = {BEB10E52-5010-496D-8082-8B96F4F03ECA}
		{FEF590B4-EA5C-4B70-8C0C-0649625A6F70} = {4517830F-4898-40D5-8447-720D70EE8568}
		{EE681C45-8416-4DE7-9E62-AE1371A7DE9A} = {E895430F-0EEF-4CBA-A423-71BAE04AC33C}
		{8CC42025-D8E2-4254-ACAF-4CAA05C1EF7F} = {E895430F-0EEF-4CBA-A423-71BAE04AC33C}
		{BEB10E52-5010-496D-8082-8B96F4F03ECA} = {6430A3F6-293B-47DD-8348-CD45AB493E6D}
		{43787649-7722-45CB-886D-C5C5F78D473A} = {E895430F-0EEF-4CBA-A423-71BAE04AC33C}
		{F42C5D83-D50D-499C-BF05-B73666D60D85} = {6430A3F6-293B-47DD-8348-CD45AB493E6D}
		{AC17589E-C817-4FA8-B3EC-CCEB25E55E59} = {BEB10E52-5010-496D-8082-8B96F4F03ECA}
		{6FD0ED2F-1156-424E-B35C-1AB71345B726} = {6430A3F6-293B-47DD-8348-CD45AB493E6D}
		{91D7AD8B-4646-435F-BA19-B1E089D74D41} = {4517830F-4898-40D5-8447-720D70EE8568}
		{85C5DE2B-7D29-4744-9406-98858DBC5B33} = {B8E8A0B3-8914-4784-A820-A9D362E13A6E}
	EndGlobalSection
	GlobalSection(ExtensibilityGlobals) = postSolution
		SolutionGuid = {ECFC77F9-77CD-446D-824B-33F5C43C3899}
	EndGlobalSection
EndGlobal
