
Microsoft Visual Studio Solution File, Format Version 12.00
# Visual Studio Version 17
VisualStudioVersion = 17.0.32014.148
MinimumVisualStudioVersion = 10.0.40219.1
Project("{FAE04EC0-301F-11D3-BF4B-00C04F79EFBC}") = "UniversalUpc", "UniversalUpc\UniversalUpc.csproj", "{C4B60C66-BAC6-4CDD-A40C-6917B56A7889}"
EndProject
Project("{2150E333-8FDC-42A3-9474-1A3956D46DE8}") = "Liblets", "Liblets", "{E895430F-0EEF-4CBA-A423-71BAE04AC33C}"
EndProject
Project("{2150E333-8FDC-42A3-9474-1A3956D46DE8}") = "Client", "Client", "{6430A3F6-293B-47DD-8348-CD45AB493E6D}"
EndProject
Project("{2150E333-8FDC-42A3-9474-1A3956D46DE8}") = "Server", "Server", "{4517830F-4898-40D5-8447-720D70EE8568}"
EndProject
Project("{2150E333-8FDC-42A3-9474-1A3956D46DE8}") = "Libraries", "Libraries", "{BEB10E52-5010-496D-8082-8B96F4F03ECA}"
EndProject
Project("{FAE04EC0-301F-11D3-BF4B-00C04F79EFBC}") = "DroidUpc", "DroidUpc\DroidUpc.csproj", "{F42C5D83-D50D-499C-BF05-B73666D60D85}"
EndProject
Project("{FAE04EC0-301F-11D3-BF4B-00C04F79EFBC}") = "Bulker", "Bulker\Bulker.csproj", "{6FD0ED2F-1156-424E-B35C-1AB71345B726}"
EndProject
Project("{FAE04EC0-301F-11D3-BF4B-00C04F79EFBC}") = "UpcApi", "UpcApi\UpcApi.csproj", "{91D7AD8B-4646-435F-BA19-B1E089D74D41}"
EndProject
Project("{9A19103F-16F7-4668-BE54-9A1E7A4F7556}") = "UpcShared", "UpcShared\UpcShared.csproj", "{85C5DE2B-7D29-4744-9406-98858DBC5B33}"
EndProject
Project("{2150E333-8FDC-42A3-9474-1A3956D46DE8}") = "Shared", "Shared", "{B8E8A0B3-8914-4784-A820-A9D362E13A6E}"
EndProject
Project("{FAE04EC0-301F-11D3-BF4B-00C04F79EFBC}") = "UwpDist", "UwpDist\UwpDist.csproj", "{E57B6A49-44DF-4D70-97D1-8F8638A4E685}"
EndProject
Project("{2150E333-8FDC-42A3-9474-1A3956D46DE8}") = "SQL", "SQL", "{DC45ACE4-EACB-437E-9E63-E02BA75CB857}"
	ProjectSection(SolutionItems) = preProject
		SQL\CalcIsbn10Check.sql = SQL\CalcIsbn10Check.sql
		SQL\CalcIsbn13Check.sql = SQL\CalcIsbn13Check.sql
		SQL\CreateIsbn13FromIsbn10.sql = SQL\CreateIsbn13FromIsbn10.sql
		SQL\sp_createbook.sql = SQL\sp_createbook.sql
		SQL\sp_CreateCustomScan.sql = SQL\sp_CreateCustomScan.sql
		SQL\sp_CreateDvd.sql = SQL\sp_CreateDvd.sql
		SQL\sp_CreateScan.sql = SQL\sp_CreateScan.sql
		SQL\sp_DrinkWine.sql = SQL\sp_DrinkWine.sql
		SQL\sp_NextCustomScan.sql = SQL\sp_NextCustomScan.sql
		SQL\sp_UpdateBookScan.sql = SQL\sp_UpdateBookScan.sql
		SQL\sp_UpdateBookScanLocation.sql = SQL\sp_UpdateBookScanLocation.sql
		SQL\sp_UpdateDvdScan.sql = SQL\sp_UpdateDvdScan.sql
		SQL\sp_UpdateScan.sql = SQL\sp_UpdateScan.sql
		SQL\sp_UpdateWineInventory.sql = SQL\sp_UpdateWineInventory.sql
	EndProjectSection
EndProject
Global
	GlobalSection(SolutionConfigurationPlatforms) = preSolution
		AzureRelease|Any CPU = AzureRelease|Any CPU
		AzureRelease|ARM = AzureRelease|ARM
		AzureRelease|x64 = AzureRelease|x64
		AzureRelease|x86 = AzureRelease|x86
		AzureStagingDebug|Any CPU = AzureStagingDebug|Any CPU
		AzureStagingDebug|ARM = AzureStagingDebug|ARM
		AzureStagingDebug|x64 = AzureStagingDebug|x64
		AzureStagingDebug|x86 = AzureStagingDebug|x86
		Debug|Any CPU = Debug|Any CPU
		Debug|ARM = Debug|ARM
		Debug|x64 = Debug|x64
		Debug|x86 = Debug|x86
		DebugLocalHostLocalSvcProdData|Any CPU = DebugLocalHostLocalSvcProdData|Any CPU
		DebugLocalHostLocalSvcProdData|ARM = DebugLocalHostLocalSvcProdData|ARM
		DebugLocalHostLocalSvcProdData|x64 = DebugLocalHostLocalSvcProdData|x64
		DebugLocalHostLocalSvcProdData|x86 = DebugLocalHostLocalSvcProdData|x86
		DebugStageHostStageSvcProdData|Any CPU = DebugStageHostStageSvcProdData|Any CPU
		DebugStageHostStageSvcProdData|ARM = DebugStageHostStageSvcProdData|ARM
		DebugStageHostStageSvcProdData|x64 = DebugStageHostStageSvcProdData|x64
		DebugStageHostStageSvcProdData|x86 = DebugStageHostStageSvcProdData|x86
		Droid|Any CPU = Droid|Any CPU
		Droid|ARM = Droid|ARM
		Droid|x64 = Droid|x64
		Droid|x86 = Droid|x86
		LocalDebug|Any CPU = LocalDebug|Any CPU
		LocalDebug|ARM = LocalDebug|ARM
		LocalDebug|x64 = LocalDebug|x64
		LocalDebug|x86 = LocalDebug|x86
		LocalStaging|Any CPU = LocalStaging|Any CPU
		LocalStaging|ARM = LocalStaging|ARM
		LocalStaging|x64 = LocalStaging|x64
		LocalStaging|x86 = LocalStaging|x86
		Release|Any CPU = Release|Any CPU
		Release|ARM = Release|ARM
		Release|x64 = Release|x64
		Release|x86 = Release|x86
		ReleaseStageHostStageSvcProdData|Any CPU = ReleaseStageHostStageSvcProdData|Any CPU
		ReleaseStageHostStageSvcProdData|ARM = ReleaseStageHostStageSvcProdData|ARM
		ReleaseStageHostStageSvcProdData|x64 = ReleaseStageHostStageSvcProdData|x64
		ReleaseStageHostStageSvcProdData|x86 = ReleaseStageHostStageSvcProdData|x86
	EndGlobalSection
	GlobalSection(ProjectConfigurationPlatforms) = postSolution
		{C4B60C66-BAC6-4CDD-A40C-6917B56A7889}.AzureRelease|Any CPU.ActiveCfg = Release|x64
		{C4B60C66-BAC6-4CDD-A40C-6917B56A7889}.AzureRelease|Any CPU.Build.0 = Release|x64
		{C4B60C66-BAC6-4CDD-A40C-6917B56A7889}.AzureRelease|Any CPU.Deploy.0 = Release|x64
		{C4B60C66-BAC6-4CDD-A40C-6917B56A7889}.AzureRelease|ARM.ActiveCfg = Release|ARM
		{C4B60C66-BAC6-4CDD-A40C-6917B56A7889}.AzureRelease|ARM.Build.0 = Release|ARM
		{C4B60C66-BAC6-4CDD-A40C-6917B56A7889}.AzureRelease|ARM.Deploy.0 = Release|ARM
		{C4B60C66-BAC6-4CDD-A40C-6917B56A7889}.AzureRelease|x64.ActiveCfg = Release|x64
		{C4B60C66-BAC6-4CDD-A40C-6917B56A7889}.AzureRelease|x64.Build.0 = Release|x64
		{C4B60C66-BAC6-4CDD-A40C-6917B56A7889}.AzureRelease|x64.Deploy.0 = Release|x64
		{C4B60C66-BAC6-4CDD-A40C-6917B56A7889}.AzureRelease|x86.ActiveCfg = Release|x86
		{C4B60C66-BAC6-4CDD-A40C-6917B56A7889}.AzureRelease|x86.Build.0 = Release|x86
		{C4B60C66-BAC6-4CDD-A40C-6917B56A7889}.AzureRelease|x86.Deploy.0 = Release|x86
		{C4B60C66-BAC6-4CDD-A40C-6917B56A7889}.AzureStagingDebug|Any CPU.ActiveCfg = Release|x64
		{C4B60C66-BAC6-4CDD-A40C-6917B56A7889}.AzureStagingDebug|Any CPU.Build.0 = Release|x64
		{C4B60C66-BAC6-4CDD-A40C-6917B56A7889}.AzureStagingDebug|Any CPU.Deploy.0 = Release|x64
		{C4B60C66-BAC6-4CDD-A40C-6917B56A7889}.AzureStagingDebug|ARM.ActiveCfg = Debug|ARM
		{C4B60C66-BAC6-4CDD-A40C-6917B56A7889}.AzureStagingDebug|ARM.Build.0 = Debug|ARM
		{C4B60C66-BAC6-4CDD-A40C-6917B56A7889}.AzureStagingDebug|ARM.Deploy.0 = Debug|ARM
		{C4B60C66-BAC6-4CDD-A40C-6917B56A7889}.AzureStagingDebug|x64.ActiveCfg = Debug|x64
		{C4B60C66-BAC6-4CDD-A40C-6917B56A7889}.AzureStagingDebug|x64.Build.0 = Debug|x64
		{C4B60C66-BAC6-4CDD-A40C-6917B56A7889}.AzureStagingDebug|x64.Deploy.0 = Debug|x64
		{C4B60C66-BAC6-4CDD-A40C-6917B56A7889}.AzureStagingDebug|x86.ActiveCfg = Debug|x86
		{C4B60C66-BAC6-4CDD-A40C-6917B56A7889}.AzureStagingDebug|x86.Build.0 = Debug|x86
		{C4B60C66-BAC6-4CDD-A40C-6917B56A7889}.AzureStagingDebug|x86.Deploy.0 = Debug|x86
		{C4B60C66-BAC6-4CDD-A40C-6917B56A7889}.Debug|Any CPU.ActiveCfg = Debug|x86
		{C4B60C66-BAC6-4CDD-A40C-6917B56A7889}.Debug|Any CPU.Build.0 = Debug|x86
		{C4B60C66-BAC6-4CDD-A40C-6917B56A7889}.Debug|Any CPU.Deploy.0 = Debug|x86
		{C4B60C66-BAC6-4CDD-A40C-6917B56A7889}.Debug|ARM.ActiveCfg = Debug|ARM
		{C4B60C66-BAC6-4CDD-A40C-6917B56A7889}.Debug|ARM.Build.0 = Debug|ARM
		{C4B60C66-BAC6-4CDD-A40C-6917B56A7889}.Debug|ARM.Deploy.0 = Debug|ARM
		{C4B60C66-BAC6-4CDD-A40C-6917B56A7889}.Debug|x64.ActiveCfg = Debug|x64
		{C4B60C66-BAC6-4CDD-A40C-6917B56A7889}.Debug|x64.Build.0 = Debug|x64
		{C4B60C66-BAC6-4CDD-A40C-6917B56A7889}.Debug|x64.Deploy.0 = Debug|x64
		{C4B60C66-BAC6-4CDD-A40C-6917B56A7889}.Debug|x86.ActiveCfg = Debug|x86
		{C4B60C66-BAC6-4CDD-A40C-6917B56A7889}.Debug|x86.Build.0 = Debug|x86
		{C4B60C66-BAC6-4CDD-A40C-6917B56A7889}.Debug|x86.Deploy.0 = Debug|x86
		{C4B60C66-BAC6-4CDD-A40C-6917B56A7889}.DebugLocalHostLocalSvcProdData|Any CPU.ActiveCfg = Release|x64
		{C4B60C66-BAC6-4CDD-A40C-6917B56A7889}.DebugLocalHostLocalSvcProdData|Any CPU.Build.0 = Release|x64
		{C4B60C66-BAC6-4CDD-A40C-6917B56A7889}.DebugLocalHostLocalSvcProdData|Any CPU.Deploy.0 = Release|x64
		{C4B60C66-BAC6-4CDD-A40C-6917B56A7889}.DebugLocalHostLocalSvcProdData|ARM.ActiveCfg = Debug|ARM
		{C4B60C66-BAC6-4CDD-A40C-6917B56A7889}.DebugLocalHostLocalSvcProdData|ARM.Build.0 = Debug|ARM
		{C4B60C66-BAC6-4CDD-A40C-6917B56A7889}.DebugLocalHostLocalSvcProdData|ARM.Deploy.0 = Debug|ARM
		{C4B60C66-BAC6-4CDD-A40C-6917B56A7889}.DebugLocalHostLocalSvcProdData|x64.ActiveCfg = Debug|x64
		{C4B60C66-BAC6-4CDD-A40C-6917B56A7889}.DebugLocalHostLocalSvcProdData|x64.Build.0 = Debug|x64
		{C4B60C66-BAC6-4CDD-A40C-6917B56A7889}.DebugLocalHostLocalSvcProdData|x64.Deploy.0 = Debug|x64
		{C4B60C66-BAC6-4CDD-A40C-6917B56A7889}.DebugLocalHostLocalSvcProdData|x86.ActiveCfg = Debug|x86
		{C4B60C66-BAC6-4CDD-A40C-6917B56A7889}.DebugLocalHostLocalSvcProdData|x86.Build.0 = Debug|x86
		{C4B60C66-BAC6-4CDD-A40C-6917B56A7889}.DebugLocalHostLocalSvcProdData|x86.Deploy.0 = Debug|x86
		{C4B60C66-BAC6-4CDD-A40C-6917B56A7889}.DebugStageHostStageSvcProdData|Any CPU.ActiveCfg = Release|x64
		{C4B60C66-BAC6-4CDD-A40C-6917B56A7889}.DebugStageHostStageSvcProdData|Any CPU.Build.0 = Release|x64
		{C4B60C66-BAC6-4CDD-A40C-6917B56A7889}.DebugStageHostStageSvcProdData|Any CPU.Deploy.0 = Release|x64
		{C4B60C66-BAC6-4CDD-A40C-6917B56A7889}.DebugStageHostStageSvcProdData|ARM.ActiveCfg = Debug|ARM
		{C4B60C66-BAC6-4CDD-A40C-6917B56A7889}.DebugStageHostStageSvcProdData|ARM.Build.0 = Debug|ARM
		{C4B60C66-BAC6-4CDD-A40C-6917B56A7889}.DebugStageHostStageSvcProdData|ARM.Deploy.0 = Debug|ARM
		{C4B60C66-BAC6-4CDD-A40C-6917B56A7889}.DebugStageHostStageSvcProdData|x64.ActiveCfg = Debug|x64
		{C4B60C66-BAC6-4CDD-A40C-6917B56A7889}.DebugStageHostStageSvcProdData|x64.Build.0 = Debug|x64
		{C4B60C66-BAC6-4CDD-A40C-6917B56A7889}.DebugStageHostStageSvcProdData|x64.Deploy.0 = Debug|x64
		{C4B60C66-BAC6-4CDD-A40C-6917B56A7889}.DebugStageHostStageSvcProdData|x86.ActiveCfg = Debug|x86
		{C4B60C66-BAC6-4CDD-A40C-6917B56A7889}.DebugStageHostStageSvcProdData|x86.Build.0 = Debug|x86
		{C4B60C66-BAC6-4CDD-A40C-6917B56A7889}.DebugStageHostStageSvcProdData|x86.Deploy.0 = Debug|x86
		{C4B60C66-BAC6-4CDD-A40C-6917B56A7889}.Droid|Any CPU.ActiveCfg = Debug|x86
		{C4B60C66-BAC6-4CDD-A40C-6917B56A7889}.Droid|Any CPU.Build.0 = Debug|x86
		{C4B60C66-BAC6-4CDD-A40C-6917B56A7889}.Droid|Any CPU.Deploy.0 = Debug|x86
		{C4B60C66-BAC6-4CDD-A40C-6917B56A7889}.Droid|ARM.ActiveCfg = Debug|ARM
		{C4B60C66-BAC6-4CDD-A40C-6917B56A7889}.Droid|ARM.Build.0 = Debug|ARM
		{C4B60C66-BAC6-4CDD-A40C-6917B56A7889}.Droid|ARM.Deploy.0 = Debug|ARM
		{C4B60C66-BAC6-4CDD-A40C-6917B56A7889}.Droid|x64.ActiveCfg = Debug|x64
		{C4B60C66-BAC6-4CDD-A40C-6917B56A7889}.Droid|x64.Build.0 = Debug|x64
		{C4B60C66-BAC6-4CDD-A40C-6917B56A7889}.Droid|x64.Deploy.0 = Debug|x64
		{C4B60C66-BAC6-4CDD-A40C-6917B56A7889}.Droid|x86.ActiveCfg = Debug|x86
		{C4B60C66-BAC6-4CDD-A40C-6917B56A7889}.Droid|x86.Build.0 = Debug|x86
		{C4B60C66-BAC6-4CDD-A40C-6917B56A7889}.Droid|x86.Deploy.0 = Debug|x86
		{C4B60C66-BAC6-4CDD-A40C-6917B56A7889}.LocalDebug|Any CPU.ActiveCfg = Release|x64
		{C4B60C66-BAC6-4CDD-A40C-6917B56A7889}.LocalDebug|Any CPU.Build.0 = Release|x64
		{C4B60C66-BAC6-4CDD-A40C-6917B56A7889}.LocalDebug|Any CPU.Deploy.0 = Release|x64
		{C4B60C66-BAC6-4CDD-A40C-6917B56A7889}.LocalDebug|ARM.ActiveCfg = Debug|ARM
		{C4B60C66-BAC6-4CDD-A40C-6917B56A7889}.LocalDebug|ARM.Build.0 = Debug|ARM
		{C4B60C66-BAC6-4CDD-A40C-6917B56A7889}.LocalDebug|ARM.Deploy.0 = Debug|ARM
		{C4B60C66-BAC6-4CDD-A40C-6917B56A7889}.LocalDebug|x64.ActiveCfg = Debug|x64
		{C4B60C66-BAC6-4CDD-A40C-6917B56A7889}.LocalDebug|x64.Build.0 = Debug|x64
		{C4B60C66-BAC6-4CDD-A40C-6917B56A7889}.LocalDebug|x64.Deploy.0 = Debug|x64
		{C4B60C66-BAC6-4CDD-A40C-6917B56A7889}.LocalDebug|x86.ActiveCfg = Debug|x86
		{C4B60C66-BAC6-4CDD-A40C-6917B56A7889}.LocalDebug|x86.Build.0 = Debug|x86
		{C4B60C66-BAC6-4CDD-A40C-6917B56A7889}.LocalDebug|x86.Deploy.0 = Debug|x86
		{C4B60C66-BAC6-4CDD-A40C-6917B56A7889}.LocalStaging|Any CPU.ActiveCfg = Release|x64
		{C4B60C66-BAC6-4CDD-A40C-6917B56A7889}.LocalStaging|Any CPU.Build.0 = Release|x64
		{C4B60C66-BAC6-4CDD-A40C-6917B56A7889}.LocalStaging|Any CPU.Deploy.0 = Release|x64
		{C4B60C66-BAC6-4CDD-A40C-6917B56A7889}.LocalStaging|ARM.ActiveCfg = Release|ARM
		{C4B60C66-BAC6-4CDD-A40C-6917B56A7889}.LocalStaging|ARM.Build.0 = Release|ARM
		{C4B60C66-BAC6-4CDD-A40C-6917B56A7889}.LocalStaging|ARM.Deploy.0 = Release|ARM
		{C4B60C66-BAC6-4CDD-A40C-6917B56A7889}.LocalStaging|x64.ActiveCfg = Release|x64
		{C4B60C66-BAC6-4CDD-A40C-6917B56A7889}.LocalStaging|x64.Build.0 = Release|x64
		{C4B60C66-BAC6-4CDD-A40C-6917B56A7889}.LocalStaging|x64.Deploy.0 = Release|x64
		{C4B60C66-BAC6-4CDD-A40C-6917B56A7889}.LocalStaging|x86.ActiveCfg = Release|x86
		{C4B60C66-BAC6-4CDD-A40C-6917B56A7889}.LocalStaging|x86.Build.0 = Release|x86
		{C4B60C66-BAC6-4CDD-A40C-6917B56A7889}.LocalStaging|x86.Deploy.0 = Release|x86
		{C4B60C66-BAC6-4CDD-A40C-6917B56A7889}.Release|Any CPU.ActiveCfg = Release|x86
		{C4B60C66-BAC6-4CDD-A40C-6917B56A7889}.Release|ARM.ActiveCfg = Release|ARM
		{C4B60C66-BAC6-4CDD-A40C-6917B56A7889}.Release|ARM.Build.0 = Release|ARM
		{C4B60C66-BAC6-4CDD-A40C-6917B56A7889}.Release|ARM.Deploy.0 = Release|ARM
		{C4B60C66-BAC6-4CDD-A40C-6917B56A7889}.Release|x64.ActiveCfg = Release|x64
		{C4B60C66-BAC6-4CDD-A40C-6917B56A7889}.Release|x64.Build.0 = Release|x64
		{C4B60C66-BAC6-4CDD-A40C-6917B56A7889}.Release|x64.Deploy.0 = Release|x64
		{C4B60C66-BAC6-4CDD-A40C-6917B56A7889}.Release|x86.ActiveCfg = Release|x86
		{C4B60C66-BAC6-4CDD-A40C-6917B56A7889}.Release|x86.Build.0 = Release|x86
		{C4B60C66-BAC6-4CDD-A40C-6917B56A7889}.Release|x86.Deploy.0 = Release|x86
		{C4B60C66-BAC6-4CDD-A40C-6917B56A7889}.ReleaseStageHostStageSvcProdData|Any CPU.ActiveCfg = Release|x64
		{C4B60C66-BAC6-4CDD-A40C-6917B56A7889}.ReleaseStageHostStageSvcProdData|Any CPU.Build.0 = Release|x64
		{C4B60C66-BAC6-4CDD-A40C-6917B56A7889}.ReleaseStageHostStageSvcProdData|Any CPU.Deploy.0 = Release|x64
		{C4B60C66-BAC6-4CDD-A40C-6917B56A7889}.ReleaseStageHostStageSvcProdData|ARM.ActiveCfg = Debug|ARM
		{C4B60C66-BAC6-4CDD-A40C-6917B56A7889}.ReleaseStageHostStageSvcProdData|ARM.Build.0 = Debug|ARM
		{C4B60C66-BAC6-4CDD-A40C-6917B56A7889}.ReleaseStageHostStageSvcProdData|ARM.Deploy.0 = Debug|ARM
		{C4B60C66-BAC6-4CDD-A40C-6917B56A7889}.ReleaseStageHostStageSvcProdData|x64.ActiveCfg = Debug|x64
		{C4B60C66-BAC6-4CDD-A40C-6917B56A7889}.ReleaseStageHostStageSvcProdData|x64.Build.0 = Debug|x64
		{C4B60C66-BAC6-4CDD-A40C-6917B56A7889}.ReleaseStageHostStageSvcProdData|x64.Deploy.0 = Debug|x64
		{C4B60C66-BAC6-4CDD-A40C-6917B56A7889}.ReleaseStageHostStageSvcProdData|x86.ActiveCfg = Release|x86
		{C4B60C66-BAC6-4CDD-A40C-6917B56A7889}.ReleaseStageHostStageSvcProdData|x86.Build.0 = Release|x86
		{C4B60C66-BAC6-4CDD-A40C-6917B56A7889}.ReleaseStageHostStageSvcProdData|x86.Deploy.0 = Release|x86
		{F42C5D83-D50D-499C-BF05-B73666D60D85}.AzureRelease|Any CPU.ActiveCfg = Release|Any CPU
		{F42C5D83-D50D-499C-BF05-B73666D60D85}.AzureRelease|Any CPU.Build.0 = Release|Any CPU
		{F42C5D83-D50D-499C-BF05-B73666D60D85}.AzureRelease|Any CPU.Deploy.0 = Release|Any CPU
		{F42C5D83-D50D-499C-BF05-B73666D60D85}.AzureRelease|ARM.ActiveCfg = Release|Any CPU
		{F42C5D83-D50D-499C-BF05-B73666D60D85}.AzureRelease|ARM.Build.0 = Release|Any CPU
		{F42C5D83-D50D-499C-BF05-B73666D60D85}.AzureRelease|ARM.Deploy.0 = Release|Any CPU
		{F42C5D83-D50D-499C-BF05-B73666D60D85}.AzureRelease|x64.ActiveCfg = Release|Any CPU
		{F42C5D83-D50D-499C-BF05-B73666D60D85}.AzureRelease|x64.Build.0 = Release|Any CPU
		{F42C5D83-D50D-499C-BF05-B73666D60D85}.AzureRelease|x64.Deploy.0 = Release|Any CPU
		{F42C5D83-D50D-499C-BF05-B73666D60D85}.AzureRelease|x86.ActiveCfg = Release|Any CPU
		{F42C5D83-D50D-499C-BF05-B73666D60D85}.AzureRelease|x86.Build.0 = Release|Any CPU
		{F42C5D83-D50D-499C-BF05-B73666D60D85}.AzureRelease|x86.Deploy.0 = Release|Any CPU
		{F42C5D83-D50D-499C-BF05-B73666D60D85}.AzureStagingDebug|Any CPU.ActiveCfg = Debug|Any CPU
		{F42C5D83-D50D-499C-BF05-B73666D60D85}.AzureStagingDebug|Any CPU.Build.0 = Debug|Any CPU
		{F42C5D83-D50D-499C-BF05-B73666D60D85}.AzureStagingDebug|Any CPU.Deploy.0 = Debug|Any CPU
		{F42C5D83-D50D-499C-BF05-B73666D60D85}.AzureStagingDebug|ARM.ActiveCfg = Debug|Any CPU
		{F42C5D83-D50D-499C-BF05-B73666D60D85}.AzureStagingDebug|ARM.Build.0 = Debug|Any CPU
		{F42C5D83-D50D-499C-BF05-B73666D60D85}.AzureStagingDebug|ARM.Deploy.0 = Debug|Any CPU
		{F42C5D83-D50D-499C-BF05-B73666D60D85}.AzureStagingDebug|x64.ActiveCfg = Debug|Any CPU
		{F42C5D83-D50D-499C-BF05-B73666D60D85}.AzureStagingDebug|x64.Build.0 = Debug|Any CPU
		{F42C5D83-D50D-499C-BF05-B73666D60D85}.AzureStagingDebug|x64.Deploy.0 = Debug|Any CPU
		{F42C5D83-D50D-499C-BF05-B73666D60D85}.AzureStagingDebug|x86.ActiveCfg = Debug|Any CPU
		{F42C5D83-D50D-499C-BF05-B73666D60D85}.AzureStagingDebug|x86.Build.0 = Debug|Any CPU
		{F42C5D83-D50D-499C-BF05-B73666D60D85}.AzureStagingDebug|x86.Deploy.0 = Debug|Any CPU
		{F42C5D83-D50D-499C-BF05-B73666D60D85}.Debug|Any CPU.ActiveCfg = Debug|Any CPU
		{F42C5D83-D50D-499C-BF05-B73666D60D85}.Debug|Any CPU.Build.0 = Debug|Any CPU
		{F42C5D83-D50D-499C-BF05-B73666D60D85}.Debug|Any CPU.Deploy.0 = Debug|Any CPU
		{F42C5D83-D50D-499C-BF05-B73666D60D85}.Debug|ARM.ActiveCfg = Debug|Any CPU
		{F42C5D83-D50D-499C-BF05-B73666D60D85}.Debug|ARM.Build.0 = Debug|Any CPU
		{F42C5D83-D50D-499C-BF05-B73666D60D85}.Debug|ARM.Deploy.0 = Debug|Any CPU
		{F42C5D83-D50D-499C-BF05-B73666D60D85}.Debug|x64.ActiveCfg = Debug|Any CPU
		{F42C5D83-D50D-499C-BF05-B73666D60D85}.Debug|x64.Build.0 = Debug|Any CPU
		{F42C5D83-D50D-499C-BF05-B73666D60D85}.Debug|x64.Deploy.0 = Debug|Any CPU
		{F42C5D83-D50D-499C-BF05-B73666D60D85}.Debug|x86.ActiveCfg = Debug|Any CPU
		{F42C5D83-D50D-499C-BF05-B73666D60D85}.Debug|x86.Build.0 = Debug|Any CPU
		{F42C5D83-D50D-499C-BF05-B73666D60D85}.Debug|x86.Deploy.0 = Debug|Any CPU
		{F42C5D83-D50D-499C-BF05-B73666D60D85}.DebugLocalHostLocalSvcProdData|Any CPU.ActiveCfg = DebugApk|Any CPU
		{F42C5D83-D50D-499C-BF05-B73666D60D85}.DebugLocalHostLocalSvcProdData|Any CPU.Build.0 = DebugApk|Any CPU
		{F42C5D83-D50D-499C-BF05-B73666D60D85}.DebugLocalHostLocalSvcProdData|Any CPU.Deploy.0 = DebugApk|Any CPU
		{F42C5D83-D50D-499C-BF05-B73666D60D85}.DebugLocalHostLocalSvcProdData|ARM.ActiveCfg = Debug|Any CPU
		{F42C5D83-D50D-499C-BF05-B73666D60D85}.DebugLocalHostLocalSvcProdData|ARM.Build.0 = Debug|Any CPU
		{F42C5D83-D50D-499C-BF05-B73666D60D85}.DebugLocalHostLocalSvcProdData|ARM.Deploy.0 = Debug|Any CPU
		{F42C5D83-D50D-499C-BF05-B73666D60D85}.DebugLocalHostLocalSvcProdData|x64.ActiveCfg = Debug|Any CPU
		{F42C5D83-D50D-499C-BF05-B73666D60D85}.DebugLocalHostLocalSvcProdData|x64.Build.0 = Debug|Any CPU
		{F42C5D83-D50D-499C-BF05-B73666D60D85}.DebugLocalHostLocalSvcProdData|x64.Deploy.0 = Debug|Any CPU
		{F42C5D83-D50D-499C-BF05-B73666D60D85}.DebugLocalHostLocalSvcProdData|x86.ActiveCfg = Debug|Any CPU
		{F42C5D83-D50D-499C-BF05-B73666D60D85}.DebugLocalHostLocalSvcProdData|x86.Build.0 = Debug|Any CPU
		{F42C5D83-D50D-499C-BF05-B73666D60D85}.DebugLocalHostLocalSvcProdData|x86.Deploy.0 = Debug|Any CPU
		{F42C5D83-D50D-499C-BF05-B73666D60D85}.DebugStageHostStageSvcProdData|Any CPU.ActiveCfg = DebugApk|Any CPU
		{F42C5D83-D50D-499C-BF05-B73666D60D85}.DebugStageHostStageSvcProdData|Any CPU.Build.0 = DebugApk|Any CPU
		{F42C5D83-D50D-499C-BF05-B73666D60D85}.DebugStageHostStageSvcProdData|Any CPU.Deploy.0 = DebugApk|Any CPU
		{F42C5D83-D50D-499C-BF05-B73666D60D85}.DebugStageHostStageSvcProdData|ARM.ActiveCfg = Debug|Any CPU
		{F42C5D83-D50D-499C-BF05-B73666D60D85}.DebugStageHostStageSvcProdData|ARM.Build.0 = Debug|Any CPU
		{F42C5D83-D50D-499C-BF05-B73666D60D85}.DebugStageHostStageSvcProdData|ARM.Deploy.0 = Debug|Any CPU
		{F42C5D83-D50D-499C-BF05-B73666D60D85}.DebugStageHostStageSvcProdData|x64.ActiveCfg = Debug|Any CPU
		{F42C5D83-D50D-499C-BF05-B73666D60D85}.DebugStageHostStageSvcProdData|x64.Build.0 = Debug|Any CPU
		{F42C5D83-D50D-499C-BF05-B73666D60D85}.DebugStageHostStageSvcProdData|x64.Deploy.0 = Debug|Any CPU
		{F42C5D83-D50D-499C-BF05-B73666D60D85}.DebugStageHostStageSvcProdData|x86.ActiveCfg = Debug|Any CPU
		{F42C5D83-D50D-499C-BF05-B73666D60D85}.DebugStageHostStageSvcProdData|x86.Build.0 = Debug|Any CPU
		{F42C5D83-D50D-499C-BF05-B73666D60D85}.DebugStageHostStageSvcProdData|x86.Deploy.0 = Debug|Any CPU
		{F42C5D83-D50D-499C-BF05-B73666D60D85}.Droid|Any CPU.ActiveCfg = DebugApk|Any CPU
		{F42C5D83-D50D-499C-BF05-B73666D60D85}.Droid|Any CPU.Build.0 = DebugApk|Any CPU
		{F42C5D83-D50D-499C-BF05-B73666D60D85}.Droid|Any CPU.Deploy.0 = DebugApk|Any CPU
		{F42C5D83-D50D-499C-BF05-B73666D60D85}.Droid|ARM.ActiveCfg = DebugApk|Any CPU
		{F42C5D83-D50D-499C-BF05-B73666D60D85}.Droid|ARM.Build.0 = DebugApk|Any CPU
		{F42C5D83-D50D-499C-BF05-B73666D60D85}.Droid|ARM.Deploy.0 = DebugApk|Any CPU
		{F42C5D83-D50D-499C-BF05-B73666D60D85}.Droid|x64.ActiveCfg = DebugApk|Any CPU
		{F42C5D83-D50D-499C-BF05-B73666D60D85}.Droid|x64.Build.0 = DebugApk|Any CPU
		{F42C5D83-D50D-499C-BF05-B73666D60D85}.Droid|x64.Deploy.0 = DebugApk|Any CPU
		{F42C5D83-D50D-499C-BF05-B73666D60D85}.Droid|x86.ActiveCfg = DebugApk|Any CPU
		{F42C5D83-D50D-499C-BF05-B73666D60D85}.Droid|x86.Build.0 = DebugApk|Any CPU
		{F42C5D83-D50D-499C-BF05-B73666D60D85}.Droid|x86.Deploy.0 = DebugApk|Any CPU
		{F42C5D83-D50D-499C-BF05-B73666D60D85}.LocalDebug|Any CPU.ActiveCfg = Debug|Any CPU
		{F42C5D83-D50D-499C-BF05-B73666D60D85}.LocalDebug|Any CPU.Build.0 = Debug|Any CPU
		{F42C5D83-D50D-499C-BF05-B73666D60D85}.LocalDebug|Any CPU.Deploy.0 = Debug|Any CPU
		{F42C5D83-D50D-499C-BF05-B73666D60D85}.LocalDebug|ARM.ActiveCfg = Debug|Any CPU
		{F42C5D83-D50D-499C-BF05-B73666D60D85}.LocalDebug|ARM.Build.0 = Debug|Any CPU
		{F42C5D83-D50D-499C-BF05-B73666D60D85}.LocalDebug|ARM.Deploy.0 = Debug|Any CPU
		{F42C5D83-D50D-499C-BF05-B73666D60D85}.LocalDebug|x64.ActiveCfg = Debug|Any CPU
		{F42C5D83-D50D-499C-BF05-B73666D60D85}.LocalDebug|x64.Build.0 = Debug|Any CPU
		{F42C5D83-D50D-499C-BF05-B73666D60D85}.LocalDebug|x64.Deploy.0 = Debug|Any CPU
		{F42C5D83-D50D-499C-BF05-B73666D60D85}.LocalDebug|x86.ActiveCfg = Debug|Any CPU
		{F42C5D83-D50D-499C-BF05-B73666D60D85}.LocalDebug|x86.Build.0 = Debug|Any CPU
		{F42C5D83-D50D-499C-BF05-B73666D60D85}.LocalDebug|x86.Deploy.0 = Debug|Any CPU
		{F42C5D83-D50D-499C-BF05-B73666D60D85}.LocalStaging|Any CPU.ActiveCfg = Release|Any CPU
		{F42C5D83-D50D-499C-BF05-B73666D60D85}.LocalStaging|Any CPU.Build.0 = Release|Any CPU
		{F42C5D83-D50D-499C-BF05-B73666D60D85}.LocalStaging|Any CPU.Deploy.0 = Release|Any CPU
		{F42C5D83-D50D-499C-BF05-B73666D60D85}.LocalStaging|ARM.ActiveCfg = Release|Any CPU
		{F42C5D83-D50D-499C-BF05-B73666D60D85}.LocalStaging|ARM.Build.0 = Release|Any CPU
		{F42C5D83-D50D-499C-BF05-B73666D60D85}.LocalStaging|ARM.Deploy.0 = Release|Any CPU
		{F42C5D83-D50D-499C-BF05-B73666D60D85}.LocalStaging|x64.ActiveCfg = Release|Any CPU
		{F42C5D83-D50D-499C-BF05-B73666D60D85}.LocalStaging|x64.Build.0 = Release|Any CPU
		{F42C5D83-D50D-499C-BF05-B73666D60D85}.LocalStaging|x64.Deploy.0 = Release|Any CPU
		{F42C5D83-D50D-499C-BF05-B73666D60D85}.LocalStaging|x86.ActiveCfg = Release|Any CPU
		{F42C5D83-D50D-499C-BF05-B73666D60D85}.LocalStaging|x86.Build.0 = Release|Any CPU
		{F42C5D83-D50D-499C-BF05-B73666D60D85}.LocalStaging|x86.Deploy.0 = Release|Any CPU
		{F42C5D83-D50D-499C-BF05-B73666D60D85}.Release|Any CPU.ActiveCfg = Release|Any CPU
		{F42C5D83-D50D-499C-BF05-B73666D60D85}.Release|Any CPU.Build.0 = Release|Any CPU
		{F42C5D83-D50D-499C-BF05-B73666D60D85}.Release|Any CPU.Deploy.0 = Release|Any CPU
		{F42C5D83-D50D-499C-BF05-B73666D60D85}.Release|ARM.ActiveCfg = Release|Any CPU
		{F42C5D83-D50D-499C-BF05-B73666D60D85}.Release|ARM.Build.0 = Release|Any CPU
		{F42C5D83-D50D-499C-BF05-B73666D60D85}.Release|ARM.Deploy.0 = Release|Any CPU
		{F42C5D83-D50D-499C-BF05-B73666D60D85}.Release|x64.ActiveCfg = Release|Any CPU
		{F42C5D83-D50D-499C-BF05-B73666D60D85}.Release|x64.Build.0 = Release|Any CPU
		{F42C5D83-D50D-499C-BF05-B73666D60D85}.Release|x64.Deploy.0 = Release|Any CPU
		{F42C5D83-D50D-499C-BF05-B73666D60D85}.Release|x86.ActiveCfg = Release|Any CPU
		{F42C5D83-D50D-499C-BF05-B73666D60D85}.Release|x86.Build.0 = Release|Any CPU
		{F42C5D83-D50D-499C-BF05-B73666D60D85}.Release|x86.Deploy.0 = Release|Any CPU
		{F42C5D83-D50D-499C-BF05-B73666D60D85}.ReleaseStageHostStageSvcProdData|Any CPU.ActiveCfg = DebugApk|Any CPU
		{F42C5D83-D50D-499C-BF05-B73666D60D85}.ReleaseStageHostStageSvcProdData|Any CPU.Build.0 = DebugApk|Any CPU
		{F42C5D83-D50D-499C-BF05-B73666D60D85}.ReleaseStageHostStageSvcProdData|Any CPU.Deploy.0 = DebugApk|Any CPU
		{F42C5D83-D50D-499C-BF05-B73666D60D85}.ReleaseStageHostStageSvcProdData|ARM.ActiveCfg = Debug|Any CPU
		{F42C5D83-D50D-499C-BF05-B73666D60D85}.ReleaseStageHostStageSvcProdData|ARM.Build.0 = Debug|Any CPU
		{F42C5D83-D50D-499C-BF05-B73666D60D85}.ReleaseStageHostStageSvcProdData|ARM.Deploy.0 = Debug|Any CPU
		{F42C5D83-D50D-499C-BF05-B73666D60D85}.ReleaseStageHostStageSvcProdData|x64.ActiveCfg = Debug|Any CPU
		{F42C5D83-D50D-499C-BF05-B73666D60D85}.ReleaseStageHostStageSvcProdData|x64.Build.0 = Debug|Any CPU
		{F42C5D83-D50D-499C-BF05-B73666D60D85}.ReleaseStageHostStageSvcProdData|x64.Deploy.0 = Debug|Any CPU
		{F42C5D83-D50D-499C-BF05-B73666D60D85}.ReleaseStageHostStageSvcProdData|x86.ActiveCfg = Release|Any CPU
		{F42C5D83-D50D-499C-BF05-B73666D60D85}.ReleaseStageHostStageSvcProdData|x86.Build.0 = Release|Any CPU
		{F42C5D83-D50D-499C-BF05-B73666D60D85}.ReleaseStageHostStageSvcProdData|x86.Deploy.0 = Release|Any CPU
		{6FD0ED2F-1156-424E-B35C-1AB71345B726}.AzureRelease|Any CPU.ActiveCfg = Release|Any CPU
		{6FD0ED2F-1156-424E-B35C-1AB71345B726}.AzureRelease|Any CPU.Build.0 = Release|Any CPU
		{6FD0ED2F-1156-424E-B35C-1AB71345B726}.AzureRelease|ARM.ActiveCfg = Release|Any CPU
		{6FD0ED2F-1156-424E-B35C-1AB71345B726}.AzureRelease|ARM.Build.0 = Release|Any CPU
		{6FD0ED2F-1156-424E-B35C-1AB71345B726}.AzureRelease|x64.ActiveCfg = Release|Any CPU
		{6FD0ED2F-1156-424E-B35C-1AB71345B726}.AzureRelease|x64.Build.0 = Release|Any CPU
		{6FD0ED2F-1156-424E-B35C-1AB71345B726}.AzureRelease|x86.ActiveCfg = Release|Any CPU
		{6FD0ED2F-1156-424E-B35C-1AB71345B726}.AzureRelease|x86.Build.0 = Release|Any CPU
		{6FD0ED2F-1156-424E-B35C-1AB71345B726}.AzureStagingDebug|Any CPU.ActiveCfg = Debug|Any CPU
		{6FD0ED2F-1156-424E-B35C-1AB71345B726}.AzureStagingDebug|Any CPU.Build.0 = Debug|Any CPU
		{6FD0ED2F-1156-424E-B35C-1AB71345B726}.AzureStagingDebug|ARM.ActiveCfg = Debug|Any CPU
		{6FD0ED2F-1156-424E-B35C-1AB71345B726}.AzureStagingDebug|ARM.Build.0 = Debug|Any CPU
		{6FD0ED2F-1156-424E-B35C-1AB71345B726}.AzureStagingDebug|x64.ActiveCfg = Debug|Any CPU
		{6FD0ED2F-1156-424E-B35C-1AB71345B726}.AzureStagingDebug|x64.Build.0 = Debug|Any CPU
		{6FD0ED2F-1156-424E-B35C-1AB71345B726}.AzureStagingDebug|x86.ActiveCfg = Debug|Any CPU
		{6FD0ED2F-1156-424E-B35C-1AB71345B726}.AzureStagingDebug|x86.Build.0 = Debug|Any CPU
		{6FD0ED2F-1156-424E-B35C-1AB71345B726}.Debug|Any CPU.ActiveCfg = Debug|Any CPU
		{6FD0ED2F-1156-424E-B35C-1AB71345B726}.Debug|Any CPU.Build.0 = Debug|Any CPU
		{6FD0ED2F-1156-424E-B35C-1AB71345B726}.Debug|ARM.ActiveCfg = Debug|Any CPU
		{6FD0ED2F-1156-424E-B35C-1AB71345B726}.Debug|ARM.Build.0 = Debug|Any CPU
		{6FD0ED2F-1156-424E-B35C-1AB71345B726}.Debug|x64.ActiveCfg = Debug|Any CPU
		{6FD0ED2F-1156-424E-B35C-1AB71345B726}.Debug|x64.Build.0 = Debug|Any CPU
		{6FD0ED2F-1156-424E-B35C-1AB71345B726}.Debug|x86.ActiveCfg = Debug|Any CPU
		{6FD0ED2F-1156-424E-B35C-1AB71345B726}.Debug|x86.Build.0 = Debug|Any CPU
		{6FD0ED2F-1156-424E-B35C-1AB71345B726}.DebugLocalHostLocalSvcProdData|Any CPU.ActiveCfg = Debug|Any CPU
		{6FD0ED2F-1156-424E-B35C-1AB71345B726}.DebugLocalHostLocalSvcProdData|Any CPU.Build.0 = Debug|Any CPU
		{6FD0ED2F-1156-424E-B35C-1AB71345B726}.DebugLocalHostLocalSvcProdData|ARM.ActiveCfg = Debug|Any CPU
		{6FD0ED2F-1156-424E-B35C-1AB71345B726}.DebugLocalHostLocalSvcProdData|ARM.Build.0 = Debug|Any CPU
		{6FD0ED2F-1156-424E-B35C-1AB71345B726}.DebugLocalHostLocalSvcProdData|x64.ActiveCfg = Debug|Any CPU
		{6FD0ED2F-1156-424E-B35C-1AB71345B726}.DebugLocalHostLocalSvcProdData|x64.Build.0 = Debug|Any CPU
		{6FD0ED2F-1156-424E-B35C-1AB71345B726}.DebugLocalHostLocalSvcProdData|x86.ActiveCfg = Debug|Any CPU
		{6FD0ED2F-1156-424E-B35C-1AB71345B726}.DebugLocalHostLocalSvcProdData|x86.Build.0 = Debug|Any CPU
		{6FD0ED2F-1156-424E-B35C-1AB71345B726}.DebugStageHostStageSvcProdData|Any CPU.ActiveCfg = Debug|Any CPU
		{6FD0ED2F-1156-424E-B35C-1AB71345B726}.DebugStageHostStageSvcProdData|Any CPU.Build.0 = Debug|Any CPU
		{6FD0ED2F-1156-424E-B35C-1AB71345B726}.DebugStageHostStageSvcProdData|ARM.ActiveCfg = Debug|Any CPU
		{6FD0ED2F-1156-424E-B35C-1AB71345B726}.DebugStageHostStageSvcProdData|ARM.Build.0 = Debug|Any CPU
		{6FD0ED2F-1156-424E-B35C-1AB71345B726}.DebugStageHostStageSvcProdData|x64.ActiveCfg = Debug|Any CPU
		{6FD0ED2F-1156-424E-B35C-1AB71345B726}.DebugStageHostStageSvcProdData|x64.Build.0 = Debug|Any CPU
		{6FD0ED2F-1156-424E-B35C-1AB71345B726}.DebugStageHostStageSvcProdData|x86.ActiveCfg = Debug|Any CPU
		{6FD0ED2F-1156-424E-B35C-1AB71345B726}.DebugStageHostStageSvcProdData|x86.Build.0 = Debug|Any CPU
		{6FD0ED2F-1156-424E-B35C-1AB71345B726}.Droid|Any CPU.ActiveCfg = Debug|Any CPU
		{6FD0ED2F-1156-424E-B35C-1AB71345B726}.Droid|Any CPU.Build.0 = Debug|Any CPU
		{6FD0ED2F-1156-424E-B35C-1AB71345B726}.Droid|ARM.ActiveCfg = Debug|Any CPU
		{6FD0ED2F-1156-424E-B35C-1AB71345B726}.Droid|ARM.Build.0 = Debug|Any CPU
		{6FD0ED2F-1156-424E-B35C-1AB71345B726}.Droid|x64.ActiveCfg = Debug|Any CPU
		{6FD0ED2F-1156-424E-B35C-1AB71345B726}.Droid|x64.Build.0 = Debug|Any CPU
		{6FD0ED2F-1156-424E-B35C-1AB71345B726}.Droid|x86.ActiveCfg = Debug|Any CPU
		{6FD0ED2F-1156-424E-B35C-1AB71345B726}.Droid|x86.Build.0 = Debug|Any CPU
		{6FD0ED2F-1156-424E-B35C-1AB71345B726}.LocalDebug|Any CPU.ActiveCfg = Debug|Any CPU
		{6FD0ED2F-1156-424E-B35C-1AB71345B726}.LocalDebug|Any CPU.Build.0 = Debug|Any CPU
		{6FD0ED2F-1156-424E-B35C-1AB71345B726}.LocalDebug|ARM.ActiveCfg = Debug|Any CPU
		{6FD0ED2F-1156-424E-B35C-1AB71345B726}.LocalDebug|ARM.Build.0 = Debug|Any CPU
		{6FD0ED2F-1156-424E-B35C-1AB71345B726}.LocalDebug|x64.ActiveCfg = Debug|Any CPU
		{6FD0ED2F-1156-424E-B35C-1AB71345B726}.LocalDebug|x64.Build.0 = Debug|Any CPU
		{6FD0ED2F-1156-424E-B35C-1AB71345B726}.LocalDebug|x86.ActiveCfg = Debug|Any CPU
		{6FD0ED2F-1156-424E-B35C-1AB71345B726}.LocalDebug|x86.Build.0 = Debug|Any CPU
		{6FD0ED2F-1156-424E-B35C-1AB71345B726}.LocalStaging|Any CPU.ActiveCfg = Release|Any CPU
		{6FD0ED2F-1156-424E-B35C-1AB71345B726}.LocalStaging|Any CPU.Build.0 = Release|Any CPU
		{6FD0ED2F-1156-424E-B35C-1AB71345B726}.LocalStaging|ARM.ActiveCfg = Release|Any CPU
		{6FD0ED2F-1156-424E-B35C-1AB71345B726}.LocalStaging|ARM.Build.0 = Release|Any CPU
		{6FD0ED2F-1156-424E-B35C-1AB71345B726}.LocalStaging|x64.ActiveCfg = Release|Any CPU
		{6FD0ED2F-1156-424E-B35C-1AB71345B726}.LocalStaging|x64.Build.0 = Release|Any CPU
		{6FD0ED2F-1156-424E-B35C-1AB71345B726}.LocalStaging|x86.ActiveCfg = Release|Any CPU
		{6FD0ED2F-1156-424E-B35C-1AB71345B726}.LocalStaging|x86.Build.0 = Release|Any CPU
		{6FD0ED2F-1156-424E-B35C-1AB71345B726}.Release|Any CPU.ActiveCfg = Release|Any CPU
		{6FD0ED2F-1156-424E-B35C-1AB71345B726}.Release|Any CPU.Build.0 = Release|Any CPU
		{6FD0ED2F-1156-424E-B35C-1AB71345B726}.Release|ARM.ActiveCfg = Release|Any CPU
		{6FD0ED2F-1156-424E-B35C-1AB71345B726}.Release|ARM.Build.0 = Release|Any CPU
		{6FD0ED2F-1156-424E-B35C-1AB71345B726}.Release|x64.ActiveCfg = Release|Any CPU
		{6FD0ED2F-1156-424E-B35C-1AB71345B726}.Release|x64.Build.0 = Release|Any CPU
		{6FD0ED2F-1156-424E-B35C-1AB71345B726}.Release|x86.ActiveCfg = Release|Any CPU
		{6FD0ED2F-1156-424E-B35C-1AB71345B726}.Release|x86.Build.0 = Release|Any CPU
		{6FD0ED2F-1156-424E-B35C-1AB71345B726}.ReleaseStageHostStageSvcProdData|Any CPU.ActiveCfg = Debug|Any CPU
		{6FD0ED2F-1156-424E-B35C-1AB71345B726}.ReleaseStageHostStageSvcProdData|Any CPU.Build.0 = Debug|Any CPU
		{6FD0ED2F-1156-424E-B35C-1AB71345B726}.ReleaseStageHostStageSvcProdData|ARM.ActiveCfg = Debug|Any CPU
		{6FD0ED2F-1156-424E-B35C-1AB71345B726}.ReleaseStageHostStageSvcProdData|ARM.Build.0 = Debug|Any CPU
		{6FD0ED2F-1156-424E-B35C-1AB71345B726}.ReleaseStageHostStageSvcProdData|x64.ActiveCfg = Debug|Any CPU
		{6FD0ED2F-1156-424E-B35C-1AB71345B726}.ReleaseStageHostStageSvcProdData|x64.Build.0 = Debug|Any CPU
		{6FD0ED2F-1156-424E-B35C-1AB71345B726}.ReleaseStageHostStageSvcProdData|x86.ActiveCfg = Release|Any CPU
		{6FD0ED2F-1156-424E-B35C-1AB71345B726}.ReleaseStageHostStageSvcProdData|x86.Build.0 = Release|Any CPU
		{91D7AD8B-4646-435F-BA19-B1E089D74D41}.AzureRelease|Any CPU.ActiveCfg = Release|Any CPU
		{91D7AD8B-4646-435F-BA19-B1E089D74D41}.AzureRelease|Any CPU.Build.0 = Release|Any CPU
		{91D7AD8B-4646-435F-BA19-B1E089D74D41}.AzureRelease|ARM.ActiveCfg = Release|Any CPU
		{91D7AD8B-4646-435F-BA19-B1E089D74D41}.AzureRelease|ARM.Build.0 = Release|Any CPU
		{91D7AD8B-4646-435F-BA19-B1E089D74D41}.AzureRelease|x64.ActiveCfg = Release|Any CPU
		{91D7AD8B-4646-435F-BA19-B1E089D74D41}.AzureRelease|x64.Build.0 = Release|Any CPU
		{91D7AD8B-4646-435F-BA19-B1E089D74D41}.AzureRelease|x86.ActiveCfg = Release|Any CPU
		{91D7AD8B-4646-435F-BA19-B1E089D74D41}.AzureRelease|x86.Build.0 = Release|Any CPU
		{91D7AD8B-4646-435F-BA19-B1E089D74D41}.AzureStagingDebug|Any CPU.ActiveCfg = Debug|Any CPU
		{91D7AD8B-4646-435F-BA19-B1E089D74D41}.AzureStagingDebug|Any CPU.Build.0 = Debug|Any CPU
		{91D7AD8B-4646-435F-BA19-B1E089D74D41}.AzureStagingDebug|ARM.ActiveCfg = Debug|Any CPU
		{91D7AD8B-4646-435F-BA19-B1E089D74D41}.AzureStagingDebug|ARM.Build.0 = Debug|Any CPU
		{91D7AD8B-4646-435F-BA19-B1E089D74D41}.AzureStagingDebug|x64.ActiveCfg = Debug|Any CPU
		{91D7AD8B-4646-435F-BA19-B1E089D74D41}.AzureStagingDebug|x64.Build.0 = Debug|Any CPU
		{91D7AD8B-4646-435F-BA19-B1E089D74D41}.AzureStagingDebug|x86.ActiveCfg = Debug|Any CPU
		{91D7AD8B-4646-435F-BA19-B1E089D74D41}.AzureStagingDebug|x86.Build.0 = Debug|Any CPU
		{91D7AD8B-4646-435F-BA19-B1E089D74D41}.Debug|Any CPU.ActiveCfg = Debug|Any CPU
		{91D7AD8B-4646-435F-BA19-B1E089D74D41}.Debug|Any CPU.Build.0 = Debug|Any CPU
		{91D7AD8B-4646-435F-BA19-B1E089D74D41}.Debug|ARM.ActiveCfg = Debug|Any CPU
		{91D7AD8B-4646-435F-BA19-B1E089D74D41}.Debug|ARM.Build.0 = Debug|Any CPU
		{91D7AD8B-4646-435F-BA19-B1E089D74D41}.Debug|x64.ActiveCfg = Debug|Any CPU
		{91D7AD8B-4646-435F-BA19-B1E089D74D41}.Debug|x64.Build.0 = Debug|Any CPU
		{91D7AD8B-4646-435F-BA19-B1E089D74D41}.Debug|x86.ActiveCfg = Debug|Any CPU
		{91D7AD8B-4646-435F-BA19-B1E089D74D41}.Debug|x86.Build.0 = Debug|Any CPU
		{91D7AD8B-4646-435F-BA19-B1E089D74D41}.DebugLocalHostLocalSvcProdData|Any CPU.ActiveCfg = DebugStageHostStageSvcProdData|Any CPU
		{91D7AD8B-4646-435F-BA19-B1E089D74D41}.DebugLocalHostLocalSvcProdData|Any CPU.Build.0 = DebugStageHostStageSvcProdData|Any CPU
		{91D7AD8B-4646-435F-BA19-B1E089D74D41}.DebugLocalHostLocalSvcProdData|ARM.ActiveCfg = Debug|Any CPU
		{91D7AD8B-4646-435F-BA19-B1E089D74D41}.DebugLocalHostLocalSvcProdData|ARM.Build.0 = Debug|Any CPU
		{91D7AD8B-4646-435F-BA19-B1E089D74D41}.DebugLocalHostLocalSvcProdData|x64.ActiveCfg = DebugLocalHostLocalSvcProdData|Any CPU
		{91D7AD8B-4646-435F-BA19-B1E089D74D41}.DebugLocalHostLocalSvcProdData|x64.Build.0 = DebugLocalHostLocalSvcProdData|Any CPU
		{91D7AD8B-4646-435F-BA19-B1E089D74D41}.DebugLocalHostLocalSvcProdData|x86.ActiveCfg = DebugLocalHostLocalSvcProdData|Any CPU
		{91D7AD8B-4646-435F-BA19-B1E089D74D41}.DebugLocalHostLocalSvcProdData|x86.Build.0 = DebugLocalHostLocalSvcProdData|Any CPU
		{91D7AD8B-4646-435F-BA19-B1E089D74D41}.DebugStageHostStageSvcProdData|Any CPU.ActiveCfg = DebugStageHostStageSvcProdData|Any CPU
		{91D7AD8B-4646-435F-BA19-B1E089D74D41}.DebugStageHostStageSvcProdData|Any CPU.Build.0 = DebugStageHostStageSvcProdData|Any CPU
		{91D7AD8B-4646-435F-BA19-B1E089D74D41}.DebugStageHostStageSvcProdData|ARM.ActiveCfg = Debug|Any CPU
		{91D7AD8B-4646-435F-BA19-B1E089D74D41}.DebugStageHostStageSvcProdData|ARM.Build.0 = Debug|Any CPU
		{91D7AD8B-4646-435F-BA19-B1E089D74D41}.DebugStageHostStageSvcProdData|x64.ActiveCfg = Debug|Any CPU
		{91D7AD8B-4646-435F-BA19-B1E089D74D41}.DebugStageHostStageSvcProdData|x64.Build.0 = Debug|Any CPU
		{91D7AD8B-4646-435F-BA19-B1E089D74D41}.DebugStageHostStageSvcProdData|x86.ActiveCfg = Debug|Any CPU
		{91D7AD8B-4646-435F-BA19-B1E089D74D41}.DebugStageHostStageSvcProdData|x86.Build.0 = Debug|Any CPU
		{91D7AD8B-4646-435F-BA19-B1E089D74D41}.Droid|Any CPU.ActiveCfg = DebugLocalHostLocalSvcProdData|Any CPU
		{91D7AD8B-4646-435F-BA19-B1E089D74D41}.Droid|Any CPU.Build.0 = DebugLocalHostLocalSvcProdData|Any CPU
		{91D7AD8B-4646-435F-BA19-B1E089D74D41}.Droid|ARM.ActiveCfg = DebugLocalHostLocalSvcProdData|Any CPU
		{91D7AD8B-4646-435F-BA19-B1E089D74D41}.Droid|ARM.Build.0 = DebugLocalHostLocalSvcProdData|Any CPU
		{91D7AD8B-4646-435F-BA19-B1E089D74D41}.Droid|x64.ActiveCfg = DebugLocalHostLocalSvcProdData|Any CPU
		{91D7AD8B-4646-435F-BA19-B1E089D74D41}.Droid|x64.Build.0 = DebugLocalHostLocalSvcProdData|Any CPU
		{91D7AD8B-4646-435F-BA19-B1E089D74D41}.Droid|x86.ActiveCfg = DebugLocalHostLocalSvcProdData|Any CPU
		{91D7AD8B-4646-435F-BA19-B1E089D74D41}.Droid|x86.Build.0 = DebugLocalHostLocalSvcProdData|Any CPU
		{91D7AD8B-4646-435F-BA19-B1E089D74D41}.LocalDebug|Any CPU.ActiveCfg = Debug|Any CPU
		{91D7AD8B-4646-435F-BA19-B1E089D74D41}.LocalDebug|Any CPU.Build.0 = Debug|Any CPU
		{91D7AD8B-4646-435F-BA19-B1E089D74D41}.LocalDebug|ARM.ActiveCfg = Debug|Any CPU
		{91D7AD8B-4646-435F-BA19-B1E089D74D41}.LocalDebug|ARM.Build.0 = Debug|Any CPU
		{91D7AD8B-4646-435F-BA19-B1E089D74D41}.LocalDebug|x64.ActiveCfg = Debug|Any CPU
		{91D7AD8B-4646-435F-BA19-B1E089D74D41}.LocalDebug|x64.Build.0 = Debug|Any CPU
		{91D7AD8B-4646-435F-BA19-B1E089D74D41}.LocalDebug|x86.ActiveCfg = Debug|Any CPU
		{91D7AD8B-4646-435F-BA19-B1E089D74D41}.LocalDebug|x86.Build.0 = Debug|Any CPU
		{91D7AD8B-4646-435F-BA19-B1E089D74D41}.LocalStaging|Any CPU.ActiveCfg = Release|Any CPU
		{91D7AD8B-4646-435F-BA19-B1E089D74D41}.LocalStaging|Any CPU.Build.0 = Release|Any CPU
		{91D7AD8B-4646-435F-BA19-B1E089D74D41}.LocalStaging|ARM.ActiveCfg = Release|Any CPU
		{91D7AD8B-4646-435F-BA19-B1E089D74D41}.LocalStaging|ARM.Build.0 = Release|Any CPU
		{91D7AD8B-4646-435F-BA19-B1E089D74D41}.LocalStaging|x64.ActiveCfg = Release|Any CPU
		{91D7AD8B-4646-435F-BA19-B1E089D74D41}.LocalStaging|x64.Build.0 = Release|Any CPU
		{91D7AD8B-4646-435F-BA19-B1E089D74D41}.LocalStaging|x86.ActiveCfg = Release|Any CPU
		{91D7AD8B-4646-435F-BA19-B1E089D74D41}.LocalStaging|x86.Build.0 = Release|Any CPU
		{91D7AD8B-4646-435F-BA19-B1E089D74D41}.Release|Any CPU.ActiveCfg = Release|Any CPU
		{91D7AD8B-4646-435F-BA19-B1E089D74D41}.Release|Any CPU.Build.0 = Release|Any CPU
		{91D7AD8B-4646-435F-BA19-B1E089D74D41}.Release|ARM.ActiveCfg = Release|Any CPU
		{91D7AD8B-4646-435F-BA19-B1E089D74D41}.Release|ARM.Build.0 = Release|Any CPU
		{91D7AD8B-4646-435F-BA19-B1E089D74D41}.Release|x64.ActiveCfg = Release|Any CPU
		{91D7AD8B-4646-435F-BA19-B1E089D74D41}.Release|x64.Build.0 = Release|Any CPU
		{91D7AD8B-4646-435F-BA19-B1E089D74D41}.Release|x86.ActiveCfg = Release|Any CPU
		{91D7AD8B-4646-435F-BA19-B1E089D74D41}.Release|x86.Build.0 = Release|Any CPU
		{91D7AD8B-4646-435F-BA19-B1E089D74D41}.ReleaseStageHostStageSvcProdData|Any CPU.ActiveCfg = DebugStageHostStageSvcProdData|Any CPU
		{91D7AD8B-4646-435F-BA19-B1E089D74D41}.ReleaseStageHostStageSvcProdData|Any CPU.Build.0 = DebugStageHostStageSvcProdData|Any CPU
		{91D7AD8B-4646-435F-BA19-B1E089D74D41}.ReleaseStageHostStageSvcProdData|ARM.ActiveCfg = Debug|Any CPU
		{91D7AD8B-4646-435F-BA19-B1E089D74D41}.ReleaseStageHostStageSvcProdData|ARM.Build.0 = Debug|Any CPU
		{91D7AD8B-4646-435F-BA19-B1E089D74D41}.ReleaseStageHostStageSvcProdData|x64.ActiveCfg = Debug|Any CPU
		{91D7AD8B-4646-435F-BA19-B1E089D74D41}.ReleaseStageHostStageSvcProdData|x64.Build.0 = Debug|Any CPU
		{91D7AD8B-4646-435F-BA19-B1E089D74D41}.ReleaseStageHostStageSvcProdData|x86.ActiveCfg = Release|Any CPU
		{91D7AD8B-4646-435F-BA19-B1E089D74D41}.ReleaseStageHostStageSvcProdData|x86.Build.0 = Release|Any CPU
		{85C5DE2B-7D29-4744-9406-98858DBC5B33}.AzureRelease|Any CPU.ActiveCfg = Release|Any CPU
		{85C5DE2B-7D29-4744-9406-98858DBC5B33}.AzureRelease|Any CPU.Build.0 = Release|Any CPU
		{85C5DE2B-7D29-4744-9406-98858DBC5B33}.AzureRelease|ARM.ActiveCfg = Release|Any CPU
		{85C5DE2B-7D29-4744-9406-98858DBC5B33}.AzureRelease|ARM.Build.0 = Release|Any CPU
		{85C5DE2B-7D29-4744-9406-98858DBC5B33}.AzureRelease|x64.ActiveCfg = Release|Any CPU
		{85C5DE2B-7D29-4744-9406-98858DBC5B33}.AzureRelease|x64.Build.0 = Release|Any CPU
		{85C5DE2B-7D29-4744-9406-98858DBC5B33}.AzureRelease|x86.ActiveCfg = Release|Any CPU
		{85C5DE2B-7D29-4744-9406-98858DBC5B33}.AzureRelease|x86.Build.0 = Release|Any CPU
		{85C5DE2B-7D29-4744-9406-98858DBC5B33}.AzureStagingDebug|Any CPU.ActiveCfg = Debug|Any CPU
		{85C5DE2B-7D29-4744-9406-98858DBC5B33}.AzureStagingDebug|Any CPU.Build.0 = Debug|Any CPU
		{85C5DE2B-7D29-4744-9406-98858DBC5B33}.AzureStagingDebug|ARM.ActiveCfg = Debug|Any CPU
		{85C5DE2B-7D29-4744-9406-98858DBC5B33}.AzureStagingDebug|ARM.Build.0 = Debug|Any CPU
		{85C5DE2B-7D29-4744-9406-98858DBC5B33}.AzureStagingDebug|x64.ActiveCfg = Debug|Any CPU
		{85C5DE2B-7D29-4744-9406-98858DBC5B33}.AzureStagingDebug|x64.Build.0 = Debug|Any CPU
		{85C5DE2B-7D29-4744-9406-98858DBC5B33}.AzureStagingDebug|x86.ActiveCfg = Debug|Any CPU
		{85C5DE2B-7D29-4744-9406-98858DBC5B33}.AzureStagingDebug|x86.Build.0 = Debug|Any CPU
		{85C5DE2B-7D29-4744-9406-98858DBC5B33}.Debug|Any CPU.ActiveCfg = Debug|Any CPU
		{85C5DE2B-7D29-4744-9406-98858DBC5B33}.Debug|Any CPU.Build.0 = Debug|Any CPU
		{85C5DE2B-7D29-4744-9406-98858DBC5B33}.Debug|ARM.ActiveCfg = Debug|Any CPU
		{85C5DE2B-7D29-4744-9406-98858DBC5B33}.Debug|ARM.Build.0 = Debug|Any CPU
		{85C5DE2B-7D29-4744-9406-98858DBC5B33}.Debug|x64.ActiveCfg = Debug|Any CPU
		{85C5DE2B-7D29-4744-9406-98858DBC5B33}.Debug|x64.Build.0 = Debug|Any CPU
		{85C5DE2B-7D29-4744-9406-98858DBC5B33}.Debug|x86.ActiveCfg = Debug|Any CPU
		{85C5DE2B-7D29-4744-9406-98858DBC5B33}.Debug|x86.Build.0 = Debug|Any CPU
		{85C5DE2B-7D29-4744-9406-98858DBC5B33}.DebugLocalHostLocalSvcProdData|Any CPU.ActiveCfg = Debug|Any CPU
		{85C5DE2B-7D29-4744-9406-98858DBC5B33}.DebugLocalHostLocalSvcProdData|Any CPU.Build.0 = Debug|Any CPU
		{85C5DE2B-7D29-4744-9406-98858DBC5B33}.DebugLocalHostLocalSvcProdData|ARM.ActiveCfg = Debug|Any CPU
		{85C5DE2B-7D29-4744-9406-98858DBC5B33}.DebugLocalHostLocalSvcProdData|ARM.Build.0 = Debug|Any CPU
		{85C5DE2B-7D29-4744-9406-98858DBC5B33}.DebugLocalHostLocalSvcProdData|x64.ActiveCfg = Debug|Any CPU
		{85C5DE2B-7D29-4744-9406-98858DBC5B33}.DebugLocalHostLocalSvcProdData|x64.Build.0 = Debug|Any CPU
		{85C5DE2B-7D29-4744-9406-98858DBC5B33}.DebugLocalHostLocalSvcProdData|x86.ActiveCfg = Debug|Any CPU
		{85C5DE2B-7D29-4744-9406-98858DBC5B33}.DebugLocalHostLocalSvcProdData|x86.Build.0 = Debug|Any CPU
		{85C5DE2B-7D29-4744-9406-98858DBC5B33}.DebugStageHostStageSvcProdData|Any CPU.ActiveCfg = Debug|Any CPU
		{85C5DE2B-7D29-4744-9406-98858DBC5B33}.DebugStageHostStageSvcProdData|Any CPU.Build.0 = Debug|Any CPU
		{85C5DE2B-7D29-4744-9406-98858DBC5B33}.DebugStageHostStageSvcProdData|ARM.ActiveCfg = Debug|Any CPU
		{85C5DE2B-7D29-4744-9406-98858DBC5B33}.DebugStageHostStageSvcProdData|ARM.Build.0 = Debug|Any CPU
		{85C5DE2B-7D29-4744-9406-98858DBC5B33}.DebugStageHostStageSvcProdData|x64.ActiveCfg = Debug|Any CPU
		{85C5DE2B-7D29-4744-9406-98858DBC5B33}.DebugStageHostStageSvcProdData|x64.Build.0 = Debug|Any CPU
		{85C5DE2B-7D29-4744-9406-98858DBC5B33}.DebugStageHostStageSvcProdData|x86.ActiveCfg = Debug|Any CPU
		{85C5DE2B-7D29-4744-9406-98858DBC5B33}.DebugStageHostStageSvcProdData|x86.Build.0 = Debug|Any CPU
		{85C5DE2B-7D29-4744-9406-98858DBC5B33}.Droid|Any CPU.ActiveCfg = Debug|Any CPU
		{85C5DE2B-7D29-4744-9406-98858DBC5B33}.Droid|Any CPU.Build.0 = Debug|Any CPU
		{85C5DE2B-7D29-4744-9406-98858DBC5B33}.Droid|ARM.ActiveCfg = Debug|Any CPU
		{85C5DE2B-7D29-4744-9406-98858DBC5B33}.Droid|ARM.Build.0 = Debug|Any CPU
		{85C5DE2B-7D29-4744-9406-98858DBC5B33}.Droid|x64.ActiveCfg = Debug|Any CPU
		{85C5DE2B-7D29-4744-9406-98858DBC5B33}.Droid|x64.Build.0 = Debug|Any CPU
		{85C5DE2B-7D29-4744-9406-98858DBC5B33}.Droid|x86.ActiveCfg = Debug|Any CPU
		{85C5DE2B-7D29-4744-9406-98858DBC5B33}.Droid|x86.Build.0 = Debug|Any CPU
		{85C5DE2B-7D29-4744-9406-98858DBC5B33}.LocalDebug|Any CPU.ActiveCfg = Debug|Any CPU
		{85C5DE2B-7D29-4744-9406-98858DBC5B33}.LocalDebug|Any CPU.Build.0 = Debug|Any CPU
		{85C5DE2B-7D29-4744-9406-98858DBC5B33}.LocalDebug|ARM.ActiveCfg = Debug|Any CPU
		{85C5DE2B-7D29-4744-9406-98858DBC5B33}.LocalDebug|ARM.Build.0 = Debug|Any CPU
		{85C5DE2B-7D29-4744-9406-98858DBC5B33}.LocalDebug|x64.ActiveCfg = Debug|Any CPU
		{85C5DE2B-7D29-4744-9406-98858DBC5B33}.LocalDebug|x64.Build.0 = Debug|Any CPU
		{85C5DE2B-7D29-4744-9406-98858DBC5B33}.LocalDebug|x86.ActiveCfg = Debug|Any CPU
		{85C5DE2B-7D29-4744-9406-98858DBC5B33}.LocalDebug|x86.Build.0 = Debug|Any CPU
		{85C5DE2B-7D29-4744-9406-98858DBC5B33}.LocalStaging|Any CPU.ActiveCfg = Debug|Any CPU
		{85C5DE2B-7D29-4744-9406-98858DBC5B33}.LocalStaging|Any CPU.Build.0 = Debug|Any CPU
		{85C5DE2B-7D29-4744-9406-98858DBC5B33}.LocalStaging|ARM.ActiveCfg = Debug|Any CPU
		{85C5DE2B-7D29-4744-9406-98858DBC5B33}.LocalStaging|ARM.Build.0 = Debug|Any CPU
		{85C5DE2B-7D29-4744-9406-98858DBC5B33}.LocalStaging|x64.ActiveCfg = Debug|Any CPU
		{85C5DE2B-7D29-4744-9406-98858DBC5B33}.LocalStaging|x64.Build.0 = Debug|Any CPU
		{85C5DE2B-7D29-4744-9406-98858DBC5B33}.LocalStaging|x86.ActiveCfg = Debug|Any CPU
		{85C5DE2B-7D29-4744-9406-98858DBC5B33}.LocalStaging|x86.Build.0 = Debug|Any CPU
		{85C5DE2B-7D29-4744-9406-98858DBC5B33}.Release|Any CPU.ActiveCfg = Release|Any CPU
		{85C5DE2B-7D29-4744-9406-98858DBC5B33}.Release|Any CPU.Build.0 = Release|Any CPU
		{85C5DE2B-7D29-4744-9406-98858DBC5B33}.Release|ARM.ActiveCfg = Release|Any CPU
		{85C5DE2B-7D29-4744-9406-98858DBC5B33}.Release|ARM.Build.0 = Release|Any CPU
		{85C5DE2B-7D29-4744-9406-98858DBC5B33}.Release|x64.ActiveCfg = Release|Any CPU
		{85C5DE2B-7D29-4744-9406-98858DBC5B33}.Release|x64.Build.0 = Release|Any CPU
		{85C5DE2B-7D29-4744-9406-98858DBC5B33}.Release|x86.ActiveCfg = Release|Any CPU
		{85C5DE2B-7D29-4744-9406-98858DBC5B33}.Release|x86.Build.0 = Release|Any CPU
		{85C5DE2B-7D29-4744-9406-98858DBC5B33}.ReleaseStageHostStageSvcProdData|Any CPU.ActiveCfg = Debug|Any CPU
		{85C5DE2B-7D29-4744-9406-98858DBC5B33}.ReleaseStageHostStageSvcProdData|Any CPU.Build.0 = Debug|Any CPU
		{85C5DE2B-7D29-4744-9406-98858DBC5B33}.ReleaseStageHostStageSvcProdData|ARM.ActiveCfg = Debug|Any CPU
		{85C5DE2B-7D29-4744-9406-98858DBC5B33}.ReleaseStageHostStageSvcProdData|ARM.Build.0 = Debug|Any CPU
		{85C5DE2B-7D29-4744-9406-98858DBC5B33}.ReleaseStageHostStageSvcProdData|x64.ActiveCfg = Debug|Any CPU
		{85C5DE2B-7D29-4744-9406-98858DBC5B33}.ReleaseStageHostStageSvcProdData|x64.Build.0 = Debug|Any CPU
		{85C5DE2B-7D29-4744-9406-98858DBC5B33}.ReleaseStageHostStageSvcProdData|x86.ActiveCfg = Release|Any CPU
		{85C5DE2B-7D29-4744-9406-98858DBC5B33}.ReleaseStageHostStageSvcProdData|x86.Build.0 = Release|Any CPU
		{E57B6A49-44DF-4D70-97D1-8F8638A4E685}.AzureRelease|Any CPU.ActiveCfg = Release|Any CPU
		{E57B6A49-44DF-4D70-97D1-8F8638A4E685}.AzureRelease|Any CPU.Build.0 = Release|Any CPU
		{E57B6A49-44DF-4D70-97D1-8F8638A4E685}.AzureRelease|ARM.ActiveCfg = Release|Any CPU
		{E57B6A49-44DF-4D70-97D1-8F8638A4E685}.AzureRelease|ARM.Build.0 = Release|Any CPU
		{E57B6A49-44DF-4D70-97D1-8F8638A4E685}.AzureRelease|x64.ActiveCfg = Release|Any CPU
		{E57B6A49-44DF-4D70-97D1-8F8638A4E685}.AzureRelease|x64.Build.0 = Release|Any CPU
		{E57B6A49-44DF-4D70-97D1-8F8638A4E685}.AzureRelease|x86.ActiveCfg = Release|Any CPU
		{E57B6A49-44DF-4D70-97D1-8F8638A4E685}.AzureRelease|x86.Build.0 = Release|Any CPU
		{E57B6A49-44DF-4D70-97D1-8F8638A4E685}.AzureStagingDebug|Any CPU.ActiveCfg = Debug|Any CPU
		{E57B6A49-44DF-4D70-97D1-8F8638A4E685}.AzureStagingDebug|Any CPU.Build.0 = Debug|Any CPU
		{E57B6A49-44DF-4D70-97D1-8F8638A4E685}.AzureStagingDebug|ARM.ActiveCfg = Debug|Any CPU
		{E57B6A49-44DF-4D70-97D1-8F8638A4E685}.AzureStagingDebug|ARM.Build.0 = Debug|Any CPU
		{E57B6A49-44DF-4D70-97D1-8F8638A4E685}.AzureStagingDebug|x64.ActiveCfg = Debug|Any CPU
		{E57B6A49-44DF-4D70-97D1-8F8638A4E685}.AzureStagingDebug|x64.Build.0 = Debug|Any CPU
		{E57B6A49-44DF-4D70-97D1-8F8638A4E685}.AzureStagingDebug|x86.ActiveCfg = Debug|Any CPU
		{E57B6A49-44DF-4D70-97D1-8F8638A4E685}.AzureStagingDebug|x86.Build.0 = Debug|Any CPU
		{E57B6A49-44DF-4D70-97D1-8F8638A4E685}.Debug|Any CPU.ActiveCfg = Debug|Any CPU
		{E57B6A49-44DF-4D70-97D1-8F8638A4E685}.Debug|Any CPU.Build.0 = Debug|Any CPU
		{E57B6A49-44DF-4D70-97D1-8F8638A4E685}.Debug|ARM.ActiveCfg = Debug|Any CPU
		{E57B6A49-44DF-4D70-97D1-8F8638A4E685}.Debug|ARM.Build.0 = Debug|Any CPU
		{E57B6A49-44DF-4D70-97D1-8F8638A4E685}.Debug|x64.ActiveCfg = Debug|Any CPU
		{E57B6A49-44DF-4D70-97D1-8F8638A4E685}.Debug|x64.Build.0 = Debug|Any CPU
		{E57B6A49-44DF-4D70-97D1-8F8638A4E685}.Debug|x86.ActiveCfg = Debug|Any CPU
		{E57B6A49-44DF-4D70-97D1-8F8638A4E685}.Debug|x86.Build.0 = Debug|Any CPU
		{E57B6A49-44DF-4D70-97D1-8F8638A4E685}.DebugLocalHostLocalSvcProdData|Any CPU.ActiveCfg = Debug|Any CPU
		{E57B6A49-44DF-4D70-97D1-8F8638A4E685}.DebugLocalHostLocalSvcProdData|Any CPU.Build.0 = Debug|Any CPU
		{E57B6A49-44DF-4D70-97D1-8F8638A4E685}.DebugLocalHostLocalSvcProdData|ARM.ActiveCfg = Debug|Any CPU
		{E57B6A49-44DF-4D70-97D1-8F8638A4E685}.DebugLocalHostLocalSvcProdData|ARM.Build.0 = Debug|Any CPU
		{E57B6A49-44DF-4D70-97D1-8F8638A4E685}.DebugLocalHostLocalSvcProdData|x64.ActiveCfg = Debug|Any CPU
		{E57B6A49-44DF-4D70-97D1-8F8638A4E685}.DebugLocalHostLocalSvcProdData|x64.Build.0 = Debug|Any CPU
		{E57B6A49-44DF-4D70-97D1-8F8638A4E685}.DebugLocalHostLocalSvcProdData|x86.ActiveCfg = Debug|Any CPU
		{E57B6A49-44DF-4D70-97D1-8F8638A4E685}.DebugLocalHostLocalSvcProdData|x86.Build.0 = Debug|Any CPU
		{E57B6A49-44DF-4D70-97D1-8F8638A4E685}.DebugStageHostStageSvcProdData|Any CPU.ActiveCfg = Debug|Any CPU
		{E57B6A49-44DF-4D70-97D1-8F8638A4E685}.DebugStageHostStageSvcProdData|Any CPU.Build.0 = Debug|Any CPU
		{E57B6A49-44DF-4D70-97D1-8F8638A4E685}.DebugStageHostStageSvcProdData|ARM.ActiveCfg = Debug|Any CPU
		{E57B6A49-44DF-4D70-97D1-8F8638A4E685}.DebugStageHostStageSvcProdData|ARM.Build.0 = Debug|Any CPU
		{E57B6A49-44DF-4D70-97D1-8F8638A4E685}.DebugStageHostStageSvcProdData|x64.ActiveCfg = Debug|Any CPU
		{E57B6A49-44DF-4D70-97D1-8F8638A4E685}.DebugStageHostStageSvcProdData|x64.Build.0 = Debug|Any CPU
		{E57B6A49-44DF-4D70-97D1-8F8638A4E685}.DebugStageHostStageSvcProdData|x86.ActiveCfg = Debug|Any CPU
		{E57B6A49-44DF-4D70-97D1-8F8638A4E685}.DebugStageHostStageSvcProdData|x86.Build.0 = Debug|Any CPU
		{E57B6A49-44DF-4D70-97D1-8F8638A4E685}.Droid|Any CPU.ActiveCfg = Debug|Any CPU
		{E57B6A49-44DF-4D70-97D1-8F8638A4E685}.Droid|Any CPU.Build.0 = Debug|Any CPU
		{E57B6A49-44DF-4D70-97D1-8F8638A4E685}.Droid|ARM.ActiveCfg = Debug|Any CPU
		{E57B6A49-44DF-4D70-97D1-8F8638A4E685}.Droid|ARM.Build.0 = Debug|Any CPU
		{E57B6A49-44DF-4D70-97D1-8F8638A4E685}.Droid|x64.ActiveCfg = Debug|Any CPU
		{E57B6A49-44DF-4D70-97D1-8F8638A4E685}.Droid|x64.Build.0 = Debug|Any CPU
		{E57B6A49-44DF-4D70-97D1-8F8638A4E685}.Droid|x86.ActiveCfg = Debug|Any CPU
		{E57B6A49-44DF-4D70-97D1-8F8638A4E685}.Droid|x86.Build.0 = Debug|Any CPU
		{E57B6A49-44DF-4D70-97D1-8F8638A4E685}.LocalDebug|Any CPU.ActiveCfg = Debug|Any CPU
		{E57B6A49-44DF-4D70-97D1-8F8638A4E685}.LocalDebug|Any CPU.Build.0 = Debug|Any CPU
		{E57B6A49-44DF-4D70-97D1-8F8638A4E685}.LocalDebug|ARM.ActiveCfg = Debug|Any CPU
		{E57B6A49-44DF-4D70-97D1-8F8638A4E685}.LocalDebug|ARM.Build.0 = Debug|Any CPU
		{E57B6A49-44DF-4D70-97D1-8F8638A4E685}.LocalDebug|x64.ActiveCfg = Debug|Any CPU
		{E57B6A49-44DF-4D70-97D1-8F8638A4E685}.LocalDebug|x64.Build.0 = Debug|Any CPU
		{E57B6A49-44DF-4D70-97D1-8F8638A4E685}.LocalDebug|x86.ActiveCfg = Debug|Any CPU
		{E57B6A49-44DF-4D70-97D1-8F8638A4E685}.LocalDebug|x86.Build.0 = Debug|Any CPU
		{E57B6A49-44DF-4D70-97D1-8F8638A4E685}.LocalStaging|Any CPU.ActiveCfg = Release|Any CPU
		{E57B6A49-44DF-4D70-97D1-8F8638A4E685}.LocalStaging|Any CPU.Build.0 = Release|Any CPU
		{E57B6A49-44DF-4D70-97D1-8F8638A4E685}.LocalStaging|ARM.ActiveCfg = Release|Any CPU
		{E57B6A49-44DF-4D70-97D1-8F8638A4E685}.LocalStaging|ARM.Build.0 = Release|Any CPU
		{E57B6A49-44DF-4D70-97D1-8F8638A4E685}.LocalStaging|x64.ActiveCfg = Release|Any CPU
		{E57B6A49-44DF-4D70-97D1-8F8638A4E685}.LocalStaging|x64.Build.0 = Release|Any CPU
		{E57B6A49-44DF-4D70-97D1-8F8638A4E685}.LocalStaging|x86.ActiveCfg = Release|Any CPU
		{E57B6A49-44DF-4D70-97D1-8F8638A4E685}.LocalStaging|x86.Build.0 = Release|Any CPU
		{E57B6A49-44DF-4D70-97D1-8F8638A4E685}.Release|Any CPU.ActiveCfg = Release|Any CPU
		{E57B6A49-44DF-4D70-97D1-8F8638A4E685}.Release|Any CPU.Build.0 = Release|Any CPU
		{E57B6A49-44DF-4D70-97D1-8F8638A4E685}.Release|ARM.ActiveCfg = Release|Any CPU
		{E57B6A49-44DF-4D70-97D1-8F8638A4E685}.Release|ARM.Build.0 = Release|Any CPU
		{E57B6A49-44DF-4D70-97D1-8F8638A4E685}.Release|x64.ActiveCfg = Release|Any CPU
		{E57B6A49-44DF-4D70-97D1-8F8638A4E685}.Release|x64.Build.0 = Release|Any CPU
		{E57B6A49-44DF-4D70-97D1-8F8638A4E685}.Release|x86.ActiveCfg = Release|Any CPU
		{E57B6A49-44DF-4D70-97D1-8F8638A4E685}.Release|x86.Build.0 = Release|Any CPU
		{E57B6A49-44DF-4D70-97D1-8F8638A4E685}.ReleaseStageHostStageSvcProdData|Any CPU.ActiveCfg = Debug|Any CPU
		{E57B6A49-44DF-4D70-97D1-8F8638A4E685}.ReleaseStageHostStageSvcProdData|Any CPU.Build.0 = Debug|Any CPU
		{E57B6A49-44DF-4D70-97D1-8F8638A4E685}.ReleaseStageHostStageSvcProdData|ARM.ActiveCfg = Debug|Any CPU
		{E57B6A49-44DF-4D70-97D1-8F8638A4E685}.ReleaseStageHostStageSvcProdData|ARM.Build.0 = Debug|Any CPU
		{E57B6A49-44DF-4D70-97D1-8F8638A4E685}.ReleaseStageHostStageSvcProdData|x64.ActiveCfg = Debug|Any CPU
		{E57B6A49-44DF-4D70-97D1-8F8638A4E685}.ReleaseStageHostStageSvcProdData|x64.Build.0 = Debug|Any CPU
		{E57B6A49-44DF-4D70-97D1-8F8638A4E685}.ReleaseStageHostStageSvcProdData|x86.ActiveCfg = Release|Any CPU
		{E57B6A49-44DF-4D70-97D1-8F8638A4E685}.ReleaseStageHostStageSvcProdData|x86.Build.0 = Release|Any CPU
	EndGlobalSection
	GlobalSection(SolutionProperties) = preSolution
		HideSolutionNode = FALSE
	EndGlobalSection
	GlobalSection(NestedProjects) = preSolution
		{C4B60C66-BAC6-4CDD-A40C-6917B56A7889} = {6430A3F6-293B-47DD-8348-CD45AB493E6D}
		{BEB10E52-5010-496D-8082-8B96F4F03ECA} = {6430A3F6-293B-47DD-8348-CD45AB493E6D}
		{F42C5D83-D50D-499C-BF05-B73666D60D85} = {6430A3F6-293B-47DD-8348-CD45AB493E6D}
		{6FD0ED2F-1156-424E-B35C-1AB71345B726} = {6430A3F6-293B-47DD-8348-CD45AB493E6D}
		{91D7AD8B-4646-435F-BA19-B1E089D74D41} = {4517830F-4898-40D5-8447-720D70EE8568}
		{85C5DE2B-7D29-4744-9406-98858DBC5B33} = {B8E8A0B3-8914-4784-A820-A9D362E13A6E}
		{E57B6A49-44DF-4D70-97D1-8F8638A4E685} = {4517830F-4898-40D5-8447-720D70EE8568}
	EndGlobalSection
	GlobalSection(ExtensibilityGlobals) = postSolution
		SolutionGuid = {ECFC77F9-77CD-446D-824B-33F5C43C3899}
	EndGlobalSection
EndGlobal
